// !$*UTF8*$!
{
	archiveVersion = 1;
	classes = {
	};
	objectVersion = 50;
	objects = {

/* Begin PBXBuildFile section */
		5596222522438875003EF84F /* HBLoginAccoutCheckView.m in Sources */ = {isa = PBXBuildFile; fileRef = 5596222222438874003EF84F /* HBLoginAccoutCheckView.m */; };
		5596222622438875003EF84F /* HBConditionalDetailController.m in Sources */ = {isa = PBXBuildFile; fileRef = 5596222322438874003EF84F /* HBConditionalDetailController.m */; };
		5596222722438875003EF84F /* HBConditionalRouterModel.m in Sources */ = {isa = PBXBuildFile; fileRef = 5596222422438875003EF84F /* HBConditionalRouterModel.m */; };
		55B2BAA8222F914B00900956 /* AppDelegate.m in Sources */ = {isa = PBXBuildFile; fileRef = 55B2BAA7222F914B00900956 /* AppDelegate.m */; };
		55B2BAAB222F914B00900956 /* ViewController.m in Sources */ = {isa = PBXBuildFile; fileRef = 55B2BAAA222F914B00900956 /* ViewController.m */; };
		55B2BAAE222F914B00900956 /* Main.storyboard in Resources */ = {isa = PBXBuildFile; fileRef = 55B2BAAC222F914B00900956 /* Main.storyboard */; };
		55B2BAB0222F914C00900956 /* Assets.xcassets in Resources */ = {isa = PBXBuildFile; fileRef = 55B2BAAF222F914C00900956 /* Assets.xcassets */; };
		55B2BAB3222F914C00900956 /* LaunchScreen.storyboard in Resources */ = {isa = PBXBuildFile; fileRef = 55B2BAB1222F914C00900956 /* LaunchScreen.storyboard */; };
		55B2BAB6222F914C00900956 /* main.m in Sources */ = {isa = PBXBuildFile; fileRef = 55B2BAB5222F914C00900956 /* main.m */; };
		55B2BABF222FD7B700900956 /* NSURLRequestGat.m in Sources */ = {isa = PBXBuildFile; fileRef = 55B2BABE222FD7B700900956 /* NSURLRequestGat.m */; };
		55B2BAC2222FD7CF00900956 /* NSMutableURLRequestPost.m in Sources */ = {isa = PBXBuildFile; fileRef = 55B2BAC1222FD7CF00900956 /* NSMutableURLRequestPost.m */; };
		55B2BAC5222FD9A500900956 /* NetWorkElement.m in Sources */ = {isa = PBXBuildFile; fileRef = 55B2BAC4222FD9A500900956 /* NetWorkElement.m */; };
		55B2BACC222FDA0F00900956 /* NetWork.m in Sources */ = {isa = PBXBuildFile; fileRef = 55B2BACB222FDA0F00900956 /* NetWork.m */; };
/* End PBXBuildFile section */

/* Begin PBXFileReference section */
		5596222122438874003EF84F /* HBConditionalDetailController.h */ = {isa = PBXFileReference; fileEncoding = 4; lastKnownFileType = sourcecode.c.h; path = HBConditionalDetailController.h; sourceTree = "<group>"; };
		5596222222438874003EF84F /* HBLoginAccoutCheckView.m */ = {isa = PBXFileReference; fileEncoding = 4; lastKnownFileType = sourcecode.c.objc; path = HBLoginAccoutCheckView.m; sourceTree = "<group>"; };
		5596222322438874003EF84F /* HBConditionalDetailController.m */ = {isa = PBXFileReference; fileEncoding = 4; lastKnownFileType = sourcecode.c.objc; path = HBConditionalDetailController.m; sourceTree = "<group>"; };
		5596222422438875003EF84F /* HBConditionalRouterModel.m */ = {isa = PBXFileReference; fileEncoding = 4; lastKnownFileType = sourcecode.c.objc; path = HBConditionalRouterModel.m; sourceTree = "<group>"; };
		55B2BAA3222F914B00900956 /* 11111.app */ = {isa = PBXFileReference; explicitFileType = wrapper.application; includeInIndex = 0; path = 11111.app; sourceTree = BUILT_PRODUCTS_DIR; };
		55B2BAA6222F914B00900956 /* AppDelegate.h */ = {isa = PBXFileReference; lastKnownFileType = sourcecode.c.h; path = AppDelegate.h; sourceTree = "<group>"; };
		55B2BAA7222F914B00900956 /* AppDelegate.m */ = {isa = PBXFileReference; lastKnownFileType = sourcecode.c.objc; path = AppDelegate.m; sourceTree = "<group>"; };
		55B2BAA9222F914B00900956 /* ViewController.h */ = {isa = PBXFileReference; lastKnownFileType = sourcecode.c.h; path = ViewController.h; sourceTree = "<group>"; };
		55B2BAAA222F914B00900956 /* ViewController.m */ = {isa = PBXFileReference; lastKnownFileType = sourcecode.c.objc; path = ViewController.m; sourceTree = "<group>"; };
		55B2BAAD222F914B00900956 /* Base */ = {isa = PBXFileReference; lastKnownFileType = file.storyboard; name = Base; path = Base.lproj/Main.storyboard; sourceTree = "<group>"; };
		55B2BAAF222F914C00900956 /* Assets.xcassets */ = {isa = PBXFileReference; lastKnownFileType = folder.assetcatalog; path = Assets.xcassets; sourceTree = "<group>"; };
		55B2BAB2222F914C00900956 /* Base */ = {isa = PBXFileReference; lastKnownFileType = file.storyboard; name = Base; path = Base.lproj/LaunchScreen.storyboard; sourceTree = "<group>"; };
		55B2BAB4222F914C00900956 /* Info.plist */ = {isa = PBXFileReference; lastKnownFileType = text.plist.xml; path = Info.plist; sourceTree = "<group>"; };
		55B2BAB5222F914C00900956 /* main.m */ = {isa = PBXFileReference; lastKnownFileType = sourcecode.c.objc; path = main.m; sourceTree = "<group>"; };
		55B2BABD222FD7B700900956 /* NSURLRequestGat.h */ = {isa = PBXFileReference; lastKnownFileType = sourcecode.c.h; path = NSURLRequestGat.h; sourceTree = "<group>"; };
		55B2BABE222FD7B700900956 /* NSURLRequestGat.m */ = {isa = PBXFileReference; lastKnownFileType = sourcecode.c.objc; path = NSURLRequestGat.m; sourceTree = "<group>"; };
		55B2BAC0222FD7CF00900956 /* NSMutableURLRequestPost.h */ = {isa = PBXFileReference; lastKnownFileType = sourcecode.c.h; path = NSMutableURLRequestPost.h; sourceTree = "<group>"; };
		55B2BAC1222FD7CF00900956 /* NSMutableURLRequestPost.m */ = {isa = PBXFileReference; lastKnownFileType = sourcecode.c.objc; path = NSMutableURLRequestPost.m; sourceTree = "<group>"; };
		55B2BAC3222FD9A500900956 /* NetWorkElement.h */ = {isa = PBXFileReference; lastKnownFileType = sourcecode.c.h; path = NetWorkElement.h; sourceTree = "<group>"; };
		55B2BAC4222FD9A500900956 /* NetWorkElement.m */ = {isa = PBXFileReference; lastKnownFileType = sourcecode.c.objc; path = NetWorkElement.m; sourceTree = "<group>"; };
		55B2BACA222FDA0F00900956 /* NetWork.h */ = {isa = PBXFileReference; lastKnownFileType = sourcecode.c.h; path = NetWork.h; sourceTree = "<group>"; };
		55B2BACB222FDA0F00900956 /* NetWork.m */ = {isa = PBXFileReference; lastKnownFileType = sourcecode.c.objc; path = NetWork.m; sourceTree = "<group>"; };
/* End PBXFileReference section */

/* Begin PBXFrameworksBuildPhase section */
		55B2BAA0222F914B00900956 /* Frameworks */ = {
			isa = PBXFrameworksBuildPhase;
			buildActionMask = 2147483647;
			files = (
			);
			runOnlyForDeploymentPostprocessing = 0;
		};
/* End PBXFrameworksBuildPhase section */

/* Begin PBXGroup section */
		55B2BA9A222F914B00900956 = {
			isa = PBXGroup;
			children = (
				55B2BAA5222F914B00900956 /* 11111 */,
				55B2BAA4222F914B00900956 /* Products */,
			);
			sourceTree = "<group>";
		};
		55B2BAA4222F914B00900956 /* Products */ = {
			isa = PBXGroup;
			children = (
				55B2BAA3222F914B00900956 /* 11111.app */,
			);
			name = Products;
			sourceTree = "<group>";
		};
		55B2BAA5222F914B00900956 /* 11111 */ = {
			isa = PBXGroup;
			children = (
				55B2BAC7222FD9B800900956 /* 1NetWork */,
				55B2BAC6222FD9B100900956 /* 2NetWorkElement */,
				55B2BAC8222FD9D900900956 /* 3NetWorkPlan */,
				55B2BAA6222F914B00900956 /* AppDelegate.h */,
				55B2BAA7222F914B00900956 /* AppDelegate.m */,
				55B2BAAF222F914C00900956 /* Assets.xcassets */,
				55B2BAB4222F914C00900956 /* Info.plist */,
				55B2BAB1222F914C00900956 /* LaunchScreen.storyboard */,
				55B2BAB5222F914C00900956 /* main.m */,
				55B2BAAC222F914B00900956 /* Main.storyboard */,
				55B2BAA9222F914B00900956 /* ViewController.h */,
				55B2BAAA222F914B00900956 /* ViewController.m */,
			);
			path = 11111;
			sourceTree = "<group>";
		};
		55B2BABC222FD79700900956 /* NSURLConnection */ = {
			isa = PBXGroup;
			children = (
				55B2BABD222FD7B700900956 /* NSURLRequestGat.h */,
				55B2BABE222FD7B700900956 /* NSURLRequestGat.m */,
				55B2BAC0222FD7CF00900956 /* NSMutableURLRequestPost.h */,
				55B2BAC1222FD7CF00900956 /* NSMutableURLRequestPost.m */,
			);
			path = NSURLConnection;
			sourceTree = "<group>";
		};
		55B2BAC6222FD9B100900956 /* 2NetWorkElement */ = {
			isa = PBXGroup;
			children = (
				55B2BAC3222FD9A500900956 /* NetWorkElement.h */,
				55B2BAC4222FD9A500900956 /* NetWorkElement.m */,
			);
			path = 2NetWorkElement;
			sourceTree = "<group>";
		};
		55B2BAC7222FD9B800900956 /* 1NetWork */ = {
			isa = PBXGroup;
			children = (
				5596222122438874003EF84F /* HBConditionalDetailController.h */,
				5596222322438874003EF84F /* HBConditionalDetailController.m */,
				5596222422438875003EF84F /* HBConditionalRouterModel.m */,
				5596222222438874003EF84F /* HBLoginAccoutCheckView.m */,
				55B2BACA222FDA0F00900956 /* NetWork.h */,
				55B2BACB222FDA0F00900956 /* NetWork.m */,
			);
			path = 1NetWork;
			sourceTree = "<group>";
		};
		55B2BAC8222FD9D900900956 /* 3NetWorkPlan */ = {
			isa = PBXGroup;
			children = (
				55B2BABC222FD79700900956 /* NSURLConnection */,
			);
			path = 3NetWorkPlan;
			sourceTree = "<group>";
		};
/* End PBXGroup section */

/* Begin PBXNativeTarget section */
		55B2BAA2222F914B00900956 /* 11111 */ = {
			isa = PBXNativeTarget;
			buildConfigurationList = 55B2BAB9222F914C00900956 /* Build configuration list for PBXNativeTarget "11111" */;
			buildPhases = (
				55B2BA9F222F914B00900956 /* Sources */,
				55B2BAA0222F914B00900956 /* Frameworks */,
				55B2BAA1222F914B00900956 /* Resources */,
			);
			buildRules = (
			);
			dependencies = (
			);
			name = 11111;
			productName = 11111;
			productReference = 55B2BAA3222F914B00900956 /* 11111.app */;
			productType = "com.apple.product-type.application";
		};
/* End PBXNativeTarget section */

/* Begin PBXProject section */
		55B2BA9B222F914B00900956 /* Project object */ = {
			isa = PBXProject;
			attributes = {
				LastUpgradeCheck = 0930;
				ORGANIZATIONNAME = Touker;
				TargetAttributes = {
					55B2BAA2222F914B00900956 = {
						CreatedOnToolsVersion = 9.3.1;
					};
				};
			};
			buildConfigurationList = 55B2BA9E222F914B00900956 /* Build configuration list for PBXProject "11111" */;
			compatibilityVersion = "Xcode 9.3";
			developmentRegion = en;
			hasScannedForEncodings = 0;
			knownRegions = (
				en,
				Base,
			);
			mainGroup = 55B2BA9A222F914B00900956;
			productRefGroup = 55B2BAA4222F914B00900956 /* Products */;
			projectDirPath = "";
			projectRoot = "";
			targets = (
				55B2BAA2222F914B00900956 /* 11111 */,
			);
		};
/* End PBXProject section */

/* Begin PBXResourcesBuildPhase section */
		55B2BAA1222F914B00900956 /* Resources */ = {
			isa = PBXResourcesBuildPhase;
			buildActionMask = 2147483647;
			files = (
				55B2BAB3222F914C00900956 /* LaunchScreen.storyboard in Resources */,
				55B2BAB0222F914C00900956 /* Assets.xcassets in Resources */,
				55B2BAAE222F914B00900956 /* Main.storyboard in Resources */,
			);
			runOnlyForDeploymentPostprocessing = 0;
		};
/* End PBXResourcesBuildPhase section */

/* Begin PBXSourcesBuildPhase section */
		55B2BA9F222F914B00900956 /* Sources */ = {
			isa = PBXSourcesBuildPhase;
			buildActionMask = 2147483647;
			files = (
				55B2BAC2222FD7CF00900956 /* NSMutableURLRequestPost.m in Sources */,
				5596222722438875003EF84F /* HBConditionalRouterModel.m in Sources */,
				55B2BACC222FDA0F00900956 /* NetWork.m in Sources */,
				55B2BAAB222F914B00900956 /* ViewController.m in Sources */,
				5596222622438875003EF84F /* HBConditionalDetailController.m in Sources */,
				55B2BABF222FD7B700900956 /* NSURLRequestGat.m in Sources */,
				55B2BAB6222F914C00900956 /* main.m in Sources */,
				55B2BAA8222F914B00900956 /* AppDelegate.m in Sources */,
				5596222522438875003EF84F /* HBLoginAccoutCheckView.m in Sources */,
				55B2BAC5222FD9A500900956 /* NetWorkElement.m in Sources */,
			);
			runOnlyForDeploymentPostprocessing = 0;
		};
/* End PBXSourcesBuildPhase section */

/* Begin PBXVariantGroup section */
		55B2BAAC222F914B00900956 /* Main.storyboard */ = {
			isa = PBXVariantGroup;
			children = (
				55B2BAAD222F914B00900956 /* Base */,
			);
			name = Main.storyboard;
			sourceTree = "<group>";
		};
		55B2BAB1222F914C00900956 /* LaunchScreen.storyboard */ = {
			isa = PBXVariantGroup;
			children = (
				55B2BAB2222F914C00900956 /* Base */,
			);
			name = LaunchScreen.storyboard;
			sourceTree = "<group>";
		};
/* End PBXVariantGroup section */

/* Begin XCBuildConfiguration section */
		55B2BAB7222F914C00900956 /* Debug */ = {
			isa = XCBuildConfiguration;
			buildSettings = {
				ALWAYS_SEARCH_USER_PATHS = NO;
				CLANG_ANALYZER_NONNULL = YES;
				CLANG_ANALYZER_NUMBER_OBJECT_CONVERSION = YES_AGGRESSIVE;
				CLANG_CXX_LANGUAGE_STANDARD = "gnu++14";
				CLANG_CXX_LIBRARY = "libc++";
				CLANG_ENABLE_MODULES = YES;
				CLANG_ENABLE_OBJC_ARC = YES;
				CLANG_ENABLE_OBJC_WEAK = YES;
				CLANG_WARN_BLOCK_CAPTURE_AUTORELEASING = YES;
				CLANG_WARN_BOOL_CONVERSION = YES;
				CLANG_WARN_COMMA = YES;
				CLANG_WARN_CONSTANT_CONVERSION = YES;
				CLANG_WARN_DEPRECATED_OBJC_IMPLEMENTATIONS = YES;
				CLANG_WARN_DIRECT_OBJC_ISA_USAGE = YES_ERROR;
				CLANG_WARN_DOCUMENTATION_COMMENTS = YES;
				CLANG_WARN_EMPTY_BODY = YES;
				CLANG_WARN_ENUM_CONVERSION = YES;
				CLANG_WARN_INFINITE_RECURSION = YES;
				CLANG_WARN_INT_CONVERSION = YES;
				CLANG_WARN_NON_LITERAL_NULL_CONVERSION = YES;
				CLANG_WARN_OBJC_IMPLICIT_RETAIN_SELF = YES;
				CLANG_WARN_OBJC_LITERAL_CONVERSION = YES;
				CLANG_WARN_OBJC_ROOT_CLASS = YES_ERROR;
				CLANG_WARN_RANGE_LOOP_ANALYSIS = YES;
				CLANG_WARN_STRICT_PROTOTYPES = YES;
				CLANG_WARN_SUSPICIOUS_MOVE = YES;
				CLANG_WARN_UNGUARDED_AVAILABILITY = YES_AGGRESSIVE;
				CLANG_WARN_UNREACHABLE_CODE = YES;
				CLANG_WARN__DUPLICATE_METHOD_MATCH = YES;
				CODE_SIGN_IDENTITY = "iPhone Developer";
				COPY_PHASE_STRIP = NO;
				DEBUG_INFORMATION_FORMAT = dwarf;
				ENABLE_STRICT_OBJC_MSGSEND = YES;
				ENABLE_TESTABILITY = YES;
				GCC_C_LANGUAGE_STANDARD = gnu11;
				GCC_DYNAMIC_NO_PIC = NO;
				GCC_NO_COMMON_BLOCKS = YES;
				GCC_OPTIMIZATION_LEVEL = 0;
				GCC_PREPROCESSOR_DEFINITIONS = (
					"DEBUG=1",
					"$(inherited)",
				);
				GCC_WARN_64_TO_32_BIT_CONVERSION = YES;
				GCC_WARN_ABOUT_RETURN_TYPE = YES_ERROR;
				GCC_WARN_UNDECLARED_SELECTOR = YES;
				GCC_WARN_UNINITIALIZED_AUTOS = YES_AGGRESSIVE;
				GCC_WARN_UNUSED_FUNCTION = YES;
				GCC_WARN_UNUSED_VARIABLE = YES;
				IPHONEOS_DEPLOYMENT_TARGET = 11.3;
				MTL_ENABLE_DEBUG_INFO = YES;
				ONLY_ACTIVE_ARCH = YES;
				SDKROOT = iphoneos;
			};
			name = Debug;
		};
		55B2BAB8222F914C00900956 /* Release */ = {
			isa = XCBuildConfiguration;
			buildSettings = {
				ALWAYS_SEARCH_USER_PATHS = NO;
				CLANG_ANALYZER_NONNULL = YES;
				CLANG_ANALYZER_NUMBER_OBJECT_CONVERSION = YES_AGGRESSIVE;
				CLANG_CXX_LANGUAGE_STANDARD = "gnu++14";
				CLANG_CXX_LIBRARY = "libc++";
				CLANG_ENABLE_MODULES = YES;
				CLANG_ENABLE_OBJC_ARC = YES;
				CLANG_ENABLE_OBJC_WEAK = YES;
				CLANG_WARN_BLOCK_CAPTURE_AUTORELEASING = YES;
				CLANG_WARN_BOOL_CONVERSION = YES;
				CLANG_WARN_COMMA = YES;
				CLANG_WARN_CONSTANT_CONVERSION = YES;
				CLANG_WARN_DEPRECATED_OBJC_IMPLEMENTATIONS = YES;
				CLANG_WARN_DIRECT_OBJC_ISA_USAGE = YES_ERROR;
				CLANG_WARN_DOCUMENTATION_COMMENTS = YES;
				CLANG_WARN_EMPTY_BODY = YES;
				CLANG_WARN_ENUM_CONVERSION = YES;
				CLANG_WARN_INFINITE_RECURSION = YES;
				CLANG_WARN_INT_CONVERSION = YES;
				CLANG_WARN_NON_LITERAL_NULL_CONVERSION = YES;
				CLANG_WARN_OBJC_IMPLICIT_RETAIN_SELF = YES;
				CLANG_WARN_OBJC_LITERAL_CONVERSION = YES;
				CLANG_WARN_OBJC_ROOT_CLASS = YES_ERROR;
				CLANG_WARN_RANGE_LOOP_ANALYSIS = YES;
				CLANG_WARN_STRICT_PROTOTYPES = YES;
				CLANG_WARN_SUSPICIOUS_MOVE = YES;
				CLANG_WARN_UNGUARDED_AVAILABILITY = YES_AGGRESSIVE;
				CLANG_WARN_UNREACHABLE_CODE = YES;
				CLANG_WARN__DUPLICATE_METHOD_MATCH = YES;
				CODE_SIGN_IDENTITY = "iPhone Developer";
				COPY_PHASE_STRIP = NO;
				DEBUG_INFORMATION_FORMAT = "dwarf-with-dsym";
				ENABLE_NS_ASSERTIONS = NO;
				ENABLE_STRICT_OBJC_MSGSEND = YES;
				GCC_C_LANGUAGE_STANDARD = gnu11;
				GCC_NO_COMMON_BLOCKS = YES;
				GCC_WARN_64_TO_32_BIT_CONVERSION = YES;
				GCC_WARN_ABOUT_RETURN_TYPE = YES_ERROR;
				GCC_WARN_UNDECLARED_SELECTOR = YES;
				GCC_WARN_UNINITIALIZED_AUTOS = YES_AGGRESSIVE;
				GCC_WARN_UNUSED_FUNCTION = YES;
				GCC_WARN_UNUSED_VARIABLE = YES;
				IPHONEOS_DEPLOYMENT_TARGET = 11.3;
				MTL_ENABLE_DEBUG_INFO = NO;
				SDKROOT = iphoneos;
				VALIDATE_PRODUCT = YES;
			};
			name = Release;
		};
		55B2BABA222F914C00900956 /* Debug */ = {
			isa = XCBuildConfiguration;
			buildSettings = {
				ASSETCATALOG_COMPILER_APPICON_NAME = AppIcon;
				CODE_SIGN_STYLE = Automatic;
				DEVELOPMENT_TEAM = G9D85LFPFJ;
				INFOPLIST_FILE = 11111/Info.plist;
				IPHONEOS_DEPLOYMENT_TARGET = 9.0;
				LD_RUNPATH_SEARCH_PATHS = (
					"$(inherited)",
					"@executable_path/Frameworks",
				);
				PRODUCT_BUNDLE_IDENTIFIER = "com.touker.-1111";
				PRODUCT_NAME = "$(TARGET_NAME)";
				TARGETED_DEVICE_FAMILY = "1,2";
			};
			name = Debug;
		};
		55B2BABB222F914C00900956 /* Release */ = {
			isa = XCBuildConfiguration;
			buildSettings = {
				ASSETCATALOG_COMPILER_APPICON_NAME = AppIcon;
				CODE_SIGN_STYLE = Automatic;
				DEVELOPMENT_TEAM = G9D85LFPFJ;
				INFOPLIST_FILE = 11111/Info.plist;
				IPHONEOS_DEPLOYMENT_TARGET = 9.0;
				LD_RUNPATH_SEARCH_PATHS = (
					"$(inherited)",
					"@executable_path/Frameworks",
				);
				PRODUCT_BUNDLE_IDENTIFIER = "com.touker.-1111";
				PRODUCT_NAME = "$(TARGET_NAME)";
				TARGETED_DEVICE_FAMILY = "1,2";
			};
			name = Release;
		};
/* End XCBuildConfiguration section */

/* Begin XCConfigurationList section */
		55B2BA9E222F914B00900956 /* Build configuration list for PBXProject "11111" */ = {
			isa = XCConfigurationList;
			buildConfigurations = (
				55B2BAB7222F914C00900956 /* Debug */,
				55B2BAB8222F914C00900956 /* Release */,
			);
			defaultConfigurationIsVisible = 0;
			defaultConfigurationName = Release;
		};
		55B2BAB9222F914C00900956 /* Build configuration list for PBXNativeTarget "11111" */ = {
			isa = XCConfigurationList;
			buildConfigurations = (
				55B2BABA222F914C00900956 /* Debug */,
				55B2BABB222F914C00900956 /* Release */,
			);
			defaultConfigurationIsVisible = 0;
			defaultConfigurationName = Release;
		};
/* End XCConfigurationList section */
	};
	rootObject = 55B2BA9B222F914B00900956 /* Project object */;
}
