// !$*UTF8*$!
{
	archiveVersion = 1;
	classes = {
	};
	objectVersion = 50;
	objects = {

/* Begin PBXBuildFile section */
		552D1A91221E788C00022B63 /* main.m in Sources */ = {isa = PBXBuildFile; fileRef = 552D1A90221E788C00022B63 /* main.m */; };
		552D1A9A221F913900022B63 /* ClassStruct.m in Sources */ = {isa = PBXBuildFile; fileRef = 552D1A99221F913900022B63 /* ClassStruct.m */; };
		552D1AA0221F995000022B63 /* method_t.m in Sources */ = {isa = PBXBuildFile; fileRef = 552D1A9F221F995000022B63 /* method_t.m */; };
		552D1AA3221F996500022B63 /* isa.m in Sources */ = {isa = PBXBuildFile; fileRef = 552D1AA2221F996500022B63 /* isa.m */; };
		552D1AAA221FA01F00022B63 /* classLoad.m in Sources */ = {isa = PBXBuildFile; fileRef = 552D1AA9221FA01F00022B63 /* classLoad.m */; };
		552D1AAD221FA15500022B63 /* msgSend.m in Sources */ = {isa = PBXBuildFile; fileRef = 552D1AAC221FA15500022B63 /* msgSend.m */; };
		552D1AB0221FCBF200022B63 /* runtime.m in Sources */ = {isa = PBXBuildFile; fileRef = 552D1AAF221FCBF200022B63 /* runtime.m */; };
/* End PBXBuildFile section */

/* Begin PBXCopyFilesBuildPhase section */
		552D1A8B221E788C00022B63 /* CopyFiles */ = {
			isa = PBXCopyFilesBuildPhase;
			buildActionMask = 2147483647;
			dstPath = /usr/share/man/man1/;
			dstSubfolderSpec = 0;
			files = (
			);
			runOnlyForDeploymentPostprocessing = 1;
		};
/* End PBXCopyFilesBuildPhase section */

/* Begin PBXFileReference section */
		552D1A8D221E788C00022B63 /* test1 */ = {isa = PBXFileReference; explicitFileType = "compiled.mach-o.executable"; includeInIndex = 0; path = test1; sourceTree = BUILT_PRODUCTS_DIR; };
		552D1A90221E788C00022B63 /* main.m */ = {isa = PBXFileReference; lastKnownFileType = sourcecode.c.objc; path = main.m; sourceTree = "<group>"; };
		552D1A97221E820B00022B63 /* main.cpp */ = {isa = PBXFileReference; lastKnownFileType = sourcecode.cpp.cpp; path = main.cpp; sourceTree = "<group>"; };
		552D1A98221F913900022B63 /* ClassStruct.h */ = {isa = PBXFileReference; lastKnownFileType = sourcecode.c.h; path = ClassStruct.h; sourceTree = "<group>"; };
		552D1A99221F913900022B63 /* ClassStruct.m */ = {isa = PBXFileReference; lastKnownFileType = sourcecode.c.objc; path = ClassStruct.m; sourceTree = "<group>"; };
		552D1A9E221F995000022B63 /* method_t.h */ = {isa = PBXFileReference; lastKnownFileType = sourcecode.c.h; path = method_t.h; sourceTree = "<group>"; };
		552D1A9F221F995000022B63 /* method_t.m */ = {isa = PBXFileReference; lastKnownFileType = sourcecode.c.objc; path = method_t.m; sourceTree = "<group>"; };
		552D1AA1221F996500022B63 /* isa.h */ = {isa = PBXFileReference; lastKnownFileType = sourcecode.c.h; path = isa.h; sourceTree = "<group>"; };
		552D1AA2221F996500022B63 /* isa.m */ = {isa = PBXFileReference; lastKnownFileType = sourcecode.c.objc; path = isa.m; sourceTree = "<group>"; };
		552D1AA8221FA01F00022B63 /* classLoad.h */ = {isa = PBXFileReference; lastKnownFileType = sourcecode.c.h; path = classLoad.h; sourceTree = "<group>"; };
		552D1AA9221FA01F00022B63 /* classLoad.m */ = {isa = PBXFileReference; lastKnownFileType = sourcecode.c.objc; path = classLoad.m; sourceTree = "<group>"; };
		552D1AAB221FA15500022B63 /* msgSend.h */ = {isa = PBXFileReference; lastKnownFileType = sourcecode.c.h; path = msgSend.h; sourceTree = "<group>"; };
		552D1AAC221FA15500022B63 /* msgSend.m */ = {isa = PBXFileReference; lastKnownFileType = sourcecode.c.objc; path = msgSend.m; sourceTree = "<group>"; };
		552D1AAE221FCBF200022B63 /* runtime.h */ = {isa = PBXFileReference; lastKnownFileType = sourcecode.c.h; path = runtime.h; sourceTree = "<group>"; };
		552D1AAF221FCBF200022B63 /* runtime.m */ = {isa = PBXFileReference; lastKnownFileType = sourcecode.c.objc; path = runtime.m; sourceTree = "<group>"; };
/* End PBXFileReference section */

/* Begin PBXFrameworksBuildPhase section */
		552D1A8A221E788C00022B63 /* Frameworks */ = {
			isa = PBXFrameworksBuildPhase;
			buildActionMask = 2147483647;
			files = (
			);
			runOnlyForDeploymentPostprocessing = 0;
		};
/* End PBXFrameworksBuildPhase section */

/* Begin PBXGroup section */
		552D1A84221E788B00022B63 = {
			isa = PBXGroup;
			children = (
				552D1A8F221E788C00022B63 /* test1 */,
				552D1A8E221E788C00022B63 /* Products */,
			);
			sourceTree = "<group>";
		};
		552D1A8E221E788C00022B63 /* Products */ = {
			isa = PBXGroup;
			children = (
				552D1A8D221E788C00022B63 /* test1 */,
			);
			name = Products;
			sourceTree = "<group>";
		};
		552D1A8F221E788C00022B63 /* test1 */ = {
			isa = PBXGroup;
			children = (
				552D1AA7221F9F9F00022B63 /* 类的结构 */,
				552D1AA4221F9F7400022B63 /* 类的加载 */,
				552D1AA6221F9F9100022B63 /* 运行时 */,
				552D1AA5221F9F7A00022B63 /* 运行时运用技术 */,
				552D1A97221E820B00022B63 /* main.cpp */,
				552D1A90221E788C00022B63 /* main.m */,
			);
			path = test1;
			sourceTree = "<group>";
		};
		552D1AA4221F9F7400022B63 /* 类的加载 */ = {
			isa = PBXGroup;
			children = (
				552D1AA8221FA01F00022B63 /* classLoad.h */,
				552D1AA9221FA01F00022B63 /* classLoad.m */,
			);
			path = "类的加载";
			sourceTree = "<group>";
		};
		552D1AA5221F9F7A00022B63 /* 运行时运用技术 */ = {
			isa = PBXGroup;
			children = (
				552D1AAB221FA15500022B63 /* msgSend.h */,
				552D1AAC221FA15500022B63 /* msgSend.m */,
			);
			path = "运行时运用技术";
			sourceTree = "<group>";
		};
		552D1AA6221F9F9100022B63 /* 运行时 */ = {
			isa = PBXGroup;
			children = (
				552D1AAE221FCBF200022B63 /* runtime.h */,
				552D1AAF221FCBF200022B63 /* runtime.m */,
			);
			path = "运行时";
			sourceTree = "<group>";
		};
		552D1AA7221F9F9F00022B63 /* 类的结构 */ = {
			isa = PBXGroup;
			children = (
				552D1A98221F913900022B63 /* ClassStruct.h */,
				552D1A99221F913900022B63 /* ClassStruct.m */,
				552D1AA1221F996500022B63 /* isa.h */,
				552D1AA2221F996500022B63 /* isa.m */,
				552D1A9E221F995000022B63 /* method_t.h */,
				552D1A9F221F995000022B63 /* method_t.m */,
			);
			path = "类的结构";
			sourceTree = "<group>";
		};
/* End PBXGroup section */

/* Begin PBXNativeTarget section */
		552D1A8C221E788C00022B63 /* test1 */ = {
			isa = PBXNativeTarget;
			buildConfigurationList = 552D1A94221E788C00022B63 /* Build configuration list for PBXNativeTarget "test1" */;
			buildPhases = (
				552D1A89221E788C00022B63 /* Sources */,
				552D1A8A221E788C00022B63 /* Frameworks */,
				552D1A8B221E788C00022B63 /* CopyFiles */,
			);
			buildRules = (
			);
			dependencies = (
			);
			name = test1;
			productName = test1;
			productReference = 552D1A8D221E788C00022B63 /* test1 */;
			productType = "com.apple.product-type.tool";
		};
/* End PBXNativeTarget section */

/* Begin PBXProject section */
		552D1A85221E788B00022B63 /* Project object */ = {
			isa = PBXProject;
			attributes = {
				LastUpgradeCheck = 0930;
				ORGANIZATIONNAME = Touker;
				TargetAttributes = {
					552D1A8C221E788C00022B63 = {
						CreatedOnToolsVersion = 9.3.1;
					};
				};
			};
			buildConfigurationList = 552D1A88221E788B00022B63 /* Build configuration list for PBXProject "test1" */;
			compatibilityVersion = "Xcode 9.3";
			developmentRegion = en;
			hasScannedForEncodings = 0;
			knownRegions = (
				en,
			);
			mainGroup = 552D1A84221E788B00022B63;
			productRefGroup = 552D1A8E221E788C00022B63 /* Products */;
			projectDirPath = "";
			projectRoot = "";
			targets = (
				552D1A8C221E788C00022B63 /* test1 */,
			);
		};
/* End PBXProject section */

/* Begin PBXSourcesBuildPhase section */
		552D1A89221E788C00022B63 /* Sources */ = {
			isa = PBXSourcesBuildPhase;
			buildActionMask = 2147483647;
			files = (
				552D1A91221E788C00022B63 /* main.m in Sources */,
				552D1AAA221FA01F00022B63 /* classLoad.m in Sources */,
				552D1AA0221F995000022B63 /* method_t.m in Sources */,
				552D1AA3221F996500022B63 /* isa.m in Sources */,
				552D1A9A221F913900022B63 /* ClassStruct.m in Sources */,
				552D1AAD221FA15500022B63 /* msgSend.m in Sources */,
				552D1AB0221FCBF200022B63 /* runtime.m in Sources */,
			);
			runOnlyForDeploymentPostprocessing = 0;
		};
/* End PBXSourcesBuildPhase section */

/* Begin XCBuildConfiguration section */
		552D1A92221E788C00022B63 /* Debug */ = {
			isa = XCBuildConfiguration;
			buildSettings = {
				ALWAYS_SEARCH_USER_PATHS = NO;
				CLANG_ANALYZER_NONNULL = YES;
				CLANG_ANALYZER_NUMBER_OBJECT_CONVERSION = YES_AGGRESSIVE;
				CLANG_CXX_LANGUAGE_STANDARD = "gnu++14";
				CLANG_CXX_LIBRARY = "libc++";
				CLANG_ENABLE_MODULES = YES;
				CLANG_ENABLE_OBJC_ARC = YES;
				CLANG_ENABLE_OBJC_WEAK = YES;
				CLANG_WARN_BLOCK_CAPTURE_AUTORELEASING = YES;
				CLANG_WARN_BOOL_CONVERSION = YES;
				CLANG_WARN_COMMA = YES;
				CLANG_WARN_CONSTANT_CONVERSION = YES;
				CLANG_WARN_DEPRECATED_OBJC_IMPLEMENTATIONS = YES;
				CLANG_WARN_DIRECT_OBJC_ISA_USAGE = YES_ERROR;
				CLANG_WARN_DOCUMENTATION_COMMENTS = YES;
				CLANG_WARN_EMPTY_BODY = YES;
				CLANG_WARN_ENUM_CONVERSION = YES;
				CLANG_WARN_INFINITE_RECURSION = YES;
				CLANG_WARN_INT_CONVERSION = YES;
				CLANG_WARN_NON_LITERAL_NULL_CONVERSION = YES;
				CLANG_WARN_OBJC_IMPLICIT_RETAIN_SELF = YES;
				CLANG_WARN_OBJC_LITERAL_CONVERSION = YES;
				CLANG_WARN_OBJC_ROOT_CLASS = YES_ERROR;
				CLANG_WARN_RANGE_LOOP_ANALYSIS = YES;
				CLANG_WARN_STRICT_PROTOTYPES = YES;
				CLANG_WARN_SUSPICIOUS_MOVE = YES;
				CLANG_WARN_UNGUARDED_AVAILABILITY = YES_AGGRESSIVE;
				CLANG_WARN_UNREACHABLE_CODE = YES;
				CLANG_WARN__DUPLICATE_METHOD_MATCH = YES;
				CODE_SIGN_IDENTITY = "-";
				COPY_PHASE_STRIP = NO;
				DEBUG_INFORMATION_FORMAT = dwarf;
				ENABLE_STRICT_OBJC_MSGSEND = YES;
				ENABLE_TESTABILITY = YES;
				GCC_C_LANGUAGE_STANDARD = gnu11;
				GCC_DYNAMIC_NO_PIC = NO;
				GCC_NO_COMMON_BLOCKS = YES;
				GCC_OPTIMIZATION_LEVEL = 0;
				GCC_PREPROCESSOR_DEFINITIONS = (
					"DEBUG=1",
					"$(inherited)",
				);
				GCC_WARN_64_TO_32_BIT_CONVERSION = YES;
				GCC_WARN_ABOUT_RETURN_TYPE = YES_ERROR;
				GCC_WARN_UNDECLARED_SELECTOR = YES;
				GCC_WARN_UNINITIALIZED_AUTOS = YES_AGGRESSIVE;
				GCC_WARN_UNUSED_FUNCTION = YES;
				GCC_WARN_UNUSED_VARIABLE = YES;
				MACOSX_DEPLOYMENT_TARGET = 10.14;
				MTL_ENABLE_DEBUG_INFO = YES;
				ONLY_ACTIVE_ARCH = YES;
				SDKROOT = macosx;
			};
			name = Debug;
		};
		552D1A93221E788C00022B63 /* Release */ = {
			isa = XCBuildConfiguration;
			buildSettings = {
				ALWAYS_SEARCH_USER_PATHS = NO;
				CLANG_ANALYZER_NONNULL = YES;
				CLANG_ANALYZER_NUMBER_OBJECT_CONVERSION = YES_AGGRESSIVE;
				CLANG_CXX_LANGUAGE_STANDARD = "gnu++14";
				CLANG_CXX_LIBRARY = "libc++";
				CLANG_ENABLE_MODULES = YES;
				CLANG_ENABLE_OBJC_ARC = YES;
				CLANG_ENABLE_OBJC_WEAK = YES;
				CLANG_WARN_BLOCK_CAPTURE_AUTORELEASING = YES;
				CLANG_WARN_BOOL_CONVERSION = YES;
				CLANG_WARN_COMMA = YES;
				CLANG_WARN_CONSTANT_CONVERSION = YES;
				CLANG_WARN_DEPRECATED_OBJC_IMPLEMENTATIONS = YES;
				CLANG_WARN_DIRECT_OBJC_ISA_USAGE = YES_ERROR;
				CLANG_WARN_DOCUMENTATION_COMMENTS = YES;
				CLANG_WARN_EMPTY_BODY = YES;
				CLANG_WARN_ENUM_CONVERSION = YES;
				CLANG_WARN_INFINITE_RECURSION = YES;
				CLANG_WARN_INT_CONVERSION = YES;
				CLANG_WARN_NON_LITERAL_NULL_CONVERSION = YES;
				CLANG_WARN_OBJC_IMPLICIT_RETAIN_SELF = YES;
				CLANG_WARN_OBJC_LITERAL_CONVERSION = YES;
				CLANG_WARN_OBJC_ROOT_CLASS = YES_ERROR;
				CLANG_WARN_RANGE_LOOP_ANALYSIS = YES;
				CLANG_WARN_STRICT_PROTOTYPES = YES;
				CLANG_WARN_SUSPICIOUS_MOVE = YES;
				CLANG_WARN_UNGUARDED_AVAILABILITY = YES_AGGRESSIVE;
				CLANG_WARN_UNREACHABLE_CODE = YES;
				CLANG_WARN__DUPLICATE_METHOD_MATCH = YES;
				CODE_SIGN_IDENTITY = "-";
				COPY_PHASE_STRIP = NO;
				DEBUG_INFORMATION_FORMAT = "dwarf-with-dsym";
				ENABLE_NS_ASSERTIONS = NO;
				ENABLE_STRICT_OBJC_MSGSEND = YES;
				GCC_C_LANGUAGE_STANDARD = gnu11;
				GCC_NO_COMMON_BLOCKS = YES;
				GCC_WARN_64_TO_32_BIT_CONVERSION = YES;
				GCC_WARN_ABOUT_RETURN_TYPE = YES_ERROR;
				GCC_WARN_UNDECLARED_SELECTOR = YES;
				GCC_WARN_UNINITIALIZED_AUTOS = YES_AGGRESSIVE;
				GCC_WARN_UNUSED_FUNCTION = YES;
				GCC_WARN_UNUSED_VARIABLE = YES;
				MACOSX_DEPLOYMENT_TARGET = 10.14;
				MTL_ENABLE_DEBUG_INFO = NO;
				SDKROOT = macosx;
			};
			name = Release;
		};
		552D1A95221E788C00022B63 /* Debug */ = {
			isa = XCBuildConfiguration;
			buildSettings = {
				CODE_SIGN_STYLE = Automatic;
				PRODUCT_NAME = "$(TARGET_NAME)";
			};
			name = Debug;
		};
		552D1A96221E788C00022B63 /* Release */ = {
			isa = XCBuildConfiguration;
			buildSettings = {
				CODE_SIGN_STYLE = Automatic;
				PRODUCT_NAME = "$(TARGET_NAME)";
			};
			name = Release;
		};
/* End XCBuildConfiguration section */

/* Begin XCConfigurationList section */
		552D1A88221E788B00022B63 /* Build configuration list for PBXProject "test1" */ = {
			isa = XCConfigurationList;
			buildConfigurations = (
				552D1A92221E788C00022B63 /* Debug */,
				552D1A93221E788C00022B63 /* Release */,
			);
			defaultConfigurationIsVisible = 0;
			defaultConfigurationName = Release;
		};
		552D1A94221E788C00022B63 /* Build configuration list for PBXNativeTarget "test1" */ = {
			isa = XCConfigurationList;
			buildConfigurations = (
				552D1A95221E788C00022B63 /* Debug */,
				552D1A96221E788C00022B63 /* Release */,
			);
			defaultConfigurationIsVisible = 0;
			defaultConfigurationName = Release;
		};
/* End XCConfigurationList section */
	};
	rootObject = 552D1A85221E788B00022B63 /* Project object */;
}
