// !$*UTF8*$!
{
	archiveVersion = 1;
	classes = {
	};
	objectVersion = 50;
	objects = {

/* Begin PBXBuildFile section */
		5544B6352154895D0080AE17 /* main.m in Sources */ = {isa = PBXBuildFile; fileRef = 5544B6342154895D0080AE17 /* main.m */; };
		55AD8C77216C76F200B08C9B /* main.m in Sources */ = {isa = PBXBuildFile; fileRef = 55AD8C76216C76F200B08C9B /* main.m */; };
		55AD8C82216DA31800B08C9B /* main.m in Sources */ = {isa = PBXBuildFile; fileRef = 55AD8C81216DA31800B08C9B /* main.m */; };
		55AD8C8D216DA55000B08C9B /* main.m in Sources */ = {isa = PBXBuildFile; fileRef = 55AD8C8C216DA55000B08C9B /* main.m */; };
		55AD8CC821702EB000B08C9B /* main.m in Sources */ = {isa = PBXBuildFile; fileRef = 55AD8CC721702EB000B08C9B /* main.m */; };
		55AD8CCE2170866D00B08C9B /* struct.c in Sources */ = {isa = PBXBuildFile; fileRef = 55AD8CCD2170866D00B08C9B /* struct.c */; };
		55AD8CD62170884000B08C9B /* main.m in Sources */ = {isa = PBXBuildFile; fileRef = 55AD8CD52170884000B08C9B /* main.m */; };
		55AD8CE121708E5900B08C9B /* main.m in Sources */ = {isa = PBXBuildFile; fileRef = 55AD8CE021708E5900B08C9B /* main.m */; };
		55DE5D1E2175CE7B006F2643 /* main.m in Sources */ = {isa = PBXBuildFile; fileRef = 55DE5D1D2175CE7B006F2643 /* main.m */; };
		55DE5D292175CE93006F2643 /* main.m in Sources */ = {isa = PBXBuildFile; fileRef = 55DE5D282175CE93006F2643 /* main.m */; };
/* End PBXBuildFile section */

/* Begin PBXCopyFilesBuildPhase section */
		5544B62F2154895D0080AE17 /* CopyFiles */ = {
			isa = PBXCopyFilesBuildPhase;
			buildActionMask = 2147483647;
			dstPath = /usr/share/man/man1/;
			dstSubfolderSpec = 0;
			files = (
			);
			runOnlyForDeploymentPostprocessing = 1;
		};
		55AD8C72216C76F200B08C9B /* CopyFiles */ = {
			isa = PBXCopyFilesBuildPhase;
			buildActionMask = 2147483647;
			dstPath = /usr/share/man/man1/;
			dstSubfolderSpec = 0;
			files = (
			);
			runOnlyForDeploymentPostprocessing = 1;
		};
		55AD8C7D216DA31800B08C9B /* CopyFiles */ = {
			isa = PBXCopyFilesBuildPhase;
			buildActionMask = 2147483647;
			dstPath = /usr/share/man/man1/;
			dstSubfolderSpec = 0;
			files = (
			);
			runOnlyForDeploymentPostprocessing = 1;
		};
		55AD8C88216DA55000B08C9B /* CopyFiles */ = {
			isa = PBXCopyFilesBuildPhase;
			buildActionMask = 2147483647;
			dstPath = /usr/share/man/man1/;
			dstSubfolderSpec = 0;
			files = (
			);
			runOnlyForDeploymentPostprocessing = 1;
		};
		55AD8C93216F15CB00B08C9B /* CopyFiles */ = {
			isa = PBXCopyFilesBuildPhase;
			buildActionMask = 2147483647;
			dstPath = /usr/share/man/man1/;
			dstSubfolderSpec = 0;
			files = (
			);
			runOnlyForDeploymentPostprocessing = 1;
		};
		55AD8CC321702EB000B08C9B /* CopyFiles */ = {
			isa = PBXCopyFilesBuildPhase;
			buildActionMask = 2147483647;
			dstPath = /usr/share/man/man1/;
			dstSubfolderSpec = 0;
			files = (
			);
			runOnlyForDeploymentPostprocessing = 1;
		};
		55AD8CD12170884000B08C9B /* CopyFiles */ = {
			isa = PBXCopyFilesBuildPhase;
			buildActionMask = 2147483647;
			dstPath = /usr/share/man/man1/;
			dstSubfolderSpec = 0;
			files = (
			);
			runOnlyForDeploymentPostprocessing = 1;
		};
		55AD8CDC21708E5900B08C9B /* CopyFiles */ = {
			isa = PBXCopyFilesBuildPhase;
			buildActionMask = 2147483647;
			dstPath = /usr/share/man/man1/;
			dstSubfolderSpec = 0;
			files = (
			);
			runOnlyForDeploymentPostprocessing = 1;
		};
		55DE5D192175CE7B006F2643 /* CopyFiles */ = {
			isa = PBXCopyFilesBuildPhase;
			buildActionMask = 2147483647;
			dstPath = /usr/share/man/man1/;
			dstSubfolderSpec = 0;
			files = (
			);
			runOnlyForDeploymentPostprocessing = 1;
		};
		55DE5D242175CE92006F2643 /* CopyFiles */ = {
			isa = PBXCopyFilesBuildPhase;
			buildActionMask = 2147483647;
			dstPath = /usr/share/man/man1/;
			dstSubfolderSpec = 0;
			files = (
			);
			runOnlyForDeploymentPostprocessing = 1;
		};
/* End PBXCopyFilesBuildPhase section */

/* Begin PBXFileReference section */
		5544B6312154895D0080AE17 /* CCHEN */ = {isa = PBXFileReference; explicitFileType = "compiled.mach-o.executable"; includeInIndex = 0; path = CCHEN; sourceTree = BUILT_PRODUCTS_DIR; };
		5544B6342154895D0080AE17 /* main.m */ = {isa = PBXFileReference; lastKnownFileType = sourcecode.c.objc; path = main.m; sourceTree = "<group>"; };
		55AD8C74216C76F200B08C9B /* NO1 */ = {isa = PBXFileReference; explicitFileType = "compiled.mach-o.executable"; includeInIndex = 0; path = NO1; sourceTree = BUILT_PRODUCTS_DIR; };
		55AD8C76216C76F200B08C9B /* main.m */ = {isa = PBXFileReference; lastKnownFileType = sourcecode.c.objc; path = main.m; sourceTree = "<group>"; };
		55AD8C7F216DA31800B08C9B /* NO2 */ = {isa = PBXFileReference; explicitFileType = "compiled.mach-o.executable"; includeInIndex = 0; path = NO2; sourceTree = BUILT_PRODUCTS_DIR; };
		55AD8C81216DA31800B08C9B /* main.m */ = {isa = PBXFileReference; lastKnownFileType = sourcecode.c.objc; path = main.m; sourceTree = "<group>"; };
		55AD8C8A216DA55000B08C9B /* NO3 */ = {isa = PBXFileReference; explicitFileType = "compiled.mach-o.executable"; includeInIndex = 0; path = NO3; sourceTree = BUILT_PRODUCTS_DIR; };
		55AD8C8C216DA55000B08C9B /* main.m */ = {isa = PBXFileReference; lastKnownFileType = sourcecode.c.objc; path = main.m; sourceTree = "<group>"; };
		55AD8C95216F15CB00B08C9B /* NO4 */ = {isa = PBXFileReference; explicitFileType = "compiled.mach-o.executable"; includeInIndex = 0; path = NO4; sourceTree = BUILT_PRODUCTS_DIR; };
		55AD8CC521702EB000B08C9B /* NO5 */ = {isa = PBXFileReference; explicitFileType = "compiled.mach-o.executable"; includeInIndex = 0; path = NO5; sourceTree = BUILT_PRODUCTS_DIR; };
		55AD8CC721702EB000B08C9B /* main.m */ = {isa = PBXFileReference; lastKnownFileType = sourcecode.c.objc; path = main.m; sourceTree = "<group>"; };
		55AD8CCC2170866D00B08C9B /* struct.h */ = {isa = PBXFileReference; lastKnownFileType = sourcecode.c.h; path = struct.h; sourceTree = "<group>"; };
		55AD8CCD2170866D00B08C9B /* struct.c */ = {isa = PBXFileReference; lastKnownFileType = sourcecode.c.c; path = struct.c; sourceTree = "<group>"; };
		55AD8CD32170884000B08C9B /* NO6 */ = {isa = PBXFileReference; explicitFileType = "compiled.mach-o.executable"; includeInIndex = 0; path = NO6; sourceTree = BUILT_PRODUCTS_DIR; };
		55AD8CD52170884000B08C9B /* main.m */ = {isa = PBXFileReference; lastKnownFileType = sourcecode.c.objc; path = main.m; sourceTree = "<group>"; };
		55AD8CDE21708E5900B08C9B /* NO7 */ = {isa = PBXFileReference; explicitFileType = "compiled.mach-o.executable"; includeInIndex = 0; path = NO7; sourceTree = BUILT_PRODUCTS_DIR; };
		55AD8CE021708E5900B08C9B /* main.m */ = {isa = PBXFileReference; lastKnownFileType = sourcecode.c.objc; path = main.m; sourceTree = "<group>"; };
		55DE5D1B2175CE7B006F2643 /* NO8 */ = {isa = PBXFileReference; explicitFileType = "compiled.mach-o.executable"; includeInIndex = 0; path = NO8; sourceTree = BUILT_PRODUCTS_DIR; };
		55DE5D1D2175CE7B006F2643 /* main.m */ = {isa = PBXFileReference; lastKnownFileType = sourcecode.c.objc; path = main.m; sourceTree = "<group>"; };
		55DE5D262175CE92006F2643 /* NO9 */ = {isa = PBXFileReference; explicitFileType = "compiled.mach-o.executable"; includeInIndex = 0; path = NO9; sourceTree = BUILT_PRODUCTS_DIR; };
		55DE5D282175CE93006F2643 /* main.m */ = {isa = PBXFileReference; lastKnownFileType = sourcecode.c.objc; path = main.m; sourceTree = "<group>"; };
/* End PBXFileReference section */

/* Begin PBXFrameworksBuildPhase section */
		5544B62E2154895D0080AE17 /* Frameworks */ = {
			isa = PBXFrameworksBuildPhase;
			buildActionMask = 2147483647;
			files = (
			);
			runOnlyForDeploymentPostprocessing = 0;
		};
		55AD8C71216C76F200B08C9B /* Frameworks */ = {
			isa = PBXFrameworksBuildPhase;
			buildActionMask = 2147483647;
			files = (
			);
			runOnlyForDeploymentPostprocessing = 0;
		};
		55AD8C7C216DA31800B08C9B /* Frameworks */ = {
			isa = PBXFrameworksBuildPhase;
			buildActionMask = 2147483647;
			files = (
			);
			runOnlyForDeploymentPostprocessing = 0;
		};
		55AD8C87216DA55000B08C9B /* Frameworks */ = {
			isa = PBXFrameworksBuildPhase;
			buildActionMask = 2147483647;
			files = (
			);
			runOnlyForDeploymentPostprocessing = 0;
		};
		55AD8C92216F15CB00B08C9B /* Frameworks */ = {
			isa = PBXFrameworksBuildPhase;
			buildActionMask = 2147483647;
			files = (
			);
			runOnlyForDeploymentPostprocessing = 0;
		};
		55AD8CC221702EB000B08C9B /* Frameworks */ = {
			isa = PBXFrameworksBuildPhase;
			buildActionMask = 2147483647;
			files = (
			);
			runOnlyForDeploymentPostprocessing = 0;
		};
		55AD8CD02170884000B08C9B /* Frameworks */ = {
			isa = PBXFrameworksBuildPhase;
			buildActionMask = 2147483647;
			files = (
			);
			runOnlyForDeploymentPostprocessing = 0;
		};
		55AD8CDB21708E5900B08C9B /* Frameworks */ = {
			isa = PBXFrameworksBuildPhase;
			buildActionMask = 2147483647;
			files = (
			);
			runOnlyForDeploymentPostprocessing = 0;
		};
		55DE5D182175CE7B006F2643 /* Frameworks */ = {
			isa = PBXFrameworksBuildPhase;
			buildActionMask = 2147483647;
			files = (
			);
			runOnlyForDeploymentPostprocessing = 0;
		};
		55DE5D232175CE92006F2643 /* Frameworks */ = {
			isa = PBXFrameworksBuildPhase;
			buildActionMask = 2147483647;
			files = (
			);
			runOnlyForDeploymentPostprocessing = 0;
		};
/* End PBXFrameworksBuildPhase section */

/* Begin PBXGroup section */
		5544B6282154895D0080AE17 = {
			isa = PBXGroup;
			children = (
				5544B6332154895D0080AE17 /* CCHEN */,
				55AD8C75216C76F200B08C9B /* NO1 */,
				55AD8C80216DA31800B08C9B /* NO2 */,
				55AD8C8B216DA55000B08C9B /* NO3 */,
				55AD8CC621702EB000B08C9B /* NO5 */,
				55AD8CD42170884000B08C9B /* NO6 */,
				55AD8CDF21708E5900B08C9B /* NO7 */,
				55DE5D272175CE93006F2643 /* NO8 */,
				55DE5D1C2175CE7B006F2643 /* NO9 */,
				5544B6322154895D0080AE17 /* Products */,
			);
			sourceTree = "<group>";
		};
		5544B6322154895D0080AE17 /* Products */ = {
			isa = PBXGroup;
			children = (
				5544B6312154895D0080AE17 /* CCHEN */,
				55AD8C74216C76F200B08C9B /* NO1 */,
				55AD8C7F216DA31800B08C9B /* NO2 */,
				55AD8C8A216DA55000B08C9B /* NO3 */,
				55AD8C95216F15CB00B08C9B /* NO4 */,
				55AD8CC521702EB000B08C9B /* NO5 */,
				55AD8CD32170884000B08C9B /* NO6 */,
				55AD8CDE21708E5900B08C9B /* NO7 */,
				55DE5D1B2175CE7B006F2643 /* NO8 */,
				55DE5D262175CE92006F2643 /* NO9 */,
			);
			name = Products;
			sourceTree = "<group>";
		};
		5544B6332154895D0080AE17 /* CCHEN */ = {
			isa = PBXGroup;
			children = (
				5544B6342154895D0080AE17 /* main.m */,
			);
			path = CCHEN;
			sourceTree = "<group>";
		};
		55AD8C75216C76F200B08C9B /* NO1 */ = {
			isa = PBXGroup;
			children = (
				55AD8C76216C76F200B08C9B /* main.m */,
			);
			path = NO1;
			sourceTree = "<group>";
		};
		55AD8C80216DA31800B08C9B /* NO2 */ = {
			isa = PBXGroup;
			children = (
				55AD8C81216DA31800B08C9B /* main.m */,
			);
			path = NO2;
			sourceTree = "<group>";
		};
		55AD8C8B216DA55000B08C9B /* NO3 */ = {
			isa = PBXGroup;
			children = (
				55AD8C8C216DA55000B08C9B /* main.m */,
			);
			path = NO3;
			sourceTree = "<group>";
		};
		55AD8CC621702EB000B08C9B /* NO5 */ = {
			isa = PBXGroup;
			children = (
				55AD8CC721702EB000B08C9B /* main.m */,
				55AD8CCC2170866D00B08C9B /* struct.h */,
				55AD8CCD2170866D00B08C9B /* struct.c */,
			);
			path = NO5;
			sourceTree = "<group>";
		};
		55AD8CD42170884000B08C9B /* NO6 */ = {
			isa = PBXGroup;
			children = (
				55AD8CD52170884000B08C9B /* main.m */,
			);
			path = NO6;
			sourceTree = "<group>";
		};
		55AD8CDF21708E5900B08C9B /* NO7 */ = {
			isa = PBXGroup;
			children = (
				55AD8CE021708E5900B08C9B /* main.m */,
			);
			path = NO7;
			sourceTree = "<group>";
		};
		55DE5D1C2175CE7B006F2643 /* NO9 */ = {
			isa = PBXGroup;
			children = (
				55DE5D1D2175CE7B006F2643 /* main.m */,
			);
			name = NO9;
			path = NO8;
			sourceTree = "<group>";
		};
		55DE5D272175CE93006F2643 /* NO8 */ = {
			isa = PBXGroup;
			children = (
				55DE5D282175CE93006F2643 /* main.m */,
			);
			name = NO8;
			path = NO9;
			sourceTree = "<group>";
		};
/* End PBXGroup section */

/* Begin PBXNativeTarget section */
		5544B6302154895D0080AE17 /* CCHEN */ = {
			isa = PBXNativeTarget;
			buildConfigurationList = 5544B6382154895D0080AE17 /* Build configuration list for PBXNativeTarget "CCHEN" */;
			buildPhases = (
				5544B62D2154895D0080AE17 /* Sources */,
				5544B62E2154895D0080AE17 /* Frameworks */,
				5544B62F2154895D0080AE17 /* CopyFiles */,
			);
			buildRules = (
			);
			dependencies = (
			);
			name = CCHEN;
			productName = CCHEN;
			productReference = 5544B6312154895D0080AE17 /* CCHEN */;
			productType = "com.apple.product-type.tool";
		};
		55AD8C73216C76F200B08C9B /* NO1 */ = {
			isa = PBXNativeTarget;
			buildConfigurationList = 55AD8C7A216C76F200B08C9B /* Build configuration list for PBXNativeTarget "NO1" */;
			buildPhases = (
				55AD8C70216C76F200B08C9B /* Sources */,
				55AD8C71216C76F200B08C9B /* Frameworks */,
				55AD8C72216C76F200B08C9B /* CopyFiles */,
			);
			buildRules = (
			);
			dependencies = (
			);
			name = NO1;
			productName = NO1;
			productReference = 55AD8C74216C76F200B08C9B /* NO1 */;
			productType = "com.apple.product-type.tool";
		};
		55AD8C7E216DA31800B08C9B /* NO2 */ = {
			isa = PBXNativeTarget;
			buildConfigurationList = 55AD8C85216DA31800B08C9B /* Build configuration list for PBXNativeTarget "NO2" */;
			buildPhases = (
				55AD8C7B216DA31800B08C9B /* Sources */,
				55AD8C7C216DA31800B08C9B /* Frameworks */,
				55AD8C7D216DA31800B08C9B /* CopyFiles */,
			);
			buildRules = (
			);
			dependencies = (
			);
			name = NO2;
			productName = NO2;
			productReference = 55AD8C7F216DA31800B08C9B /* NO2 */;
			productType = "com.apple.product-type.tool";
		};
		55AD8C89216DA55000B08C9B /* NO3 */ = {
			isa = PBXNativeTarget;
			buildConfigurationList = 55AD8C8E216DA55000B08C9B /* Build configuration list for PBXNativeTarget "NO3" */;
			buildPhases = (
				55AD8C86216DA55000B08C9B /* Sources */,
				55AD8C87216DA55000B08C9B /* Frameworks */,
				55AD8C88216DA55000B08C9B /* CopyFiles */,
			);
			buildRules = (
			);
			dependencies = (
			);
			name = NO3;
			productName = NO3;
			productReference = 55AD8C8A216DA55000B08C9B /* NO3 */;
			productType = "com.apple.product-type.tool";
		};
		55AD8C94216F15CB00B08C9B /* NO4 */ = {
			isa = PBXNativeTarget;
			buildConfigurationList = 55AD8C99216F15CB00B08C9B /* Build configuration list for PBXNativeTarget "NO4" */;
			buildPhases = (
				55AD8C91216F15CB00B08C9B /* Sources */,
				55AD8C92216F15CB00B08C9B /* Frameworks */,
				55AD8C93216F15CB00B08C9B /* CopyFiles */,
			);
			buildRules = (
			);
			dependencies = (
			);
			name = NO4;
			productName = NO4;
			productReference = 55AD8C95216F15CB00B08C9B /* NO4 */;
			productType = "com.apple.product-type.tool";
		};
		55AD8CC421702EB000B08C9B /* NO5 */ = {
			isa = PBXNativeTarget;
			buildConfigurationList = 55AD8CC921702EB000B08C9B /* Build configuration list for PBXNativeTarget "NO5" */;
			buildPhases = (
				55AD8CC121702EB000B08C9B /* Sources */,
				55AD8CC221702EB000B08C9B /* Frameworks */,
				55AD8CC321702EB000B08C9B /* CopyFiles */,
			);
			buildRules = (
			);
			dependencies = (
			);
			name = NO5;
			productName = NO5;
			productReference = 55AD8CC521702EB000B08C9B /* NO5 */;
			productType = "com.apple.product-type.tool";
		};
		55AD8CD22170884000B08C9B /* NO6 */ = {
			isa = PBXNativeTarget;
			buildConfigurationList = 55AD8CD72170884000B08C9B /* Build configuration list for PBXNativeTarget "NO6" */;
			buildPhases = (
				55AD8CCF2170884000B08C9B /* Sources */,
				55AD8CD02170884000B08C9B /* Frameworks */,
				55AD8CD12170884000B08C9B /* CopyFiles */,
			);
			buildRules = (
			);
			dependencies = (
			);
			name = NO6;
			productName = NO6;
			productReference = 55AD8CD32170884000B08C9B /* NO6 */;
			productType = "com.apple.product-type.tool";
		};
		55AD8CDD21708E5900B08C9B /* NO7 */ = {
			isa = PBXNativeTarget;
			buildConfigurationList = 55AD8CE221708E5900B08C9B /* Build configuration list for PBXNativeTarget "NO7" */;
			buildPhases = (
				55AD8CDA21708E5900B08C9B /* Sources */,
				55AD8CDB21708E5900B08C9B /* Frameworks */,
				55AD8CDC21708E5900B08C9B /* CopyFiles */,
			);
			buildRules = (
			);
			dependencies = (
			);
			name = NO7;
			productName = NO7;
			productReference = 55AD8CDE21708E5900B08C9B /* NO7 */;
			productType = "com.apple.product-type.tool";
		};
		55DE5D1A2175CE7B006F2643 /* NO8 */ = {
			isa = PBXNativeTarget;
			buildConfigurationList = 55DE5D212175CE7B006F2643 /* Build configuration list for PBXNativeTarget "NO8" */;
			buildPhases = (
				55DE5D172175CE7B006F2643 /* Sources */,
				55DE5D182175CE7B006F2643 /* Frameworks */,
				55DE5D192175CE7B006F2643 /* CopyFiles */,
			);
			buildRules = (
			);
			dependencies = (
			);
			name = NO8;
			productName = NO8;
			productReference = 55DE5D1B2175CE7B006F2643 /* NO8 */;
			productType = "com.apple.product-type.tool";
		};
		55DE5D252175CE92006F2643 /* NO9 */ = {
			isa = PBXNativeTarget;
			buildConfigurationList = 55DE5D2A2175CE93006F2643 /* Build configuration list for PBXNativeTarget "NO9" */;
			buildPhases = (
				55DE5D222175CE92006F2643 /* Sources */,
				55DE5D232175CE92006F2643 /* Frameworks */,
				55DE5D242175CE92006F2643 /* CopyFiles */,
			);
			buildRules = (
			);
			dependencies = (
			);
			name = NO9;
			productName = NO9;
			productReference = 55DE5D262175CE92006F2643 /* NO9 */;
			productType = "com.apple.product-type.tool";
		};
/* End PBXNativeTarget section */

/* Begin PBXProject section */
		5544B6292154895D0080AE17 /* Project object */ = {
			isa = PBXProject;
			attributes = {
				LastUpgradeCheck = 0930;
				ORGANIZATIONNAME = Touker;
				TargetAttributes = {
					5544B6302154895D0080AE17 = {
						CreatedOnToolsVersion = 9.3.1;
					};
					55AD8C73216C76F200B08C9B = {
						CreatedOnToolsVersion = 9.3.1;
					};
					55AD8C7E216DA31800B08C9B = {
						CreatedOnToolsVersion = 9.3.1;
					};
					55AD8C89216DA55000B08C9B = {
						CreatedOnToolsVersion = 9.3.1;
					};
					55AD8C94216F15CB00B08C9B = {
						CreatedOnToolsVersion = 9.3.1;
					};
					55AD8CC421702EB000B08C9B = {
						CreatedOnToolsVersion = 9.3.1;
					};
					55AD8CD22170884000B08C9B = {
						CreatedOnToolsVersion = 9.3.1;
					};
					55AD8CDD21708E5900B08C9B = {
						CreatedOnToolsVersion = 9.3.1;
					};
					55DE5D1A2175CE7B006F2643 = {
						CreatedOnToolsVersion = 9.3.1;
					};
					55DE5D252175CE92006F2643 = {
						CreatedOnToolsVersion = 9.3.1;
					};
				};
			};
			buildConfigurationList = 5544B62C2154895D0080AE17 /* Build configuration list for PBXProject "CCHEN" */;
			compatibilityVersion = "Xcode 9.3";
			developmentRegion = en;
			hasScannedForEncodings = 0;
			knownRegions = (
				en,
			);
			mainGroup = 5544B6282154895D0080AE17;
			productRefGroup = 5544B6322154895D0080AE17 /* Products */;
			projectDirPath = "";
			projectRoot = "";
			targets = (
				5544B6302154895D0080AE17 /* CCHEN */,
				55AD8C73216C76F200B08C9B /* NO1 */,
				55AD8C7E216DA31800B08C9B /* NO2 */,
				55AD8C89216DA55000B08C9B /* NO3 */,
				55AD8C94216F15CB00B08C9B /* NO4 */,
				55AD8CC421702EB000B08C9B /* NO5 */,
				55AD8CD22170884000B08C9B /* NO6 */,
				55AD8CDD21708E5900B08C9B /* NO7 */,
				55DE5D1A2175CE7B006F2643 /* NO8 */,
				55DE5D252175CE92006F2643 /* NO9 */,
			);
		};
/* End PBXProject section */

/* Begin PBXSourcesBuildPhase section */
		5544B62D2154895D0080AE17 /* Sources */ = {
			isa = PBXSourcesBuildPhase;
			buildActionMask = 2147483647;
			files = (
				5544B6352154895D0080AE17 /* main.m in Sources */,
			);
			runOnlyForDeploymentPostprocessing = 0;
		};
		55AD8C70216C76F200B08C9B /* Sources */ = {
			isa = PBXSourcesBuildPhase;
			buildActionMask = 2147483647;
			files = (
				55AD8C77216C76F200B08C9B /* main.m in Sources */,
			);
			runOnlyForDeploymentPostprocessing = 0;
		};
		55AD8C7B216DA31800B08C9B /* Sources */ = {
			isa = PBXSourcesBuildPhase;
			buildActionMask = 2147483647;
			files = (
				55AD8C82216DA31800B08C9B /* main.m in Sources */,
			);
			runOnlyForDeploymentPostprocessing = 0;
		};
		55AD8C86216DA55000B08C9B /* Sources */ = {
			isa = PBXSourcesBuildPhase;
			buildActionMask = 2147483647;
			files = (
				55AD8C8D216DA55000B08C9B /* main.m in Sources */,
			);
			runOnlyForDeploymentPostprocessing = 0;
		};
		55AD8C91216F15CB00B08C9B /* Sources */ = {
			isa = PBXSourcesBuildPhase;
			buildActionMask = 2147483647;
			files = (
			);
			runOnlyForDeploymentPostprocessing = 0;
		};
		55AD8CC121702EB000B08C9B /* Sources */ = {
			isa = PBXSourcesBuildPhase;
			buildActionMask = 2147483647;
			files = (
				55AD8CCE2170866D00B08C9B /* struct.c in Sources */,
				55AD8CC821702EB000B08C9B /* main.m in Sources */,
			);
			runOnlyForDeploymentPostprocessing = 0;
		};
		55AD8CCF2170884000B08C9B /* Sources */ = {
			isa = PBXSourcesBuildPhase;
			buildActionMask = 2147483647;
			files = (
				55AD8CD62170884000B08C9B /* main.m in Sources */,
			);
			runOnlyForDeploymentPostprocessing = 0;
		};
		55AD8CDA21708E5900B08C9B /* Sources */ = {
			isa = PBXSourcesBuildPhase;
			buildActionMask = 2147483647;
			files = (
				55AD8CE121708E5900B08C9B /* main.m in Sources */,
			);
			runOnlyForDeploymentPostprocessing = 0;
		};
		55DE5D172175CE7B006F2643 /* Sources */ = {
			isa = PBXSourcesBuildPhase;
			buildActionMask = 2147483647;
			files = (
				55DE5D1E2175CE7B006F2643 /* main.m in Sources */,
			);
			runOnlyForDeploymentPostprocessing = 0;
		};
		55DE5D222175CE92006F2643 /* Sources */ = {
			isa = PBXSourcesBuildPhase;
			buildActionMask = 2147483647;
			files = (
				55DE5D292175CE93006F2643 /* main.m in Sources */,
			);
			runOnlyForDeploymentPostprocessing = 0;
		};
/* End PBXSourcesBuildPhase section */

/* Begin XCBuildConfiguration section */
		5544B6362154895D0080AE17 /* Debug */ = {
			isa = XCBuildConfiguration;
			buildSettings = {
				ALWAYS_SEARCH_USER_PATHS = NO;
				CLANG_ANALYZER_NONNULL = YES;
				CLANG_ANALYZER_NUMBER_OBJECT_CONVERSION = YES_AGGRESSIVE;
				CLANG_CXX_LANGUAGE_STANDARD = "gnu++14";
				CLANG_CXX_LIBRARY = "libc++";
				CLANG_ENABLE_MODULES = YES;
				CLANG_ENABLE_OBJC_ARC = YES;
				CLANG_ENABLE_OBJC_WEAK = YES;
				CLANG_WARN_BLOCK_CAPTURE_AUTORELEASING = YES;
				CLANG_WARN_BOOL_CONVERSION = YES;
				CLANG_WARN_COMMA = YES;
				CLANG_WARN_CONSTANT_CONVERSION = YES;
				CLANG_WARN_DEPRECATED_OBJC_IMPLEMENTATIONS = YES;
				CLANG_WARN_DIRECT_OBJC_ISA_USAGE = YES_ERROR;
				CLANG_WARN_DOCUMENTATION_COMMENTS = YES;
				CLANG_WARN_EMPTY_BODY = YES;
				CLANG_WARN_ENUM_CONVERSION = YES;
				CLANG_WARN_INFINITE_RECURSION = YES;
				CLANG_WARN_INT_CONVERSION = YES;
				CLANG_WARN_NON_LITERAL_NULL_CONVERSION = YES;
				CLANG_WARN_OBJC_IMPLICIT_RETAIN_SELF = YES;
				CLANG_WARN_OBJC_LITERAL_CONVERSION = YES;
				CLANG_WARN_OBJC_ROOT_CLASS = YES_ERROR;
				CLANG_WARN_RANGE_LOOP_ANALYSIS = YES;
				CLANG_WARN_STRICT_PROTOTYPES = YES;
				CLANG_WARN_SUSPICIOUS_MOVE = YES;
				CLANG_WARN_UNGUARDED_AVAILABILITY = YES_AGGRESSIVE;
				CLANG_WARN_UNREACHABLE_CODE = YES;
				CLANG_WARN__DUPLICATE_METHOD_MATCH = YES;
				CODE_SIGN_IDENTITY = "-";
				COPY_PHASE_STRIP = NO;
				DEBUG_INFORMATION_FORMAT = dwarf;
				ENABLE_STRICT_OBJC_MSGSEND = YES;
				ENABLE_TESTABILITY = YES;
				GCC_C_LANGUAGE_STANDARD = gnu11;
				GCC_DYNAMIC_NO_PIC = NO;
				GCC_NO_COMMON_BLOCKS = YES;
				GCC_OPTIMIZATION_LEVEL = 0;
				GCC_PREPROCESSOR_DEFINITIONS = (
					"DEBUG=1",
					"$(inherited)",
				);
				GCC_WARN_64_TO_32_BIT_CONVERSION = YES;
				GCC_WARN_ABOUT_RETURN_TYPE = YES_ERROR;
				GCC_WARN_UNDECLARED_SELECTOR = YES;
				GCC_WARN_UNINITIALIZED_AUTOS = YES_AGGRESSIVE;
				GCC_WARN_UNUSED_FUNCTION = YES;
				GCC_WARN_UNUSED_VARIABLE = YES;
				MACOSX_DEPLOYMENT_TARGET = 10.13;
				MTL_ENABLE_DEBUG_INFO = YES;
				ONLY_ACTIVE_ARCH = YES;
				SDKROOT = macosx;
			};
			name = Debug;
		};
		5544B6372154895D0080AE17 /* Release */ = {
			isa = XCBuildConfiguration;
			buildSettings = {
				ALWAYS_SEARCH_USER_PATHS = NO;
				CLANG_ANALYZER_NONNULL = YES;
				CLANG_ANALYZER_NUMBER_OBJECT_CONVERSION = YES_AGGRESSIVE;
				CLANG_CXX_LANGUAGE_STANDARD = "gnu++14";
				CLANG_CXX_LIBRARY = "libc++";
				CLANG_ENABLE_MODULES = YES;
				CLANG_ENABLE_OBJC_ARC = YES;
				CLANG_ENABLE_OBJC_WEAK = YES;
				CLANG_WARN_BLOCK_CAPTURE_AUTORELEASING = YES;
				CLANG_WARN_BOOL_CONVERSION = YES;
				CLANG_WARN_COMMA = YES;
				CLANG_WARN_CONSTANT_CONVERSION = YES;
				CLANG_WARN_DEPRECATED_OBJC_IMPLEMENTATIONS = YES;
				CLANG_WARN_DIRECT_OBJC_ISA_USAGE = YES_ERROR;
				CLANG_WARN_DOCUMENTATION_COMMENTS = YES;
				CLANG_WARN_EMPTY_BODY = YES;
				CLANG_WARN_ENUM_CONVERSION = YES;
				CLANG_WARN_INFINITE_RECURSION = YES;
				CLANG_WARN_INT_CONVERSION = YES;
				CLANG_WARN_NON_LITERAL_NULL_CONVERSION = YES;
				CLANG_WARN_OBJC_IMPLICIT_RETAIN_SELF = YES;
				CLANG_WARN_OBJC_LITERAL_CONVERSION = YES;
				CLANG_WARN_OBJC_ROOT_CLASS = YES_ERROR;
				CLANG_WARN_RANGE_LOOP_ANALYSIS = YES;
				CLANG_WARN_STRICT_PROTOTYPES = YES;
				CLANG_WARN_SUSPICIOUS_MOVE = YES;
				CLANG_WARN_UNGUARDED_AVAILABILITY = YES_AGGRESSIVE;
				CLANG_WARN_UNREACHABLE_CODE = YES;
				CLANG_WARN__DUPLICATE_METHOD_MATCH = YES;
				CODE_SIGN_IDENTITY = "-";
				COPY_PHASE_STRIP = NO;
				DEBUG_INFORMATION_FORMAT = "dwarf-with-dsym";
				ENABLE_NS_ASSERTIONS = NO;
				ENABLE_STRICT_OBJC_MSGSEND = YES;
				GCC_C_LANGUAGE_STANDARD = gnu11;
				GCC_NO_COMMON_BLOCKS = YES;
				GCC_WARN_64_TO_32_BIT_CONVERSION = YES;
				GCC_WARN_ABOUT_RETURN_TYPE = YES_ERROR;
				GCC_WARN_UNDECLARED_SELECTOR = YES;
				GCC_WARN_UNINITIALIZED_AUTOS = YES_AGGRESSIVE;
				GCC_WARN_UNUSED_FUNCTION = YES;
				GCC_WARN_UNUSED_VARIABLE = YES;
				MACOSX_DEPLOYMENT_TARGET = 10.13;
				MTL_ENABLE_DEBUG_INFO = NO;
				SDKROOT = macosx;
			};
			name = Release;
		};
		5544B6392154895D0080AE17 /* Debug */ = {
			isa = XCBuildConfiguration;
			buildSettings = {
				CODE_SIGN_STYLE = Automatic;
				PRODUCT_NAME = "$(TARGET_NAME)";
			};
			name = Debug;
		};
		5544B63A2154895D0080AE17 /* Release */ = {
			isa = XCBuildConfiguration;
			buildSettings = {
				CODE_SIGN_STYLE = Automatic;
				PRODUCT_NAME = "$(TARGET_NAME)";
			};
			name = Release;
		};
		55AD8C78216C76F200B08C9B /* Debug */ = {
			isa = XCBuildConfiguration;
			buildSettings = {
				CODE_SIGN_STYLE = Automatic;
				PRODUCT_NAME = "$(TARGET_NAME)";
			};
			name = Debug;
		};
		55AD8C79216C76F200B08C9B /* Release */ = {
			isa = XCBuildConfiguration;
			buildSettings = {
				CODE_SIGN_STYLE = Automatic;
				PRODUCT_NAME = "$(TARGET_NAME)";
			};
			name = Release;
		};
		55AD8C83216DA31800B08C9B /* Debug */ = {
			isa = XCBuildConfiguration;
			buildSettings = {
				CODE_SIGN_STYLE = Automatic;
				PRODUCT_NAME = "$(TARGET_NAME)";
			};
			name = Debug;
		};
		55AD8C84216DA31800B08C9B /* Release */ = {
			isa = XCBuildConfiguration;
			buildSettings = {
				CODE_SIGN_STYLE = Automatic;
				PRODUCT_NAME = "$(TARGET_NAME)";
			};
			name = Release;
		};
		55AD8C8F216DA55000B08C9B /* Debug */ = {
			isa = XCBuildConfiguration;
			buildSettings = {
				CODE_SIGN_STYLE = Automatic;
				PRODUCT_NAME = "$(TARGET_NAME)";
			};
			name = Debug;
		};
		55AD8C90216DA55000B08C9B /* Release */ = {
			isa = XCBuildConfiguration;
			buildSettings = {
				CODE_SIGN_STYLE = Automatic;
				PRODUCT_NAME = "$(TARGET_NAME)";
			};
			name = Release;
		};
		55AD8C9A216F15CB00B08C9B /* Debug */ = {
			isa = XCBuildConfiguration;
			buildSettings = {
				CODE_SIGN_STYLE = Automatic;
				PRODUCT_NAME = "$(TARGET_NAME)";
			};
			name = Debug;
		};
		55AD8C9B216F15CB00B08C9B /* Release */ = {
			isa = XCBuildConfiguration;
			buildSettings = {
				CODE_SIGN_STYLE = Automatic;
				PRODUCT_NAME = "$(TARGET_NAME)";
			};
			name = Release;
		};
		55AD8CCA21702EB000B08C9B /* Debug */ = {
			isa = XCBuildConfiguration;
			buildSettings = {
				CODE_SIGN_STYLE = Automatic;
				PRODUCT_NAME = "$(TARGET_NAME)";
			};
			name = Debug;
		};
		55AD8CCB21702EB000B08C9B /* Release */ = {
			isa = XCBuildConfiguration;
			buildSettings = {
				CODE_SIGN_STYLE = Automatic;
				PRODUCT_NAME = "$(TARGET_NAME)";
			};
			name = Release;
		};
		55AD8CD82170884000B08C9B /* Debug */ = {
			isa = XCBuildConfiguration;
			buildSettings = {
				CODE_SIGN_STYLE = Automatic;
				PRODUCT_NAME = "$(TARGET_NAME)";
			};
			name = Debug;
		};
		55AD8CD92170884000B08C9B /* Release */ = {
			isa = XCBuildConfiguration;
			buildSettings = {
				CODE_SIGN_STYLE = Automatic;
				PRODUCT_NAME = "$(TARGET_NAME)";
			};
			name = Release;
		};
		55AD8CE321708E5900B08C9B /* Debug */ = {
			isa = XCBuildConfiguration;
			buildSettings = {
				CODE_SIGN_STYLE = Automatic;
				PRODUCT_NAME = "$(TARGET_NAME)";
			};
			name = Debug;
		};
		55AD8CE421708E5900B08C9B /* Release */ = {
			isa = XCBuildConfiguration;
			buildSettings = {
				CODE_SIGN_STYLE = Automatic;
				PRODUCT_NAME = "$(TARGET_NAME)";
			};
			name = Release;
		};
		55DE5D1F2175CE7B006F2643 /* Debug */ = {
			isa = XCBuildConfiguration;
			buildSettings = {
				CODE_SIGN_STYLE = Automatic;
				PRODUCT_NAME = "$(TARGET_NAME)";
			};
			name = Debug;
		};
		55DE5D202175CE7B006F2643 /* Release */ = {
			isa = XCBuildConfiguration;
			buildSettings = {
				CODE_SIGN_STYLE = Automatic;
				PRODUCT_NAME = "$(TARGET_NAME)";
			};
			name = Release;
		};
		55DE5D2B2175CE93006F2643 /* Debug */ = {
			isa = XCBuildConfiguration;
			buildSettings = {
				CODE_SIGN_STYLE = Automatic;
				PRODUCT_NAME = "$(TARGET_NAME)";
			};
			name = Debug;
		};
		55DE5D2C2175CE93006F2643 /* Release */ = {
			isa = XCBuildConfiguration;
			buildSettings = {
				CODE_SIGN_STYLE = Automatic;
				PRODUCT_NAME = "$(TARGET_NAME)";
			};
			name = Release;
		};
/* End XCBuildConfiguration section */

/* Begin XCConfigurationList section */
		5544B62C2154895D0080AE17 /* Build configuration list for PBXProject "CCHEN" */ = {
			isa = XCConfigurationList;
			buildConfigurations = (
				5544B6362154895D0080AE17 /* Debug */,
				5544B6372154895D0080AE17 /* Release */,
			);
			defaultConfigurationIsVisible = 0;
			defaultConfigurationName = Release;
		};
		5544B6382154895D0080AE17 /* Build configuration list for PBXNativeTarget "CCHEN" */ = {
			isa = XCConfigurationList;
			buildConfigurations = (
				5544B6392154895D0080AE17 /* Debug */,
				5544B63A2154895D0080AE17 /* Release */,
			);
			defaultConfigurationIsVisible = 0;
			defaultConfigurationName = Release;
		};
		55AD8C7A216C76F200B08C9B /* Build configuration list for PBXNativeTarget "NO1" */ = {
			isa = XCConfigurationList;
			buildConfigurations = (
				55AD8C78216C76F200B08C9B /* Debug */,
				55AD8C79216C76F200B08C9B /* Release */,
			);
			defaultConfigurationIsVisible = 0;
			defaultConfigurationName = Release;
		};
		55AD8C85216DA31800B08C9B /* Build configuration list for PBXNativeTarget "NO2" */ = {
			isa = XCConfigurationList;
			buildConfigurations = (
				55AD8C83216DA31800B08C9B /* Debug */,
				55AD8C84216DA31800B08C9B /* Release */,
			);
			defaultConfigurationIsVisible = 0;
			defaultConfigurationName = Release;
		};
		55AD8C8E216DA55000B08C9B /* Build configuration list for PBXNativeTarget "NO3" */ = {
			isa = XCConfigurationList;
			buildConfigurations = (
				55AD8C8F216DA55000B08C9B /* Debug */,
				55AD8C90216DA55000B08C9B /* Release */,
			);
			defaultConfigurationIsVisible = 0;
			defaultConfigurationName = Release;
		};
		55AD8C99216F15CB00B08C9B /* Build configuration list for PBXNativeTarget "NO4" */ = {
			isa = XCConfigurationList;
			buildConfigurations = (
				55AD8C9A216F15CB00B08C9B /* Debug */,
				55AD8C9B216F15CB00B08C9B /* Release */,
			);
			defaultConfigurationIsVisible = 0;
			defaultConfigurationName = Release;
		};
		55AD8CC921702EB000B08C9B /* Build configuration list for PBXNativeTarget "NO5" */ = {
			isa = XCConfigurationList;
			buildConfigurations = (
				55AD8CCA21702EB000B08C9B /* Debug */,
				55AD8CCB21702EB000B08C9B /* Release */,
			);
			defaultConfigurationIsVisible = 0;
			defaultConfigurationName = Release;
		};
		55AD8CD72170884000B08C9B /* Build configuration list for PBXNativeTarget "NO6" */ = {
			isa = XCConfigurationList;
			buildConfigurations = (
				55AD8CD82170884000B08C9B /* Debug */,
				55AD8CD92170884000B08C9B /* Release */,
			);
			defaultConfigurationIsVisible = 0;
			defaultConfigurationName = Release;
		};
		55AD8CE221708E5900B08C9B /* Build configuration list for PBXNativeTarget "NO7" */ = {
			isa = XCConfigurationList;
			buildConfigurations = (
				55AD8CE321708E5900B08C9B /* Debug */,
				55AD8CE421708E5900B08C9B /* Release */,
			);
			defaultConfigurationIsVisible = 0;
			defaultConfigurationName = Release;
		};
		55DE5D212175CE7B006F2643 /* Build configuration list for PBXNativeTarget "NO8" */ = {
			isa = XCConfigurationList;
			buildConfigurations = (
				55DE5D1F2175CE7B006F2643 /* Debug */,
				55DE5D202175CE7B006F2643 /* Release */,
			);
			defaultConfigurationIsVisible = 0;
			defaultConfigurationName = Release;
		};
		55DE5D2A2175CE93006F2643 /* Build configuration list for PBXNativeTarget "NO9" */ = {
			isa = XCConfigurationList;
			buildConfigurations = (
				55DE5D2B2175CE93006F2643 /* Debug */,
				55DE5D2C2175CE93006F2643 /* Release */,
			);
			defaultConfigurationIsVisible = 0;
			defaultConfigurationName = Release;
		};
/* End XCConfigurationList section */
	};
	rootObject = 5544B6292154895D0080AE17 /* Project object */;
}
