// !$*UTF8*$!
{
	archiveVersion = 1;
	classes = {
	};
	objectVersion = 50;
	objects = {

/* Begin PBXBuildFile section */
		55B2B8B02229171A00900956 /* AppDelegate.m in Sources */ = {isa = PBXBuildFile; fileRef = 55B2B8AF2229171A00900956 /* AppDelegate.m */; };
		55B2B8B32229171A00900956 /* ViewController.m in Sources */ = {isa = PBXBuildFile; fileRef = 55B2B8B22229171A00900956 /* ViewController.m */; };
		55B2B8B62229171A00900956 /* Main.storyboard in Resources */ = {isa = PBXBuildFile; fileRef = 55B2B8B42229171A00900956 /* Main.storyboard */; };
		55B2B8B82229171B00900956 /* Assets.xcassets in Resources */ = {isa = PBXBuildFile; fileRef = 55B2B8B72229171B00900956 /* Assets.xcassets */; };
		55B2B8BB2229171B00900956 /* LaunchScreen.storyboard in Resources */ = {isa = PBXBuildFile; fileRef = 55B2B8B92229171B00900956 /* LaunchScreen.storyboard */; };
		55B2B8BE2229171B00900956 /* main.m in Sources */ = {isa = PBXBuildFile; fileRef = 55B2B8BD2229171B00900956 /* main.m */; };
		55B2B900222917BE00900956 /* BaseDataType.m in Sources */ = {isa = PBXBuildFile; fileRef = 55B2B8FF222917BE00900956 /* BaseDataType.m */; };
		55B2B9032229181800900956 /* ObjectGrammar.m in Sources */ = {isa = PBXBuildFile; fileRef = 55B2B9022229181800900956 /* ObjectGrammar.m */; };
		55B2B9092229193200900956 /* Keyword.m in Sources */ = {isa = PBXBuildFile; fileRef = 55B2B9082229193200900956 /* Keyword.m */; };
		55B2B90D222919B400900956 /* blockType.m in Sources */ = {isa = PBXBuildFile; fileRef = 55B2B90B222919B400900956 /* blockType.m */; };
		55B2B910222919EC00900956 /* classLoad.m in Sources */ = {isa = PBXBuildFile; fileRef = 55B2B90F222919EC00900956 /* classLoad.m */; };
		55B2B91322291A0600900956 /* MsgSend.m in Sources */ = {isa = PBXBuildFile; fileRef = 55B2B91222291A0600900956 /* MsgSend.m */; };
		55B2B91622291A5B00900956 /* NSObject+Associated.m in Sources */ = {isa = PBXBuildFile; fileRef = 55B2B91522291A5B00900956 /* NSObject+Associated.m */; };
		55B2B91922291AB800900956 /* KvcTechnology.m in Sources */ = {isa = PBXBuildFile; fileRef = 55B2B91822291AB800900956 /* KvcTechnology.m */; };
		55B2B91C22291AC300900956 /* KvoTechnology.m in Sources */ = {isa = PBXBuildFile; fileRef = 55B2B91B22291AC300900956 /* KvoTechnology.m */; };
		55B2B91F22291BBE00900956 /* ClassRelated.m in Sources */ = {isa = PBXBuildFile; fileRef = 55B2B91E22291BBE00900956 /* ClassRelated.m */; };
		55B2B92222291BCB00900956 /* IvarRelated.m in Sources */ = {isa = PBXBuildFile; fileRef = 55B2B92122291BCB00900956 /* IvarRelated.m */; };
		55B2B92522291BDB00900956 /* FuncRelated.m in Sources */ = {isa = PBXBuildFile; fileRef = 55B2B92422291BDB00900956 /* FuncRelated.m */; };
		55B2B92822291ED200900956 /* Runloop.m in Sources */ = {isa = PBXBuildFile; fileRef = 55B2B92722291ED200900956 /* Runloop.m */; };
		55B2B92B22291EF400900956 /* XSNStimer.m in Sources */ = {isa = PBXBuildFile; fileRef = 55B2B92A22291EF400900956 /* XSNStimer.m */; };
		55B2B92E22291F8700900956 /* XSPermenantThread.m in Sources */ = {isa = PBXBuildFile; fileRef = 55B2B92C22291F8700900956 /* XSPermenantThread.m */; };
		55B2B93122291FC400900956 /* Thread.m in Sources */ = {isa = PBXBuildFile; fileRef = 55B2B93022291FC400900956 /* Thread.m */; };
		55B2B9342229202500900956 /* XCNSThread.m in Sources */ = {isa = PBXBuildFile; fileRef = 55B2B9332229202500900956 /* XCNSThread.m */; };
		55B2B9372229206300900956 /* GDCThread.m in Sources */ = {isa = PBXBuildFile; fileRef = 55B2B9362229206300900956 /* GDCThread.m */; };
		55B2B93C2229208A00900956 /* CXQueue.m in Sources */ = {isa = PBXBuildFile; fileRef = 55B2B9392229208A00900956 /* CXQueue.m */; };
		55B2B93D2229208A00900956 /* CXOperation.m in Sources */ = {isa = PBXBuildFile; fileRef = 55B2B93B2229208A00900956 /* CXOperation.m */; };
		55B2B940222920CA00900956 /* XSGCDTimer.m in Sources */ = {isa = PBXBuildFile; fileRef = 55B2B93F222920CA00900956 /* XSGCDTimer.m */; };
		55B2B9472229223500900956 /* XSProxy.m in Sources */ = {isa = PBXBuildFile; fileRef = 55B2B9462229223500900956 /* XSProxy.m */; };
		55B2B96322292AA700900956 /* XSNullable.m in Sources */ = {isa = PBXBuildFile; fileRef = 55B2B96222292AA700900956 /* XSNullable.m */; };
		55B2B966222A480400900956 /* MemoryDistribution.m in Sources */ = {isa = PBXBuildFile; fileRef = 55B2B965222A480400900956 /* MemoryDistribution.m */; };
		55B2B969222A4E7400900956 /* XSThreadSecurity.m in Sources */ = {isa = PBXBuildFile; fileRef = 55B2B968222A4E7400900956 /* XSThreadSecurity.m */; };
		55B2B96C222A565E00900956 /* MemoryMangeNature.m in Sources */ = {isa = PBXBuildFile; fileRef = 55B2B96B222A565E00900956 /* MemoryMangeNature.m */; };
		55B2B999222A6C4500900956 /* XSCopy.m in Sources */ = {isa = PBXBuildFile; fileRef = 55B2B998222A6C4500900956 /* XSCopy.m */; };
		55B2B99C222A763400900956 /* MemoryMangeARC.m in Sources */ = {isa = PBXBuildFile; fileRef = 55B2B99B222A763400900956 /* MemoryMangeARC.m */; };
		55B2B99F222A764500900956 /* MemoryMangeMRC.m in Sources */ = {isa = PBXBuildFile; fileRef = 55B2B99E222A764500900956 /* MemoryMangeMRC.m */; };
		55B2B9BF222CCDAE00900956 /* Person.m in Sources */ = {isa = PBXBuildFile; fileRef = 55B2B9BE222CCDAE00900956 /* Person.m */; };
		55B2B9C2222CCDBA00900956 /* car.m in Sources */ = {isa = PBXBuildFile; fileRef = 55B2B9C1222CCDBA00900956 /* car.m */; };
		55B2B9F0222D28FE00900956 /* MemoryCopy.m in Sources */ = {isa = PBXBuildFile; fileRef = 55B2B9EF222D28FE00900956 /* MemoryCopy.m */; };
		55B2B9F4222D299D00900956 /* MemoryOtherDataType.m in Sources */ = {isa = PBXBuildFile; fileRef = 55B2B9F3222D299D00900956 /* MemoryOtherDataType.m */; };
/* End PBXBuildFile section */

/* Begin PBXFileReference section */
		55B2B8AB2229171A00900956 /* 2019OC2.app */ = {isa = PBXFileReference; explicitFileType = wrapper.application; includeInIndex = 0; path = 2019OC2.app; sourceTree = BUILT_PRODUCTS_DIR; };
		55B2B8AE2229171A00900956 /* AppDelegate.h */ = {isa = PBXFileReference; lastKnownFileType = sourcecode.c.h; path = AppDelegate.h; sourceTree = "<group>"; };
		55B2B8AF2229171A00900956 /* AppDelegate.m */ = {isa = PBXFileReference; lastKnownFileType = sourcecode.c.objc; path = AppDelegate.m; sourceTree = "<group>"; };
		55B2B8B12229171A00900956 /* ViewController.h */ = {isa = PBXFileReference; lastKnownFileType = sourcecode.c.h; path = ViewController.h; sourceTree = "<group>"; };
		55B2B8B22229171A00900956 /* ViewController.m */ = {isa = PBXFileReference; lastKnownFileType = sourcecode.c.objc; path = ViewController.m; sourceTree = "<group>"; };
		55B2B8B52229171A00900956 /* Base */ = {isa = PBXFileReference; lastKnownFileType = file.storyboard; name = Base; path = Base.lproj/Main.storyboard; sourceTree = "<group>"; };
		55B2B8B72229171B00900956 /* Assets.xcassets */ = {isa = PBXFileReference; lastKnownFileType = folder.assetcatalog; path = Assets.xcassets; sourceTree = "<group>"; };
		55B2B8BA2229171B00900956 /* Base */ = {isa = PBXFileReference; lastKnownFileType = file.storyboard; name = Base; path = Base.lproj/LaunchScreen.storyboard; sourceTree = "<group>"; };
		55B2B8BC2229171B00900956 /* Info.plist */ = {isa = PBXFileReference; lastKnownFileType = text.plist.xml; path = Info.plist; sourceTree = "<group>"; };
		55B2B8BD2229171B00900956 /* main.m */ = {isa = PBXFileReference; lastKnownFileType = sourcecode.c.objc; path = main.m; sourceTree = "<group>"; };
		55B2B8FE222917BE00900956 /* BaseDataType.h */ = {isa = PBXFileReference; lastKnownFileType = sourcecode.c.h; path = BaseDataType.h; sourceTree = "<group>"; };
		55B2B8FF222917BE00900956 /* BaseDataType.m */ = {isa = PBXFileReference; lastKnownFileType = sourcecode.c.objc; path = BaseDataType.m; sourceTree = "<group>"; };
		55B2B9012229181800900956 /* ObjectGrammar.h */ = {isa = PBXFileReference; lastKnownFileType = sourcecode.c.h; path = ObjectGrammar.h; sourceTree = "<group>"; };
		55B2B9022229181800900956 /* ObjectGrammar.m */ = {isa = PBXFileReference; lastKnownFileType = sourcecode.c.objc; path = ObjectGrammar.m; sourceTree = "<group>"; };
		55B2B9042229189600900956 /* ObjectStruct.h */ = {isa = PBXFileReference; lastKnownFileType = sourcecode.c.h; path = ObjectStruct.h; sourceTree = "<group>"; };
		55B2B9052229189600900956 /* ObjectStruct.m */ = {isa = PBXFileReference; lastKnownFileType = sourcecode.c.objc; path = ObjectStruct.m; sourceTree = "<group>"; };
		55B2B9072229193200900956 /* Keyword.h */ = {isa = PBXFileReference; lastKnownFileType = sourcecode.c.h; path = Keyword.h; sourceTree = "<group>"; };
		55B2B9082229193200900956 /* Keyword.m */ = {isa = PBXFileReference; lastKnownFileType = sourcecode.c.objc; path = Keyword.m; sourceTree = "<group>"; };
		55B2B90B222919B400900956 /* blockType.m */ = {isa = PBXFileReference; fileEncoding = 4; lastKnownFileType = sourcecode.c.objc; path = blockType.m; sourceTree = "<group>"; };
		55B2B90C222919B400900956 /* blockType.h */ = {isa = PBXFileReference; fileEncoding = 4; lastKnownFileType = sourcecode.c.h; path = blockType.h; sourceTree = "<group>"; };
		55B2B90E222919EC00900956 /* classLoad.h */ = {isa = PBXFileReference; fileEncoding = 4; lastKnownFileType = sourcecode.c.h; path = classLoad.h; sourceTree = "<group>"; };
		55B2B90F222919EC00900956 /* classLoad.m */ = {isa = PBXFileReference; fileEncoding = 4; lastKnownFileType = sourcecode.c.objc; path = classLoad.m; sourceTree = "<group>"; };
		55B2B91122291A0600900956 /* MsgSend.h */ = {isa = PBXFileReference; lastKnownFileType = sourcecode.c.h; path = MsgSend.h; sourceTree = "<group>"; };
		55B2B91222291A0600900956 /* MsgSend.m */ = {isa = PBXFileReference; lastKnownFileType = sourcecode.c.objc; path = MsgSend.m; sourceTree = "<group>"; };
		55B2B91422291A5B00900956 /* NSObject+Associated.h */ = {isa = PBXFileReference; lastKnownFileType = sourcecode.c.h; path = "NSObject+Associated.h"; sourceTree = "<group>"; };
		55B2B91522291A5B00900956 /* NSObject+Associated.m */ = {isa = PBXFileReference; lastKnownFileType = sourcecode.c.objc; path = "NSObject+Associated.m"; sourceTree = "<group>"; };
		55B2B91722291AB800900956 /* KvcTechnology.h */ = {isa = PBXFileReference; lastKnownFileType = sourcecode.c.h; path = KvcTechnology.h; sourceTree = "<group>"; };
		55B2B91822291AB800900956 /* KvcTechnology.m */ = {isa = PBXFileReference; lastKnownFileType = sourcecode.c.objc; path = KvcTechnology.m; sourceTree = "<group>"; };
		55B2B91A22291AC300900956 /* KvoTechnology.h */ = {isa = PBXFileReference; lastKnownFileType = sourcecode.c.h; path = KvoTechnology.h; sourceTree = "<group>"; };
		55B2B91B22291AC300900956 /* KvoTechnology.m */ = {isa = PBXFileReference; lastKnownFileType = sourcecode.c.objc; path = KvoTechnology.m; sourceTree = "<group>"; };
		55B2B91D22291BBE00900956 /* ClassRelated.h */ = {isa = PBXFileReference; lastKnownFileType = sourcecode.c.h; path = ClassRelated.h; sourceTree = "<group>"; };
		55B2B91E22291BBE00900956 /* ClassRelated.m */ = {isa = PBXFileReference; lastKnownFileType = sourcecode.c.objc; path = ClassRelated.m; sourceTree = "<group>"; };
		55B2B92022291BCB00900956 /* IvarRelated.h */ = {isa = PBXFileReference; lastKnownFileType = sourcecode.c.h; path = IvarRelated.h; sourceTree = "<group>"; };
		55B2B92122291BCB00900956 /* IvarRelated.m */ = {isa = PBXFileReference; lastKnownFileType = sourcecode.c.objc; path = IvarRelated.m; sourceTree = "<group>"; };
		55B2B92322291BDB00900956 /* FuncRelated.h */ = {isa = PBXFileReference; lastKnownFileType = sourcecode.c.h; path = FuncRelated.h; sourceTree = "<group>"; };
		55B2B92422291BDB00900956 /* FuncRelated.m */ = {isa = PBXFileReference; lastKnownFileType = sourcecode.c.objc; path = FuncRelated.m; sourceTree = "<group>"; };
		55B2B92622291ED200900956 /* Runloop.h */ = {isa = PBXFileReference; fileEncoding = 4; lastKnownFileType = sourcecode.c.h; path = Runloop.h; sourceTree = "<group>"; };
		55B2B92722291ED200900956 /* Runloop.m */ = {isa = PBXFileReference; fileEncoding = 4; lastKnownFileType = sourcecode.c.objc; path = Runloop.m; sourceTree = "<group>"; };
		55B2B92922291EF400900956 /* XSNStimer.h */ = {isa = PBXFileReference; lastKnownFileType = sourcecode.c.h; path = XSNStimer.h; sourceTree = "<group>"; };
		55B2B92A22291EF400900956 /* XSNStimer.m */ = {isa = PBXFileReference; lastKnownFileType = sourcecode.c.objc; path = XSNStimer.m; sourceTree = "<group>"; };
		55B2B92C22291F8700900956 /* XSPermenantThread.m */ = {isa = PBXFileReference; fileEncoding = 4; lastKnownFileType = sourcecode.c.objc; path = XSPermenantThread.m; sourceTree = "<group>"; };
		55B2B92D22291F8700900956 /* XSPermenantThread.h */ = {isa = PBXFileReference; fileEncoding = 4; lastKnownFileType = sourcecode.c.h; path = XSPermenantThread.h; sourceTree = "<group>"; };
		55B2B92F22291FC400900956 /* Thread.h */ = {isa = PBXFileReference; lastKnownFileType = sourcecode.c.h; path = Thread.h; sourceTree = "<group>"; };
		55B2B93022291FC400900956 /* Thread.m */ = {isa = PBXFileReference; lastKnownFileType = sourcecode.c.objc; path = Thread.m; sourceTree = "<group>"; };
		55B2B9322229202500900956 /* XCNSThread.h */ = {isa = PBXFileReference; fileEncoding = 4; lastKnownFileType = sourcecode.c.h; path = XCNSThread.h; sourceTree = "<group>"; };
		55B2B9332229202500900956 /* XCNSThread.m */ = {isa = PBXFileReference; fileEncoding = 4; lastKnownFileType = sourcecode.c.objc; path = XCNSThread.m; sourceTree = "<group>"; };
		55B2B9352229206300900956 /* GDCThread.h */ = {isa = PBXFileReference; lastKnownFileType = sourcecode.c.h; path = GDCThread.h; sourceTree = "<group>"; };
		55B2B9362229206300900956 /* GDCThread.m */ = {isa = PBXFileReference; lastKnownFileType = sourcecode.c.objc; path = GDCThread.m; sourceTree = "<group>"; };
		55B2B9382229208A00900956 /* CXQueue.h */ = {isa = PBXFileReference; fileEncoding = 4; lastKnownFileType = sourcecode.c.h; path = CXQueue.h; sourceTree = "<group>"; };
		55B2B9392229208A00900956 /* CXQueue.m */ = {isa = PBXFileReference; fileEncoding = 4; lastKnownFileType = sourcecode.c.objc; path = CXQueue.m; sourceTree = "<group>"; };
		55B2B93A2229208A00900956 /* CXOperation.h */ = {isa = PBXFileReference; fileEncoding = 4; lastKnownFileType = sourcecode.c.h; path = CXOperation.h; sourceTree = "<group>"; };
		55B2B93B2229208A00900956 /* CXOperation.m */ = {isa = PBXFileReference; fileEncoding = 4; lastKnownFileType = sourcecode.c.objc; path = CXOperation.m; sourceTree = "<group>"; };
		55B2B93E222920CA00900956 /* XSGCDTimer.h */ = {isa = PBXFileReference; lastKnownFileType = sourcecode.c.h; path = XSGCDTimer.h; sourceTree = "<group>"; };
		55B2B93F222920CA00900956 /* XSGCDTimer.m */ = {isa = PBXFileReference; lastKnownFileType = sourcecode.c.objc; path = XSGCDTimer.m; sourceTree = "<group>"; };
		55B2B9432229216300900956 /* PerformSelectorHeader.h */ = {isa = PBXFileReference; lastKnownFileType = sourcecode.c.h; path = PerformSelectorHeader.h; sourceTree = "<group>"; };
		55B2B944222921BE00900956 /* ThreadSecurityHeader.h */ = {isa = PBXFileReference; lastKnownFileType = sourcecode.c.h; path = ThreadSecurityHeader.h; sourceTree = "<group>"; };
		55B2B9452229223500900956 /* XSProxy.h */ = {isa = PBXFileReference; lastKnownFileType = sourcecode.c.h; path = XSProxy.h; sourceTree = "<group>"; };
		55B2B9462229223500900956 /* XSProxy.m */ = {isa = PBXFileReference; lastKnownFileType = sourcecode.c.objc; path = XSProxy.m; sourceTree = "<group>"; };
		55B2B96122292AA700900956 /* XSNullable.h */ = {isa = PBXFileReference; lastKnownFileType = sourcecode.c.h; path = XSNullable.h; sourceTree = "<group>"; };
		55B2B96222292AA700900956 /* XSNullable.m */ = {isa = PBXFileReference; lastKnownFileType = sourcecode.c.objc; path = XSNullable.m; sourceTree = "<group>"; };
		55B2B964222A480400900956 /* MemoryDistribution.h */ = {isa = PBXFileReference; lastKnownFileType = sourcecode.c.h; path = MemoryDistribution.h; sourceTree = "<group>"; };
		55B2B965222A480400900956 /* MemoryDistribution.m */ = {isa = PBXFileReference; lastKnownFileType = sourcecode.c.objc; path = MemoryDistribution.m; sourceTree = "<group>"; };
		55B2B967222A4E7400900956 /* XSThreadSecurity.h */ = {isa = PBXFileReference; lastKnownFileType = sourcecode.c.h; path = XSThreadSecurity.h; sourceTree = "<group>"; };
		55B2B968222A4E7400900956 /* XSThreadSecurity.m */ = {isa = PBXFileReference; lastKnownFileType = sourcecode.c.objc; path = XSThreadSecurity.m; sourceTree = "<group>"; };
		55B2B96A222A565E00900956 /* MemoryMangeNature.h */ = {isa = PBXFileReference; lastKnownFileType = sourcecode.c.h; path = MemoryMangeNature.h; sourceTree = "<group>"; };
		55B2B96B222A565E00900956 /* MemoryMangeNature.m */ = {isa = PBXFileReference; lastKnownFileType = sourcecode.c.objc; path = MemoryMangeNature.m; sourceTree = "<group>"; };
		55B2B997222A6C4500900956 /* XSCopy.h */ = {isa = PBXFileReference; lastKnownFileType = sourcecode.c.h; path = XSCopy.h; sourceTree = "<group>"; };
		55B2B998222A6C4500900956 /* XSCopy.m */ = {isa = PBXFileReference; lastKnownFileType = sourcecode.c.objc; path = XSCopy.m; sourceTree = "<group>"; };
		55B2B99A222A763400900956 /* MemoryMangeARC.h */ = {isa = PBXFileReference; lastKnownFileType = sourcecode.c.h; path = MemoryMangeARC.h; sourceTree = "<group>"; };
		55B2B99B222A763400900956 /* MemoryMangeARC.m */ = {isa = PBXFileReference; lastKnownFileType = sourcecode.c.objc; path = MemoryMangeARC.m; sourceTree = "<group>"; };
		55B2B99D222A764500900956 /* MemoryMangeMRC.h */ = {isa = PBXFileReference; lastKnownFileType = sourcecode.c.h; path = MemoryMangeMRC.h; sourceTree = "<group>"; };
		55B2B99E222A764500900956 /* MemoryMangeMRC.m */ = {isa = PBXFileReference; lastKnownFileType = sourcecode.c.objc; path = MemoryMangeMRC.m; sourceTree = "<group>"; };
		55B2B9BD222CCDAE00900956 /* Person.h */ = {isa = PBXFileReference; lastKnownFileType = sourcecode.c.h; path = Person.h; sourceTree = "<group>"; };
		55B2B9BE222CCDAE00900956 /* Person.m */ = {isa = PBXFileReference; lastKnownFileType = sourcecode.c.objc; path = Person.m; sourceTree = "<group>"; };
		55B2B9C0222CCDBA00900956 /* car.h */ = {isa = PBXFileReference; lastKnownFileType = sourcecode.c.h; path = car.h; sourceTree = "<group>"; };
		55B2B9C1222CCDBA00900956 /* car.m */ = {isa = PBXFileReference; lastKnownFileType = sourcecode.c.objc; path = car.m; sourceTree = "<group>"; };
		55B2B9EE222D28FD00900956 /* MemoryCopy.h */ = {isa = PBXFileReference; lastKnownFileType = sourcecode.c.h; path = MemoryCopy.h; sourceTree = "<group>"; };
		55B2B9EF222D28FE00900956 /* MemoryCopy.m */ = {isa = PBXFileReference; lastKnownFileType = sourcecode.c.objc; path = MemoryCopy.m; sourceTree = "<group>"; };
		55B2B9F2222D299D00900956 /* MemoryOtherDataType.h */ = {isa = PBXFileReference; lastKnownFileType = sourcecode.c.h; path = MemoryOtherDataType.h; sourceTree = "<group>"; };
		55B2B9F3222D299D00900956 /* MemoryOtherDataType.m */ = {isa = PBXFileReference; lastKnownFileType = sourcecode.c.objc; path = MemoryOtherDataType.m; sourceTree = "<group>"; };
/* End PBXFileReference section */

/* Begin PBXFrameworksBuildPhase section */
		55B2B8A82229171A00900956 /* Frameworks */ = {
			isa = PBXFrameworksBuildPhase;
			buildActionMask = 2147483647;
			files = (
			);
			runOnlyForDeploymentPostprocessing = 0;
		};
/* End PBXFrameworksBuildPhase section */

/* Begin PBXGroup section */
		55B2B8A22229171A00900956 = {
			isa = PBXGroup;
			children = (
				55B2B8AD2229171A00900956 /* 2019OC2 */,
				55B2B8AC2229171A00900956 /* Products */,
			);
			sourceTree = "<group>";
		};
		55B2B8AC2229171A00900956 /* Products */ = {
			isa = PBXGroup;
			children = (
				55B2B8AB2229171A00900956 /* 2019OC2.app */,
			);
			name = Products;
			sourceTree = "<group>";
		};
		55B2B8AD2229171A00900956 /* 2019OC2 */ = {
			isa = PBXGroup;
			children = (
				55B2B8C42229172C00900956 /* 未命名文件夹 */,
				55B2B8AE2229171A00900956 /* AppDelegate.h */,
				55B2B8AF2229171A00900956 /* AppDelegate.m */,
				55B2B8B12229171A00900956 /* ViewController.h */,
				55B2B8B22229171A00900956 /* ViewController.m */,
				55B2B8B42229171A00900956 /* Main.storyboard */,
				55B2B8B72229171B00900956 /* Assets.xcassets */,
				55B2B8B92229171B00900956 /* LaunchScreen.storyboard */,
				55B2B8BC2229171B00900956 /* Info.plist */,
				55B2B8BD2229171B00900956 /* main.m */,
			);
			path = 2019OC2;
			sourceTree = "<group>";
		};
		55B2B8C42229172C00900956 /* 未命名文件夹 */ = {
			isa = PBXGroup;
			children = (
				55B2B8C52229172C00900956 /* 1OCTechnology */,
				55B2B8F72229172C00900956 /* 2OCAPI */,
				55B2B8F82229172C00900956 /* 3XSTechnology */,
			);
			path = "未命名文件夹";
			sourceTree = "<group>";
		};
		55B2B8C52229172C00900956 /* 1OCTechnology */ = {
			isa = PBXGroup;
			children = (
				55B2B8CC2229172C00900956 /* 1BaseDataType */,
				55B2B8F22229172C00900956 /* 2ObjectDataType */,
				55B2B8D82229172C00900956 /* 3MemoryManag */,
				55B2B8CE2229172C00900956 /* 4RunTime */,
				55B2B8C62229172C00900956 /* 5RrunLoop */,
				55B2B8E02229172C00900956 /* 6Thread */,
				55B2B8F62229172C00900956 /* 7Network */,
				55B2B8CD2229172C00900956 /* 8Archive */,
			);
			path = 1OCTechnology;
			sourceTree = "<group>";
		};
		55B2B8C62229172C00900956 /* 5RrunLoop */ = {
			isa = PBXGroup;
			children = (
				55B2B92622291ED200900956 /* Runloop.h */,
				55B2B92722291ED200900956 /* Runloop.m */,
				55B2B8CB2229172C00900956 /* 1RunLoop组成元素 */,
				55B2B8CA2229172C00900956 /* 2RunLoop状态 */,
				55B2B8C82229172C00900956 /* 3RunLoop操作 */,
				55B2B8C92229172C00900956 /* 4RunLoop执行流程 */,
				55B2B8C72229172C00900956 /* 5RunLoop支撑的技术 */,
			);
			path = 5RrunLoop;
			sourceTree = "<group>";
		};
		55B2B8C72229172C00900956 /* 5RunLoop支撑的技术 */ = {
			isa = PBXGroup;
			children = (
			);
			path = "5RunLoop支撑的技术";
			sourceTree = "<group>";
		};
		55B2B8C82229172C00900956 /* 3RunLoop操作 */ = {
			isa = PBXGroup;
			children = (
			);
			path = "3RunLoop操作";
			sourceTree = "<group>";
		};
		55B2B8C92229172C00900956 /* 4RunLoop执行流程 */ = {
			isa = PBXGroup;
			children = (
			);
			path = "4RunLoop执行流程";
			sourceTree = "<group>";
		};
		55B2B8CA2229172C00900956 /* 2RunLoop状态 */ = {
			isa = PBXGroup;
			children = (
			);
			path = "2RunLoop状态";
			sourceTree = "<group>";
		};
		55B2B8CB2229172C00900956 /* 1RunLoop组成元素 */ = {
			isa = PBXGroup;
			children = (
			);
			path = "1RunLoop组成元素";
			sourceTree = "<group>";
		};
		55B2B8CC2229172C00900956 /* 1BaseDataType */ = {
			isa = PBXGroup;
			children = (
				55B2B8FE222917BE00900956 /* BaseDataType.h */,
				55B2B8FF222917BE00900956 /* BaseDataType.m */,
			);
			path = 1BaseDataType;
			sourceTree = "<group>";
		};
		55B2B8CD2229172C00900956 /* 8Archive */ = {
			isa = PBXGroup;
			children = (
			);
			path = 8Archive;
			sourceTree = "<group>";
		};
		55B2B8CE2229172C00900956 /* 4RunTime */ = {
			isa = PBXGroup;
			children = (
				55B2B8D52229172C00900956 /* 01ClassLoad */,
				55B2B8CF2229172C00900956 /* 02MsgSend */,
				55B2B8D12229172C00900956 /* 03OtherApi */,
				55B2B8D72229172C00900956 /* 04Kvc */,
				55B2B8D02229172C00900956 /* 05Kvo */,
				55B2B8D62229172C00900956 /* 06Associated */,
			);
			path = 4RunTime;
			sourceTree = "<group>";
		};
		55B2B8CF2229172C00900956 /* 02MsgSend */ = {
			isa = PBXGroup;
			children = (
				55B2B91122291A0600900956 /* MsgSend.h */,
				55B2B91222291A0600900956 /* MsgSend.m */,
			);
			path = 02MsgSend;
			sourceTree = "<group>";
		};
		55B2B8D02229172C00900956 /* 05Kvo */ = {
			isa = PBXGroup;
			children = (
				55B2B91A22291AC300900956 /* KvoTechnology.h */,
				55B2B91B22291AC300900956 /* KvoTechnology.m */,
			);
			path = 05Kvo;
			sourceTree = "<group>";
		};
		55B2B8D12229172C00900956 /* 03OtherApi */ = {
			isa = PBXGroup;
			children = (
				55B2B8D32229172C00900956 /* 1ClassRelated */,
				55B2B8D42229172C00900956 /* 2IvarRelated */,
				55B2B8D22229172C00900956 /* 3funcRelated */,
			);
			path = 03OtherApi;
			sourceTree = "<group>";
		};
		55B2B8D22229172C00900956 /* 3funcRelated */ = {
			isa = PBXGroup;
			children = (
				55B2B92322291BDB00900956 /* FuncRelated.h */,
				55B2B92422291BDB00900956 /* FuncRelated.m */,
				55B2B9452229223500900956 /* XSProxy.h */,
				55B2B9462229223500900956 /* XSProxy.m */,
			);
			path = 3funcRelated;
			sourceTree = "<group>";
		};
		55B2B8D32229172C00900956 /* 1ClassRelated */ = {
			isa = PBXGroup;
			children = (
				55B2B91D22291BBE00900956 /* ClassRelated.h */,
				55B2B91E22291BBE00900956 /* ClassRelated.m */,
			);
			path = 1ClassRelated;
			sourceTree = "<group>";
		};
		55B2B8D42229172C00900956 /* 2IvarRelated */ = {
			isa = PBXGroup;
			children = (
				55B2B92022291BCB00900956 /* IvarRelated.h */,
				55B2B92122291BCB00900956 /* IvarRelated.m */,
			);
			path = 2IvarRelated;
			sourceTree = "<group>";
		};
		55B2B8D52229172C00900956 /* 01ClassLoad */ = {
			isa = PBXGroup;
			children = (
				55B2B90E222919EC00900956 /* classLoad.h */,
				55B2B90F222919EC00900956 /* classLoad.m */,
			);
			path = 01ClassLoad;
			sourceTree = "<group>";
		};
		55B2B8D62229172C00900956 /* 06Associated */ = {
			isa = PBXGroup;
			children = (
				55B2B91422291A5B00900956 /* NSObject+Associated.h */,
				55B2B91522291A5B00900956 /* NSObject+Associated.m */,
			);
			path = 06Associated;
			sourceTree = "<group>";
		};
		55B2B8D72229172C00900956 /* 04Kvc */ = {
			isa = PBXGroup;
			children = (
				55B2B91722291AB800900956 /* KvcTechnology.h */,
				55B2B91822291AB800900956 /* KvcTechnology.m */,
			);
			path = 04Kvc;
			sourceTree = "<group>";
		};
		55B2B8D82229172C00900956 /* 3MemoryManag */ = {
			isa = PBXGroup;
			children = (
				55B2B8D92229172C00900956 /* 01内存分布存储 */,
				55B2B8DA2229172C00900956 /* 03内存管理 */,
			);
			path = 3MemoryManag;
			sourceTree = "<group>";
		};
		55B2B8D92229172C00900956 /* 01内存分布存储 */ = {
			isa = PBXGroup;
			children = (
				55B2B964222A480400900956 /* MemoryDistribution.h */,
				55B2B965222A480400900956 /* MemoryDistribution.m */,
			);
			path = "01内存分布存储";
			sourceTree = "<group>";
		};
		55B2B8DA2229172C00900956 /* 03内存管理 */ = {
			isa = PBXGroup;
			children = (
				55B2B9A0222A768B00900956 /* 0管理范围内外 */,
				55B2B8DC2229172C00900956 /* 1内存管理本质 */,
				55B2B8DE2229172C00900956 /* 2自动释放池 */,
				55B2B8DB2229172C00900956 /* 3运用场景 */,
			);
			path = "03内存管理";
			sourceTree = "<group>";
		};
		55B2B8DB2229172C00900956 /* 3运用场景 */ = {
			isa = PBXGroup;
			children = (
			);
			path = "3运用场景";
			sourceTree = "<group>";
		};
		55B2B8DC2229172C00900956 /* 1内存管理本质 */ = {
			isa = PBXGroup;
			children = (
				55B2B9F5222D2A5A00900956 /* 框架底层相关数据类型 */,
				55B2B9F1222D290C00900956 /* 素材 */,
				55B2B96A222A565E00900956 /* MemoryMangeNature.h */,
				55B2B96B222A565E00900956 /* MemoryMangeNature.m */,
				55B2B99D222A764500900956 /* MemoryMangeMRC.h */,
				55B2B99E222A764500900956 /* MemoryMangeMRC.m */,
				55B2B99A222A763400900956 /* MemoryMangeARC.h */,
				55B2B99B222A763400900956 /* MemoryMangeARC.m */,
			);
			path = "1内存管理本质";
			sourceTree = "<group>";
		};
		55B2B8DE2229172C00900956 /* 2自动释放池 */ = {
			isa = PBXGroup;
			children = (
			);
			path = "2自动释放池";
			sourceTree = "<group>";
		};
		55B2B8E02229172C00900956 /* 6Thread */ = {
			isa = PBXGroup;
			children = (
				55B2B8EE2229172C00900956 /* 1线程属性本质 */,
				55B2B8EA2229172C00900956 /* 2多线程技术方案 */,
				55B2B8E12229172C00900956 /* 3多线程面临问题 */,
			);
			path = 6Thread;
			sourceTree = "<group>";
		};
		55B2B8E12229172C00900956 /* 3多线程面临问题 */ = {
			isa = PBXGroup;
			children = (
				55B2B8E92229172C00900956 /* 1多线程与内存管理 */,
				55B2B8E42229172C00900956 /* 2线程安全 */,
				55B2B8E22229172C00900956 /* 3线程保活 */,
				55B2B8E52229172C00900956 /* 4多线程复杂使用场景 */,
			);
			path = "3多线程面临问题";
			sourceTree = "<group>";
		};
		55B2B8E22229172C00900956 /* 3线程保活 */ = {
			isa = PBXGroup;
			children = (
				55B2B92D22291F8700900956 /* XSPermenantThread.h */,
				55B2B92C22291F8700900956 /* XSPermenantThread.m */,
				55B2B8E32229172C00900956 /* 线程与runloop结合处理事件 */,
			);
			path = "3线程保活";
			sourceTree = "<group>";
		};
		55B2B8E32229172C00900956 /* 线程与runloop结合处理事件 */ = {
			isa = PBXGroup;
			children = (
			);
			path = "线程与runloop结合处理事件";
			sourceTree = "<group>";
		};
		55B2B8E42229172C00900956 /* 2线程安全 */ = {
			isa = PBXGroup;
			children = (
				55B2B944222921BE00900956 /* ThreadSecurityHeader.h */,
				55B2B967222A4E7400900956 /* XSThreadSecurity.h */,
				55B2B968222A4E7400900956 /* XSThreadSecurity.m */,
			);
			path = "2线程安全";
			sourceTree = "<group>";
		};
		55B2B8E52229172C00900956 /* 4多线程复杂使用场景 */ = {
			isa = PBXGroup;
			children = (
				55B2B8E62229172C00900956 /* 3多线程实际需求 */,
				55B2B8E72229172C00900956 /* 2多线程通信 */,
				55B2B8E82229172C00900956 /* 1多线程嵌套使用 */,
			);
			path = "4多线程复杂使用场景";
			sourceTree = "<group>";
		};
		55B2B8E62229172C00900956 /* 3多线程实际需求 */ = {
			isa = PBXGroup;
			children = (
			);
			path = "3多线程实际需求";
			sourceTree = "<group>";
		};
		55B2B8E72229172C00900956 /* 2多线程通信 */ = {
			isa = PBXGroup;
			children = (
			);
			path = "2多线程通信";
			sourceTree = "<group>";
		};
		55B2B8E82229172C00900956 /* 1多线程嵌套使用 */ = {
			isa = PBXGroup;
			children = (
			);
			path = "1多线程嵌套使用";
			sourceTree = "<group>";
		};
		55B2B8E92229172C00900956 /* 1多线程与内存管理 */ = {
			isa = PBXGroup;
			children = (
			);
			path = "1多线程与内存管理";
			sourceTree = "<group>";
		};
		55B2B8EA2229172C00900956 /* 2多线程技术方案 */ = {
			isa = PBXGroup;
			children = (
				55B2B8EB2229172C00900956 /* 1NSthread */,
				55B2B8EC2229172C00900956 /* 2GCD */,
				55B2B8ED2229172C00900956 /* 3NSOperation */,
			);
			path = "2多线程技术方案";
			sourceTree = "<group>";
		};
		55B2B8EB2229172C00900956 /* 1NSthread */ = {
			isa = PBXGroup;
			children = (
				55B2B9322229202500900956 /* XCNSThread.h */,
				55B2B9332229202500900956 /* XCNSThread.m */,
			);
			path = 1NSthread;
			sourceTree = "<group>";
		};
		55B2B8EC2229172C00900956 /* 2GCD */ = {
			isa = PBXGroup;
			children = (
				55B2B9352229206300900956 /* GDCThread.h */,
				55B2B9362229206300900956 /* GDCThread.m */,
			);
			path = 2GCD;
			sourceTree = "<group>";
		};
		55B2B8ED2229172C00900956 /* 3NSOperation */ = {
			isa = PBXGroup;
			children = (
				55B2B93A2229208A00900956 /* CXOperation.h */,
				55B2B93B2229208A00900956 /* CXOperation.m */,
				55B2B9382229208A00900956 /* CXQueue.h */,
				55B2B9392229208A00900956 /* CXQueue.m */,
			);
			path = 3NSOperation;
			sourceTree = "<group>";
		};
		55B2B8EE2229172C00900956 /* 1线程属性本质 */ = {
			isa = PBXGroup;
			children = (
				55B2B92F22291FC400900956 /* Thread.h */,
				55B2B93022291FC400900956 /* Thread.m */,
				55B2B8F12229172C00900956 /* 1线程生命周期 */,
				55B2B8EF2229172C00900956 /* 2线程状态 */,
				55B2B8F02229172C00900956 /* 3线程运行原理 */,
			);
			path = "1线程属性本质";
			sourceTree = "<group>";
		};
		55B2B8EF2229172C00900956 /* 2线程状态 */ = {
			isa = PBXGroup;
			children = (
			);
			path = "2线程状态";
			sourceTree = "<group>";
		};
		55B2B8F02229172C00900956 /* 3线程运行原理 */ = {
			isa = PBXGroup;
			children = (
			);
			path = "3线程运行原理";
			sourceTree = "<group>";
		};
		55B2B8F12229172C00900956 /* 1线程生命周期 */ = {
			isa = PBXGroup;
			children = (
			);
			path = "1线程生命周期";
			sourceTree = "<group>";
		};
		55B2B8F22229172C00900956 /* 2ObjectDataType */ = {
			isa = PBXGroup;
			children = (
				55B2B90A2229196200900956 /* 04Block */,
				55B2B8F42229172C00900956 /* 01对象语法 */,
				55B2B8F52229172C00900956 /* 02对象结构 */,
				55B2B8F32229172C00900956 /* 03系统关键字 */,
			);
			path = 2ObjectDataType;
			sourceTree = "<group>";
		};
		55B2B8F32229172C00900956 /* 03系统关键字 */ = {
			isa = PBXGroup;
			children = (
				55B2B9072229193200900956 /* Keyword.h */,
				55B2B9082229193200900956 /* Keyword.m */,
				55B2B96122292AA700900956 /* XSNullable.h */,
				55B2B96222292AA700900956 /* XSNullable.m */,
			);
			path = "03系统关键字";
			sourceTree = "<group>";
		};
		55B2B8F42229172C00900956 /* 01对象语法 */ = {
			isa = PBXGroup;
			children = (
				55B2B9012229181800900956 /* ObjectGrammar.h */,
				55B2B9022229181800900956 /* ObjectGrammar.m */,
			);
			path = "01对象语法";
			sourceTree = "<group>";
		};
		55B2B8F52229172C00900956 /* 02对象结构 */ = {
			isa = PBXGroup;
			children = (
				55B2B9042229189600900956 /* ObjectStruct.h */,
				55B2B9052229189600900956 /* ObjectStruct.m */,
			);
			path = "02对象结构";
			sourceTree = "<group>";
		};
		55B2B8F62229172C00900956 /* 7Network */ = {
			isa = PBXGroup;
			children = (
			);
			path = 7Network;
			sourceTree = "<group>";
		};
		55B2B8F72229172C00900956 /* 2OCAPI */ = {
			isa = PBXGroup;
			children = (
				55B2B996222A6C3100900956 /* Copy */,
				55B2B9422229213500900956 /* Timer */,
				55B2B9412229212600900956 /* PerformSelector */,
			);
			path = 2OCAPI;
			sourceTree = "<group>";
		};
		55B2B8F82229172C00900956 /* 3XSTechnology */ = {
			isa = PBXGroup;
			children = (
				55B2B8F92229172C00900956 /* 通知封装 */,
				55B2B8FA2229172C00900956 /* 字典转模型 */,
				55B2B8FB2229172C00900956 /* 单例封装 */,
				55B2B8FC2229172C00900956 /* 定时器封装 */,
			);
			path = 3XSTechnology;
			sourceTree = "<group>";
		};
		55B2B8F92229172C00900956 /* 通知封装 */ = {
			isa = PBXGroup;
			children = (
			);
			path = "通知封装";
			sourceTree = "<group>";
		};
		55B2B8FA2229172C00900956 /* 字典转模型 */ = {
			isa = PBXGroup;
			children = (
			);
			path = "字典转模型";
			sourceTree = "<group>";
		};
		55B2B8FB2229172C00900956 /* 单例封装 */ = {
			isa = PBXGroup;
			children = (
			);
			path = "单例封装";
			sourceTree = "<group>";
		};
		55B2B8FC2229172C00900956 /* 定时器封装 */ = {
			isa = PBXGroup;
			children = (
			);
			path = "定时器封装";
			sourceTree = "<group>";
		};
		55B2B90A2229196200900956 /* 04Block */ = {
			isa = PBXGroup;
			children = (
				55B2B90C222919B400900956 /* blockType.h */,
				55B2B90B222919B400900956 /* blockType.m */,
			);
			path = 04Block;
			sourceTree = "<group>";
		};
		55B2B9412229212600900956 /* PerformSelector */ = {
			isa = PBXGroup;
			children = (
				55B2B9432229216300900956 /* PerformSelectorHeader.h */,
			);
			path = PerformSelector;
			sourceTree = "<group>";
		};
		55B2B9422229213500900956 /* Timer */ = {
			isa = PBXGroup;
			children = (
				55B2B92922291EF400900956 /* XSNStimer.h */,
				55B2B92A22291EF400900956 /* XSNStimer.m */,
				55B2B93E222920CA00900956 /* XSGCDTimer.h */,
				55B2B93F222920CA00900956 /* XSGCDTimer.m */,
			);
			path = Timer;
			sourceTree = "<group>";
		};
		55B2B996222A6C3100900956 /* Copy */ = {
			isa = PBXGroup;
			children = (
				55B2B997222A6C4500900956 /* XSCopy.h */,
				55B2B998222A6C4500900956 /* XSCopy.m */,
			);
			path = Copy;
			sourceTree = "<group>";
		};
		55B2B9A0222A768B00900956 /* 0管理范围内外 */ = {
			isa = PBXGroup;
			children = (
			);
			path = "0管理范围内外";
			sourceTree = "<group>";
		};
		55B2B9F1222D290C00900956 /* 素材 */ = {
			isa = PBXGroup;
			children = (
				55B2B9BD222CCDAE00900956 /* Person.h */,
				55B2B9BE222CCDAE00900956 /* Person.m */,
				55B2B9C0222CCDBA00900956 /* car.h */,
				55B2B9C1222CCDBA00900956 /* car.m */,
			);
			path = "素材";
			sourceTree = "<group>";
		};
		55B2B9F5222D2A5A00900956 /* 框架底层相关数据类型 */ = {
			isa = PBXGroup;
			children = (
				55B2B9EE222D28FD00900956 /* MemoryCopy.h */,
				55B2B9EF222D28FE00900956 /* MemoryCopy.m */,
				55B2B9F2222D299D00900956 /* MemoryOtherDataType.h */,
				55B2B9F3222D299D00900956 /* MemoryOtherDataType.m */,
			);
			path = "框架底层相关数据类型";
			sourceTree = "<group>";
		};
/* End PBXGroup section */

/* Begin PBXNativeTarget section */
		55B2B8AA2229171A00900956 /* 2019OC2 */ = {
			isa = PBXNativeTarget;
			buildConfigurationList = 55B2B8C12229171B00900956 /* Build configuration list for PBXNativeTarget "2019OC2" */;
			buildPhases = (
				55B2B8A72229171A00900956 /* Sources */,
				55B2B8A82229171A00900956 /* Frameworks */,
				55B2B8A92229171A00900956 /* Resources */,
			);
			buildRules = (
			);
			dependencies = (
			);
			name = 2019OC2;
			productName = 2019OC2;
			productReference = 55B2B8AB2229171A00900956 /* 2019OC2.app */;
			productType = "com.apple.product-type.application";
		};
/* End PBXNativeTarget section */

/* Begin PBXProject section */
		55B2B8A32229171A00900956 /* Project object */ = {
			isa = PBXProject;
			attributes = {
				LastUpgradeCheck = 0930;
				ORGANIZATIONNAME = Touker;
				TargetAttributes = {
					55B2B8AA2229171A00900956 = {
						CreatedOnToolsVersion = 9.3.1;
					};
				};
			};
			buildConfigurationList = 55B2B8A62229171A00900956 /* Build configuration list for PBXProject "2019OC2" */;
			compatibilityVersion = "Xcode 9.3";
			developmentRegion = en;
			hasScannedForEncodings = 0;
			knownRegions = (
				en,
				Base,
			);
			mainGroup = 55B2B8A22229171A00900956;
			productRefGroup = 55B2B8AC2229171A00900956 /* Products */;
			projectDirPath = "";
			projectRoot = "";
			targets = (
				55B2B8AA2229171A00900956 /* 2019OC2 */,
			);
		};
/* End PBXProject section */

/* Begin PBXResourcesBuildPhase section */
		55B2B8A92229171A00900956 /* Resources */ = {
			isa = PBXResourcesBuildPhase;
			buildActionMask = 2147483647;
			files = (
				55B2B8BB2229171B00900956 /* LaunchScreen.storyboard in Resources */,
				55B2B8B82229171B00900956 /* Assets.xcassets in Resources */,
				55B2B8B62229171A00900956 /* Main.storyboard in Resources */,
			);
			runOnlyForDeploymentPostprocessing = 0;
		};
/* End PBXResourcesBuildPhase section */

/* Begin PBXSourcesBuildPhase section */
		55B2B8A72229171A00900956 /* Sources */ = {
			isa = PBXSourcesBuildPhase;
			buildActionMask = 2147483647;
			files = (
				55B2B92522291BDB00900956 /* FuncRelated.m in Sources */,
				55B2B91322291A0600900956 /* MsgSend.m in Sources */,
				55B2B99C222A763400900956 /* MemoryMangeARC.m in Sources */,
				55B2B999222A6C4500900956 /* XSCopy.m in Sources */,
				55B2B92B22291EF400900956 /* XSNStimer.m in Sources */,
				55B2B92E22291F8700900956 /* XSPermenantThread.m in Sources */,
				55B2B900222917BE00900956 /* BaseDataType.m in Sources */,
				55B2B92822291ED200900956 /* Runloop.m in Sources */,
				55B2B93C2229208A00900956 /* CXQueue.m in Sources */,
				55B2B91F22291BBE00900956 /* ClassRelated.m in Sources */,
				55B2B93122291FC400900956 /* Thread.m in Sources */,
				55B2B91C22291AC300900956 /* KvoTechnology.m in Sources */,
				55B2B9C2222CCDBA00900956 /* car.m in Sources */,
				55B2B9372229206300900956 /* GDCThread.m in Sources */,
				55B2B96322292AA700900956 /* XSNullable.m in Sources */,
				55B2B90D222919B400900956 /* blockType.m in Sources */,
				55B2B9032229181800900956 /* ObjectGrammar.m in Sources */,
				55B2B8B32229171A00900956 /* ViewController.m in Sources */,
				55B2B966222A480400900956 /* MemoryDistribution.m in Sources */,
				55B2B92222291BCB00900956 /* IvarRelated.m in Sources */,
				55B2B96C222A565E00900956 /* MemoryMangeNature.m in Sources */,
				55B2B9F0222D28FE00900956 /* MemoryCopy.m in Sources */,
				55B2B93D2229208A00900956 /* CXOperation.m in Sources */,
				55B2B91622291A5B00900956 /* NSObject+Associated.m in Sources */,
				55B2B940222920CA00900956 /* XSGCDTimer.m in Sources */,
				55B2B910222919EC00900956 /* classLoad.m in Sources */,
				55B2B9BF222CCDAE00900956 /* Person.m in Sources */,
				55B2B9342229202500900956 /* XCNSThread.m in Sources */,
				55B2B99F222A764500900956 /* MemoryMangeMRC.m in Sources */,
				55B2B8BE2229171B00900956 /* main.m in Sources */,
				55B2B8B02229171A00900956 /* AppDelegate.m in Sources */,
				55B2B9472229223500900956 /* XSProxy.m in Sources */,
				55B2B9092229193200900956 /* Keyword.m in Sources */,
				55B2B969222A4E7400900956 /* XSThreadSecurity.m in Sources */,
				55B2B91922291AB800900956 /* KvcTechnology.m in Sources */,
				55B2B9F4222D299D00900956 /* MemoryOtherDataType.m in Sources */,
			);
			runOnlyForDeploymentPostprocessing = 0;
		};
/* End PBXSourcesBuildPhase section */

/* Begin PBXVariantGroup section */
		55B2B8B42229171A00900956 /* Main.storyboard */ = {
			isa = PBXVariantGroup;
			children = (
				55B2B8B52229171A00900956 /* Base */,
			);
			name = Main.storyboard;
			sourceTree = "<group>";
		};
		55B2B8B92229171B00900956 /* LaunchScreen.storyboard */ = {
			isa = PBXVariantGroup;
			children = (
				55B2B8BA2229171B00900956 /* Base */,
			);
			name = LaunchScreen.storyboard;
			sourceTree = "<group>";
		};
/* End PBXVariantGroup section */

/* Begin XCBuildConfiguration section */
		55B2B8BF2229171B00900956 /* Debug */ = {
			isa = XCBuildConfiguration;
			buildSettings = {
				ALWAYS_SEARCH_USER_PATHS = NO;
				CLANG_ANALYZER_NONNULL = YES;
				CLANG_ANALYZER_NUMBER_OBJECT_CONVERSION = YES_AGGRESSIVE;
				CLANG_CXX_LANGUAGE_STANDARD = "gnu++14";
				CLANG_CXX_LIBRARY = "libc++";
				CLANG_ENABLE_MODULES = YES;
				CLANG_ENABLE_OBJC_ARC = YES;
				CLANG_ENABLE_OBJC_WEAK = YES;
				CLANG_WARN_BLOCK_CAPTURE_AUTORELEASING = YES;
				CLANG_WARN_BOOL_CONVERSION = YES;
				CLANG_WARN_COMMA = YES;
				CLANG_WARN_CONSTANT_CONVERSION = YES;
				CLANG_WARN_DEPRECATED_OBJC_IMPLEMENTATIONS = YES;
				CLANG_WARN_DIRECT_OBJC_ISA_USAGE = YES_ERROR;
				CLANG_WARN_DOCUMENTATION_COMMENTS = YES;
				CLANG_WARN_EMPTY_BODY = YES;
				CLANG_WARN_ENUM_CONVERSION = YES;
				CLANG_WARN_INFINITE_RECURSION = YES;
				CLANG_WARN_INT_CONVERSION = YES;
				CLANG_WARN_NON_LITERAL_NULL_CONVERSION = YES;
				CLANG_WARN_OBJC_IMPLICIT_RETAIN_SELF = YES;
				CLANG_WARN_OBJC_LITERAL_CONVERSION = YES;
				CLANG_WARN_OBJC_ROOT_CLASS = YES_ERROR;
				CLANG_WARN_RANGE_LOOP_ANALYSIS = YES;
				CLANG_WARN_STRICT_PROTOTYPES = YES;
				CLANG_WARN_SUSPICIOUS_MOVE = YES;
				CLANG_WARN_UNGUARDED_AVAILABILITY = YES_AGGRESSIVE;
				CLANG_WARN_UNREACHABLE_CODE = YES;
				CLANG_WARN__DUPLICATE_METHOD_MATCH = YES;
				CODE_SIGN_IDENTITY = "iPhone Developer";
				COPY_PHASE_STRIP = NO;
				DEBUG_INFORMATION_FORMAT = dwarf;
				ENABLE_STRICT_OBJC_MSGSEND = YES;
				ENABLE_TESTABILITY = YES;
				GCC_C_LANGUAGE_STANDARD = gnu11;
				GCC_DYNAMIC_NO_PIC = NO;
				GCC_NO_COMMON_BLOCKS = YES;
				GCC_OPTIMIZATION_LEVEL = 0;
				GCC_PREPROCESSOR_DEFINITIONS = (
					"DEBUG=1",
					"$(inherited)",
				);
				GCC_WARN_64_TO_32_BIT_CONVERSION = YES;
				GCC_WARN_ABOUT_RETURN_TYPE = YES_ERROR;
				GCC_WARN_UNDECLARED_SELECTOR = YES;
				GCC_WARN_UNINITIALIZED_AUTOS = YES_AGGRESSIVE;
				GCC_WARN_UNUSED_FUNCTION = YES;
				GCC_WARN_UNUSED_VARIABLE = YES;
				IPHONEOS_DEPLOYMENT_TARGET = 11.3;
				MTL_ENABLE_DEBUG_INFO = YES;
				ONLY_ACTIVE_ARCH = YES;
				SDKROOT = iphoneos;
			};
			name = Debug;
		};
		55B2B8C02229171B00900956 /* Release */ = {
			isa = XCBuildConfiguration;
			buildSettings = {
				ALWAYS_SEARCH_USER_PATHS = NO;
				CLANG_ANALYZER_NONNULL = YES;
				CLANG_ANALYZER_NUMBER_OBJECT_CONVERSION = YES_AGGRESSIVE;
				CLANG_CXX_LANGUAGE_STANDARD = "gnu++14";
				CLANG_CXX_LIBRARY = "libc++";
				CLANG_ENABLE_MODULES = YES;
				CLANG_ENABLE_OBJC_ARC = YES;
				CLANG_ENABLE_OBJC_WEAK = YES;
				CLANG_WARN_BLOCK_CAPTURE_AUTORELEASING = YES;
				CLANG_WARN_BOOL_CONVERSION = YES;
				CLANG_WARN_COMMA = YES;
				CLANG_WARN_CONSTANT_CONVERSION = YES;
				CLANG_WARN_DEPRECATED_OBJC_IMPLEMENTATIONS = YES;
				CLANG_WARN_DIRECT_OBJC_ISA_USAGE = YES_ERROR;
				CLANG_WARN_DOCUMENTATION_COMMENTS = YES;
				CLANG_WARN_EMPTY_BODY = YES;
				CLANG_WARN_ENUM_CONVERSION = YES;
				CLANG_WARN_INFINITE_RECURSION = YES;
				CLANG_WARN_INT_CONVERSION = YES;
				CLANG_WARN_NON_LITERAL_NULL_CONVERSION = YES;
				CLANG_WARN_OBJC_IMPLICIT_RETAIN_SELF = YES;
				CLANG_WARN_OBJC_LITERAL_CONVERSION = YES;
				CLANG_WARN_OBJC_ROOT_CLASS = YES_ERROR;
				CLANG_WARN_RANGE_LOOP_ANALYSIS = YES;
				CLANG_WARN_STRICT_PROTOTYPES = YES;
				CLANG_WARN_SUSPICIOUS_MOVE = YES;
				CLANG_WARN_UNGUARDED_AVAILABILITY = YES_AGGRESSIVE;
				CLANG_WARN_UNREACHABLE_CODE = YES;
				CLANG_WARN__DUPLICATE_METHOD_MATCH = YES;
				CODE_SIGN_IDENTITY = "iPhone Developer";
				COPY_PHASE_STRIP = NO;
				DEBUG_INFORMATION_FORMAT = "dwarf-with-dsym";
				ENABLE_NS_ASSERTIONS = NO;
				ENABLE_STRICT_OBJC_MSGSEND = YES;
				GCC_C_LANGUAGE_STANDARD = gnu11;
				GCC_NO_COMMON_BLOCKS = YES;
				GCC_WARN_64_TO_32_BIT_CONVERSION = YES;
				GCC_WARN_ABOUT_RETURN_TYPE = YES_ERROR;
				GCC_WARN_UNDECLARED_SELECTOR = YES;
				GCC_WARN_UNINITIALIZED_AUTOS = YES_AGGRESSIVE;
				GCC_WARN_UNUSED_FUNCTION = YES;
				GCC_WARN_UNUSED_VARIABLE = YES;
				IPHONEOS_DEPLOYMENT_TARGET = 11.3;
				MTL_ENABLE_DEBUG_INFO = NO;
				SDKROOT = iphoneos;
				VALIDATE_PRODUCT = YES;
			};
			name = Release;
		};
		55B2B8C22229171B00900956 /* Debug */ = {
			isa = XCBuildConfiguration;
			buildSettings = {
				ASSETCATALOG_COMPILER_APPICON_NAME = AppIcon;
				CODE_SIGN_STYLE = Automatic;
				INFOPLIST_FILE = 2019OC2/Info.plist;
				LD_RUNPATH_SEARCH_PATHS = (
					"$(inherited)",
					"@executable_path/Frameworks",
				);
				PRODUCT_BUNDLE_IDENTIFIER = "com.touker.-019OC2";
				PRODUCT_NAME = "$(TARGET_NAME)";
				TARGETED_DEVICE_FAMILY = "1,2";
			};
			name = Debug;
		};
		55B2B8C32229171B00900956 /* Release */ = {
			isa = XCBuildConfiguration;
			buildSettings = {
				ASSETCATALOG_COMPILER_APPICON_NAME = AppIcon;
				CODE_SIGN_STYLE = Automatic;
				INFOPLIST_FILE = 2019OC2/Info.plist;
				LD_RUNPATH_SEARCH_PATHS = (
					"$(inherited)",
					"@executable_path/Frameworks",
				);
				PRODUCT_BUNDLE_IDENTIFIER = "com.touker.-019OC2";
				PRODUCT_NAME = "$(TARGET_NAME)";
				TARGETED_DEVICE_FAMILY = "1,2";
			};
			name = Release;
		};
/* End XCBuildConfiguration section */

/* Begin XCConfigurationList section */
		55B2B8A62229171A00900956 /* Build configuration list for PBXProject "2019OC2" */ = {
			isa = XCConfigurationList;
			buildConfigurations = (
				55B2B8BF2229171B00900956 /* Debug */,
				55B2B8C02229171B00900956 /* Release */,
			);
			defaultConfigurationIsVisible = 0;
			defaultConfigurationName = Release;
		};
		55B2B8C12229171B00900956 /* Build configuration list for PBXNativeTarget "2019OC2" */ = {
			isa = XCConfigurationList;
			buildConfigurations = (
				55B2B8C22229171B00900956 /* Debug */,
				55B2B8C32229171B00900956 /* Release */,
			);
			defaultConfigurationIsVisible = 0;
			defaultConfigurationName = Release;
		};
/* End XCConfigurationList section */
	};
	rootObject = 55B2B8A32229171A00900956 /* Project object */;
}
