// !$*UTF8*$!
{
	archiveVersion = 1;
	classes = {
	};
	objectVersion = 48;
	objects = {

/* Begin PBXBuildFile section */
		55A903842111841F00A06DE5 /* 06BuildPhases.m in Sources */ = {isa = PBXBuildFile; fileRef = 55A903122111841F00A06DE5 /* 06BuildPhases.m */; };
		55A903852111841F00A06DE5 /* target dependencies.m in Sources */ = {isa = PBXBuildFile; fileRef = 55A903142111841F00A06DE5 /* target dependencies.m */; };
		55A903862111841F00A06DE5 /* 0Build Setting.m in Sources */ = {isa = PBXBuildFile; fileRef = 55A9031B2111841F00A06DE5 /* 0Build Setting.m */; };
		55A903872111841F00A06DE5 /* 04InfoPlist.m in Sources */ = {isa = PBXBuildFile; fileRef = 55A9031C2111841F00A06DE5 /* 04InfoPlist.m */; };
		55A903882111841F00A06DE5 /* 07BuildRules.m in Sources */ = {isa = PBXBuildFile; fileRef = 55A903282111841F00A06DE5 /* 07BuildRules.m */; };
		55A903892111841F00A06DE5 /* Resource tags.m in Sources */ = {isa = PBXBuildFile; fileRef = 55A9032A2111841F00A06DE5 /* Resource tags.m */; };
		55A9038A2111841F00A06DE5 /* libaray.m in Sources */ = {isa = PBXBuildFile; fileRef = 55A903312111841F00A06DE5 /* libaray.m */; };
		55A9038B2111841F00A06DE5 /* ViewController.m in Sources */ = {isa = PBXBuildFile; fileRef = 55A9037D2111841F00A06DE5 /* ViewController.m */; };
		55A9038C2111841F00A06DE5 /* git.m in Sources */ = {isa = PBXBuildFile; fileRef = 55A903832111841F00A06DE5 /* git.m */; };
/* End PBXBuildFile section */

/* Begin PBXFileReference section */
		550979EB1FCBA93D008048E4 /* NO1.app */ = {isa = PBXFileReference; explicitFileType = wrapper.application; includeInIndex = 0; path = NO1.app; sourceTree = BUILT_PRODUCTS_DIR; };
		55A902EB2111841F00A06DE5 /* AppDelegate.h */ = {isa = PBXFileReference; fileEncoding = 4; lastKnownFileType = sourcecode.c.h; path = AppDelegate.h; sourceTree = "<group>"; };
		55A902ED2111841F00A06DE5 /* AppDelegate.h */ = {isa = PBXFileReference; fileEncoding = 4; lastKnownFileType = sourcecode.c.h; path = AppDelegate.h; sourceTree = "<group>"; };
		55A902EF2111841F00A06DE5 /* AppDelegate.h */ = {isa = PBXFileReference; fileEncoding = 4; lastKnownFileType = sourcecode.c.h; path = AppDelegate.h; sourceTree = "<group>"; };
		55A902F12111841F00A06DE5 /* AppDelegate.h */ = {isa = PBXFileReference; fileEncoding = 4; lastKnownFileType = sourcecode.c.h; path = AppDelegate.h; sourceTree = "<group>"; };
		55A902F32111841F00A06DE5 /* AppDelegate.h */ = {isa = PBXFileReference; fileEncoding = 4; lastKnownFileType = sourcecode.c.h; path = AppDelegate.h; sourceTree = "<group>"; };
		55A902F42111841F00A06DE5 /* http.h */ = {isa = PBXFileReference; fileEncoding = 4; lastKnownFileType = sourcecode.c.h; path = http.h; sourceTree = "<group>"; };
		55A902F62111841F00A06DE5 /* AppDelegate.h */ = {isa = PBXFileReference; fileEncoding = 4; lastKnownFileType = sourcecode.c.h; path = AppDelegate.h; sourceTree = "<group>"; };
		55A902FE2111841F00A06DE5 /* AppDelegate.h */ = {isa = PBXFileReference; fileEncoding = 4; lastKnownFileType = sourcecode.c.h; path = AppDelegate.h; sourceTree = "<group>"; };
		55A903002111841F00A06DE5 /* AppDelegate.h */ = {isa = PBXFileReference; fileEncoding = 4; lastKnownFileType = sourcecode.c.h; path = AppDelegate.h; sourceTree = "<group>"; };
		55A903012111841F00A06DE5 /* 01Product.h */ = {isa = PBXFileReference; fileEncoding = 4; lastKnownFileType = sourcecode.c.h; path = 01Product.h; sourceTree = "<group>"; };
		55A903032111841F00A06DE5 /* AppDelegate.h */ = {isa = PBXFileReference; fileEncoding = 4; lastKnownFileType = sourcecode.c.h; path = AppDelegate.h; sourceTree = "<group>"; };
		55A903052111841F00A06DE5 /* AppDelegate.h */ = {isa = PBXFileReference; fileEncoding = 4; lastKnownFileType = sourcecode.c.h; path = AppDelegate.h; sourceTree = "<group>"; };
		55A903072111841F00A06DE5 /* AppDelegate.h */ = {isa = PBXFileReference; fileEncoding = 4; lastKnownFileType = sourcecode.c.h; path = AppDelegate.h; sourceTree = "<group>"; };
		55A903092111841F00A06DE5 /* AppDelegate.h */ = {isa = PBXFileReference; fileEncoding = 4; lastKnownFileType = sourcecode.c.h; path = AppDelegate.h; sourceTree = "<group>"; };
		55A9030B2111841F00A06DE5 /* AppDelegate.h */ = {isa = PBXFileReference; fileEncoding = 4; lastKnownFileType = sourcecode.c.h; path = AppDelegate.h; sourceTree = "<group>"; };
		55A9030D2111841F00A06DE5 /* AppDelegate.h */ = {isa = PBXFileReference; fileEncoding = 4; lastKnownFileType = sourcecode.c.h; path = AppDelegate.h; sourceTree = "<group>"; };
		55A9030E2111841F00A06DE5 /* Build.h */ = {isa = PBXFileReference; fileEncoding = 4; lastKnownFileType = sourcecode.c.h; path = Build.h; sourceTree = "<group>"; };
		55A903122111841F00A06DE5 /* 06BuildPhases.m */ = {isa = PBXFileReference; fileEncoding = 4; lastKnownFileType = sourcecode.c.objc; path = 06BuildPhases.m; sourceTree = "<group>"; };
		55A903142111841F00A06DE5 /* target dependencies.m */ = {isa = PBXFileReference; fileEncoding = 4; lastKnownFileType = sourcecode.c.objc; path = "target dependencies.m"; sourceTree = "<group>"; };
		55A903162111841F00A06DE5 /* target.h */ = {isa = PBXFileReference; fileEncoding = 4; lastKnownFileType = sourcecode.c.h; path = target.h; sourceTree = "<group>"; };
		55A903182111841F00A06DE5 /* 00AppleID.h */ = {isa = PBXFileReference; fileEncoding = 4; lastKnownFileType = sourcecode.c.h; path = 00AppleID.h; sourceTree = "<group>"; };
		55A9031A2111841F00A06DE5 /* configurationFiles.h */ = {isa = PBXFileReference; fileEncoding = 4; lastKnownFileType = sourcecode.c.h; path = configurationFiles.h; sourceTree = "<group>"; };
		55A9031B2111841F00A06DE5 /* 0Build Setting.m */ = {isa = PBXFileReference; fileEncoding = 4; lastKnownFileType = sourcecode.c.objc; path = "0Build Setting.m"; sourceTree = "<group>"; };
		55A9031C2111841F00A06DE5 /* 04InfoPlist.m */ = {isa = PBXFileReference; fileEncoding = 4; lastKnownFileType = sourcecode.c.objc; path = 04InfoPlist.m; sourceTree = "<group>"; };
		55A9031D2111841F00A06DE5 /* 02Asset.h */ = {isa = PBXFileReference; fileEncoding = 4; lastKnownFileType = sourcecode.c.h; path = 02Asset.h; sourceTree = "<group>"; };
		55A9031E2111841F00A06DE5 /* 07Packaging.h */ = {isa = PBXFileReference; fileEncoding = 4; lastKnownFileType = sourcecode.c.h; path = 07Packaging.h; sourceTree = "<group>"; };
		55A9031F2111841F00A06DE5 /* 06Linking.h */ = {isa = PBXFileReference; fileEncoding = 4; lastKnownFileType = sourcecode.c.h; path = 06Linking.h; sourceTree = "<group>"; };
		55A903202111841F00A06DE5 /* 09Other.h */ = {isa = PBXFileReference; fileEncoding = 4; lastKnownFileType = sourcecode.c.h; path = 09Other.h; sourceTree = "<group>"; };
		55A903212111841F00A06DE5 /* 0Debug 与Release.h */ = {isa = PBXFileReference; fileEncoding = 4; lastKnownFileType = sourcecode.c.h; path = "0Debug 与Release.h"; sourceTree = "<group>"; };
		55A903222111841F00A06DE5 /* 03Build Locations.h */ = {isa = PBXFileReference; fileEncoding = 4; lastKnownFileType = sourcecode.c.h; path = "03Build Locations.h"; sourceTree = "<group>"; };
		55A903232111841F00A06DE5 /* 01Architectures.h */ = {isa = PBXFileReference; fileEncoding = 4; lastKnownFileType = sourcecode.c.h; path = 01Architectures.h; sourceTree = "<group>"; };
		55A903242111841F00A06DE5 /* 04Build Options.h */ = {isa = PBXFileReference; fileEncoding = 4; lastKnownFileType = sourcecode.c.h; path = "04Build Options.h"; sourceTree = "<group>"; };
		55A903252111841F00A06DE5 /* 08Signing.h */ = {isa = PBXFileReference; fileEncoding = 4; lastKnownFileType = sourcecode.c.h; path = 08Signing.h; sourceTree = "<group>"; };
		55A903262111841F00A06DE5 /* 05Deployment.h */ = {isa = PBXFileReference; fileEncoding = 4; lastKnownFileType = sourcecode.c.h; path = 05Deployment.h; sourceTree = "<group>"; };
		55A903282111841F00A06DE5 /* 07BuildRules.m */ = {isa = PBXFileReference; fileEncoding = 4; lastKnownFileType = sourcecode.c.objc; path = 07BuildRules.m; sourceTree = "<group>"; };
		55A9032A2111841F00A06DE5 /* Resource tags.m */ = {isa = PBXFileReference; fileEncoding = 4; lastKnownFileType = sourcecode.c.objc; path = "Resource tags.m"; sourceTree = "<group>"; };
		55A9032B2111841F00A06DE5 /* AppDelegate.h */ = {isa = PBXFileReference; fileEncoding = 4; lastKnownFileType = sourcecode.c.h; path = AppDelegate.h; sourceTree = "<group>"; };
		55A9032D2111841F00A06DE5 /* AppDelegate.h */ = {isa = PBXFileReference; fileEncoding = 4; lastKnownFileType = sourcecode.c.h; path = AppDelegate.h; sourceTree = "<group>"; };
		55A9032E2111841F00A06DE5 /* Resources.h */ = {isa = PBXFileReference; fileEncoding = 4; lastKnownFileType = sourcecode.c.h; path = Resources.h; sourceTree = "<group>"; };
		55A903302111841F00A06DE5 /* nib、xib及storyboard.h */ = {isa = PBXFileReference; fileEncoding = 4; lastKnownFileType = sourcecode.c.h; path = "nib、xib及storyboard.h"; sourceTree = "<group>"; };
		55A903312111841F00A06DE5 /* libaray.m */ = {isa = PBXFileReference; fileEncoding = 4; lastKnownFileType = sourcecode.c.objc; path = libaray.m; sourceTree = "<group>"; };
		55A903322111841F00A06DE5 /* Base.lproj.h */ = {isa = PBXFileReference; fileEncoding = 4; lastKnownFileType = sourcecode.c.h; path = Base.lproj.h; sourceTree = "<group>"; };
		55A903332111841F00A06DE5 /* Assets.xcassets.h */ = {isa = PBXFileReference; fileEncoding = 4; lastKnownFileType = sourcecode.c.h; path = Assets.xcassets.h; sourceTree = "<group>"; };
		55A903352111841F00A06DE5 /* xcworkspace文件.h */ = {isa = PBXFileReference; fileEncoding = 4; lastKnownFileType = sourcecode.c.h; path = "xcworkspace文件.h"; sourceTree = "<group>"; };
		55A903362111841F00A06DE5 /* AppDelegate.h */ = {isa = PBXFileReference; fileEncoding = 4; lastKnownFileType = sourcecode.c.h; path = AppDelegate.h; sourceTree = "<group>"; };
		55A903372111841F00A06DE5 /* pbxproj文件.h */ = {isa = PBXFileReference; fileEncoding = 4; lastKnownFileType = sourcecode.c.h; path = "pbxproj文件.h"; sourceTree = "<group>"; };
		55A903382111841F00A06DE5 /* xcscheme文件.h */ = {isa = PBXFileReference; fileEncoding = 4; lastKnownFileType = sourcecode.c.h; path = "xcscheme文件.h"; sourceTree = "<group>"; };
		55A9033A2111841F00A06DE5 /* AppDelegate.h */ = {isa = PBXFileReference; fileEncoding = 4; lastKnownFileType = sourcecode.c.h; path = AppDelegate.h; sourceTree = "<group>"; };
		55A9033C2111841F00A06DE5 /* AppDelegate.h */ = {isa = PBXFileReference; fileEncoding = 4; lastKnownFileType = sourcecode.c.h; path = AppDelegate.h; sourceTree = "<group>"; };
		55A9033F2111841F00A06DE5 /* AppDelegate.h */ = {isa = PBXFileReference; fileEncoding = 4; lastKnownFileType = sourcecode.c.h; path = AppDelegate.h; sourceTree = "<group>"; };
		55A903432111841F00A06DE5 /* De.h */ = {isa = PBXFileReference; fileEncoding = 4; lastKnownFileType = sourcecode.c.h; path = De.h; sourceTree = "<group>"; };
		55A903462111841F00A06DE5 /* De.h */ = {isa = PBXFileReference; fileEncoding = 4; lastKnownFileType = sourcecode.c.h; path = De.h; sourceTree = "<group>"; };
		55A903482111841F00A06DE5 /* De.h */ = {isa = PBXFileReference; fileEncoding = 4; lastKnownFileType = sourcecode.c.h; path = De.h; sourceTree = "<group>"; };
		55A9034A2111841F00A06DE5 /* De.h */ = {isa = PBXFileReference; fileEncoding = 4; lastKnownFileType = sourcecode.c.h; path = De.h; sourceTree = "<group>"; };
		55A9034C2111841F00A06DE5 /* De.h */ = {isa = PBXFileReference; fileEncoding = 4; lastKnownFileType = sourcecode.c.h; path = De.h; sourceTree = "<group>"; };
		55A9034E2111841F00A06DE5 /* De.h */ = {isa = PBXFileReference; fileEncoding = 4; lastKnownFileType = sourcecode.c.h; path = De.h; sourceTree = "<group>"; };
		55A903502111841F00A06DE5 /* De.h */ = {isa = PBXFileReference; fileEncoding = 4; lastKnownFileType = sourcecode.c.h; path = De.h; sourceTree = "<group>"; };
		55A903522111841F00A06DE5 /* De.h */ = {isa = PBXFileReference; fileEncoding = 4; lastKnownFileType = sourcecode.c.h; path = De.h; sourceTree = "<group>"; };
		55A903542111841F00A06DE5 /* De.h */ = {isa = PBXFileReference; fileEncoding = 4; lastKnownFileType = sourcecode.c.h; path = De.h; sourceTree = "<group>"; };
		55A903562111841F00A06DE5 /* De.h */ = {isa = PBXFileReference; fileEncoding = 4; lastKnownFileType = sourcecode.c.h; path = De.h; sourceTree = "<group>"; };
		55A903572111841F00A06DE5 /* De的副本.h */ = {isa = PBXFileReference; fileEncoding = 4; lastKnownFileType = sourcecode.c.h; path = "De的副本.h"; sourceTree = "<group>"; };
		55A903592111841F00A06DE5 /* De.h */ = {isa = PBXFileReference; fileEncoding = 4; lastKnownFileType = sourcecode.c.h; path = De.h; sourceTree = "<group>"; };
		55A9035B2111841F00A06DE5 /* De.h */ = {isa = PBXFileReference; fileEncoding = 4; lastKnownFileType = sourcecode.c.h; path = De.h; sourceTree = "<group>"; };
		55A9035E2111841F00A06DE5 /* De.h */ = {isa = PBXFileReference; fileEncoding = 4; lastKnownFileType = sourcecode.c.h; path = De.h; sourceTree = "<group>"; };
		55A903602111841F00A06DE5 /* De.h */ = {isa = PBXFileReference; fileEncoding = 4; lastKnownFileType = sourcecode.c.h; path = De.h; sourceTree = "<group>"; };
		55A903622111841F00A06DE5 /* De.h */ = {isa = PBXFileReference; fileEncoding = 4; lastKnownFileType = sourcecode.c.h; path = De.h; sourceTree = "<group>"; };
		55A903642111841F00A06DE5 /* De.h */ = {isa = PBXFileReference; fileEncoding = 4; lastKnownFileType = sourcecode.c.h; path = De.h; sourceTree = "<group>"; };
		55A903662111841F00A06DE5 /* De.h */ = {isa = PBXFileReference; fileEncoding = 4; lastKnownFileType = sourcecode.c.h; path = De.h; sourceTree = "<group>"; };
		55A903692111841F00A06DE5 /* De.h */ = {isa = PBXFileReference; fileEncoding = 4; lastKnownFileType = sourcecode.c.h; path = De.h; sourceTree = "<group>"; };
		55A9036B2111841F00A06DE5 /* De.h */ = {isa = PBXFileReference; fileEncoding = 4; lastKnownFileType = sourcecode.c.h; path = De.h; sourceTree = "<group>"; };
		55A9036D2111841F00A06DE5 /* De.h */ = {isa = PBXFileReference; fileEncoding = 4; lastKnownFileType = sourcecode.c.h; path = De.h; sourceTree = "<group>"; };
		55A9036F2111841F00A06DE5 /* De.h */ = {isa = PBXFileReference; fileEncoding = 4; lastKnownFileType = sourcecode.c.h; path = De.h; sourceTree = "<group>"; };
		55A903712111841F00A06DE5 /* De.h */ = {isa = PBXFileReference; fileEncoding = 4; lastKnownFileType = sourcecode.c.h; path = De.h; sourceTree = "<group>"; };
		55A903732111841F00A06DE5 /* De.h */ = {isa = PBXFileReference; fileEncoding = 4; lastKnownFileType = sourcecode.c.h; path = De.h; sourceTree = "<group>"; };
		55A903752111841F00A06DE5 /* De.h */ = {isa = PBXFileReference; fileEncoding = 4; lastKnownFileType = sourcecode.c.h; path = De.h; sourceTree = "<group>"; };
		55A903772111841F00A06DE5 /* De.h */ = {isa = PBXFileReference; fileEncoding = 4; lastKnownFileType = sourcecode.c.h; path = De.h; sourceTree = "<group>"; };
		55A903792111841F00A06DE5 /* De.h */ = {isa = PBXFileReference; fileEncoding = 4; lastKnownFileType = sourcecode.c.h; path = De.h; sourceTree = "<group>"; };
		55A9037A2111841F00A06DE5 /* AppDelegate.h */ = {isa = PBXFileReference; fileEncoding = 4; lastKnownFileType = sourcecode.c.h; path = AppDelegate.h; sourceTree = "<group>"; };
		55A9037C2111841F00A06DE5 /* AppDelegate.h */ = {isa = PBXFileReference; fileEncoding = 4; lastKnownFileType = sourcecode.c.h; path = AppDelegate.h; sourceTree = "<group>"; };
		55A9037D2111841F00A06DE5 /* ViewController.m */ = {isa = PBXFileReference; fileEncoding = 4; lastKnownFileType = sourcecode.c.objc; path = ViewController.m; sourceTree = "<group>"; };
		55A903802111841F00A06DE5 /* AppDelegate.h */ = {isa = PBXFileReference; fileEncoding = 4; lastKnownFileType = sourcecode.c.h; path = AppDelegate.h; sourceTree = "<group>"; };
		55A903822111841F00A06DE5 /* git.h */ = {isa = PBXFileReference; fileEncoding = 4; lastKnownFileType = sourcecode.c.h; path = git.h; sourceTree = "<group>"; };
		55A903832111841F00A06DE5 /* git.m */ = {isa = PBXFileReference; fileEncoding = 4; lastKnownFileType = sourcecode.c.objc; path = git.m; sourceTree = "<group>"; };
/* End PBXFileReference section */

/* Begin PBXFrameworksBuildPhase section */
		550979E81FCBA93D008048E4 /* Frameworks */ = {
			isa = PBXFrameworksBuildPhase;
			buildActionMask = 2147483647;
			files = (
			);
			runOnlyForDeploymentPostprocessing = 0;
		};
/* End PBXFrameworksBuildPhase section */

/* Begin PBXGroup section */
		550979E21FCBA93D008048E4 = {
			isa = PBXGroup;
			children = (
				55A902E82111841F00A06DE5 /* chen */,
				550979EC1FCBA93D008048E4 /* Products */,
			);
			sourceTree = "<group>";
		};
		550979EC1FCBA93D008048E4 /* Products */ = {
			isa = PBXGroup;
			children = (
				550979EB1FCBA93D008048E4 /* NO1.app */,
			);
			name = Products;
			sourceTree = "<group>";
		};
		55A902E82111841F00A06DE5 /* chen */ = {
			isa = PBXGroup;
			children = (
				55A902E92111841F00A06DE5 /* 3解决业务问题 */,
				55A902EA2111841F00A06DE5 /* 1计算机底层实现原理 */,
				55A902F72111841F00A06DE5 /* 2各端百态 */,
			);
			path = chen;
			sourceTree = "<group>";
		};
		55A902E92111841F00A06DE5 /* 3解决业务问题 */ = {
			isa = PBXGroup;
			children = (
			);
			path = "3解决业务问题";
			sourceTree = "<group>";
		};
		55A902EA2111841F00A06DE5 /* 1计算机底层实现原理 */ = {
			isa = PBXGroup;
			children = (
				55A902EB2111841F00A06DE5 /* AppDelegate.h */,
				55A902EC2111841F00A06DE5 /* 02编译过程 */,
				55A902EE2111841F00A06DE5 /* 01网络 */,
			);
			path = "1计算机底层实现原理";
			sourceTree = "<group>";
		};
		55A902EC2111841F00A06DE5 /* 02编译过程 */ = {
			isa = PBXGroup;
			children = (
				55A902ED2111841F00A06DE5 /* AppDelegate.h */,
			);
			path = "02编译过程";
			sourceTree = "<group>";
		};
		55A902EE2111841F00A06DE5 /* 01网络 */ = {
			isa = PBXGroup;
			children = (
				55A902EF2111841F00A06DE5 /* AppDelegate.h */,
				55A902F02111841F00A06DE5 /* 03签名证书 */,
				55A902F22111841F00A06DE5 /* 01网络工程 */,
				55A902F52111841F00A06DE5 /* 02加密解密 */,
			);
			path = "01网络";
			sourceTree = "<group>";
		};
		55A902F02111841F00A06DE5 /* 03签名证书 */ = {
			isa = PBXGroup;
			children = (
				55A902F12111841F00A06DE5 /* AppDelegate.h */,
			);
			path = "03签名证书";
			sourceTree = "<group>";
		};
		55A902F22111841F00A06DE5 /* 01网络工程 */ = {
			isa = PBXGroup;
			children = (
				55A902F32111841F00A06DE5 /* AppDelegate.h */,
				55A902F42111841F00A06DE5 /* http.h */,
			);
			path = "01网络工程";
			sourceTree = "<group>";
		};
		55A902F52111841F00A06DE5 /* 02加密解密 */ = {
			isa = PBXGroup;
			children = (
				55A902F62111841F00A06DE5 /* AppDelegate.h */,
			);
			path = "02加密解密";
			sourceTree = "<group>";
		};
		55A902F72111841F00A06DE5 /* 2各端百态 */ = {
			isa = PBXGroup;
			children = (
				55A902F82111841F00A06DE5 /* Web */,
				55A902F92111841F00A06DE5 /* Java */,
				55A902FA2111841F00A06DE5 /* iOS */,
			);
			path = "2各端百态";
			sourceTree = "<group>";
		};
		55A902F82111841F00A06DE5 /* Web */ = {
			isa = PBXGroup;
			children = (
			);
			path = Web;
			sourceTree = "<group>";
		};
		55A902F92111841F00A06DE5 /* Java */ = {
			isa = PBXGroup;
			children = (
			);
			path = Java;
			sourceTree = "<group>";
		};
		55A902FA2111841F00A06DE5 /* iOS */ = {
			isa = PBXGroup;
			children = (
				55A902FB2111841F00A06DE5 /* 1开发工具 */,
				55A9037B2111841F00A06DE5 /* 3业务 */,
				55A9037D2111841F00A06DE5 /* ViewController.m */,
				55A9037E2111841F00A06DE5 /* 0语言 */,
				55A9037F2111841F00A06DE5 /* 2项目管理 */,
			);
			path = iOS;
			sourceTree = "<group>";
		};
		55A902FB2111841F00A06DE5 /* 1开发工具 */ = {
			isa = PBXGroup;
			children = (
				55A902FC2111841F00A06DE5 /* 02IDE开发功能使用 */,
				55A9033D2111841F00A06DE5 /* 01IDE辅助功能使用 */,
			);
			path = "1开发工具";
			sourceTree = "<group>";
		};
		55A902FC2111841F00A06DE5 /* 02IDE开发功能使用 */ = {
			isa = PBXGroup;
			children = (
				55A902FD2111841F00A06DE5 /* 05Prouct(打包) */,
				55A902FF2111841F00A06DE5 /* 02Schemes(构建计划) */,
				55A903022111841F00A06DE5 /* 06Prouct(装载) */,
				55A903042111841F00A06DE5 /* 00工具项目记录三合一 */,
				55A9030C2111841F00A06DE5 /* 03Prouct(编译) */,
				55A9030F2111841F00A06DE5 /* 01Project(项目管理) */,
				55A903392111841F00A06DE5 /* 04Prouct(运行) */,
				55A9033B2111841F00A06DE5 /* 07Prouct(发布) */,
			);
			path = "02IDE开发功能使用";
			sourceTree = "<group>";
		};
		55A902FD2111841F00A06DE5 /* 05Prouct(打包) */ = {
			isa = PBXGroup;
			children = (
				55A902FE2111841F00A06DE5 /* AppDelegate.h */,
			);
			path = "05Prouct(打包)";
			sourceTree = "<group>";
		};
		55A902FF2111841F00A06DE5 /* 02Schemes(构建计划) */ = {
			isa = PBXGroup;
			children = (
				55A903002111841F00A06DE5 /* AppDelegate.h */,
				55A903012111841F00A06DE5 /* 01Product.h */,
			);
			path = "02Schemes(构建计划)";
			sourceTree = "<group>";
		};
		55A903022111841F00A06DE5 /* 06Prouct(装载) */ = {
			isa = PBXGroup;
			children = (
				55A903032111841F00A06DE5 /* AppDelegate.h */,
			);
			path = "06Prouct(装载)";
			sourceTree = "<group>";
		};
		55A903042111841F00A06DE5 /* 00工具项目记录三合一 */ = {
			isa = PBXGroup;
			children = (
				55A903052111841F00A06DE5 /* AppDelegate.h */,
				55A903062111841F00A06DE5 /* 02Project管理 */,
				55A903082111841F00A06DE5 /* 03Develop记录 */,
				55A9030A2111841F00A06DE5 /* 01Xcode资源 */,
			);
			path = "00工具项目记录三合一";
			sourceTree = "<group>";
		};
		55A903062111841F00A06DE5 /* 02Project管理 */ = {
			isa = PBXGroup;
			children = (
				55A903072111841F00A06DE5 /* AppDelegate.h */,
			);
			path = "02Project管理";
			sourceTree = "<group>";
		};
		55A903082111841F00A06DE5 /* 03Develop记录 */ = {
			isa = PBXGroup;
			children = (
				55A903092111841F00A06DE5 /* AppDelegate.h */,
			);
			path = "03Develop记录";
			sourceTree = "<group>";
		};
		55A9030A2111841F00A06DE5 /* 01Xcode资源 */ = {
			isa = PBXGroup;
			children = (
				55A9030B2111841F00A06DE5 /* AppDelegate.h */,
			);
			path = "01Xcode资源";
			sourceTree = "<group>";
		};
		55A9030C2111841F00A06DE5 /* 03Prouct(编译) */ = {
			isa = PBXGroup;
			children = (
				55A9030D2111841F00A06DE5 /* AppDelegate.h */,
				55A9030E2111841F00A06DE5 /* Build.h */,
			);
			path = "03Prouct(编译)";
			sourceTree = "<group>";
		};
		55A9030F2111841F00A06DE5 /* 01Project(项目管理) */ = {
			isa = PBXGroup;
			children = (
				55A903102111841F00A06DE5 /* B配置 */,
				55A9032B2111841F00A06DE5 /* AppDelegate.h */,
				55A9032C2111841F00A06DE5 /* A资源 */,
				55A903342111841F00A06DE5 /* C */,
			);
			path = "01Project(项目管理)";
			sourceTree = "<group>";
		};
		55A903102111841F00A06DE5 /* B配置 */ = {
			isa = PBXGroup;
			children = (
				55A903112111841F00A06DE5 /* 3编译过程 */,
				55A903132111841F00A06DE5 /* 2编译依赖 */,
				55A903152111841F00A06DE5 /* 5构建产品 */,
				55A903172111841F00A06DE5 /* 6运用设置支持 */,
				55A903192111841F00A06DE5 /* 1编译配置 */,
				55A903272111841F00A06DE5 /* 4编译规则 */,
				55A903292111841F00A06DE5 /* 0按需加载资源(项目级别) */,
			);
			path = "B配置";
			sourceTree = "<group>";
		};
		55A903112111841F00A06DE5 /* 3编译过程 */ = {
			isa = PBXGroup;
			children = (
				55A903122111841F00A06DE5 /* 06BuildPhases.m */,
			);
			path = "3编译过程";
			sourceTree = "<group>";
		};
		55A903132111841F00A06DE5 /* 2编译依赖 */ = {
			isa = PBXGroup;
			children = (
				55A903142111841F00A06DE5 /* target dependencies.m */,
			);
			path = "2编译依赖";
			sourceTree = "<group>";
		};
		55A903152111841F00A06DE5 /* 5构建产品 */ = {
			isa = PBXGroup;
			children = (
				55A903162111841F00A06DE5 /* target.h */,
			);
			path = "5构建产品";
			sourceTree = "<group>";
		};
		55A903172111841F00A06DE5 /* 6运用设置支持 */ = {
			isa = PBXGroup;
			children = (
				55A903182111841F00A06DE5 /* 00AppleID.h */,
			);
			path = "6运用设置支持";
			sourceTree = "<group>";
		};
		55A903192111841F00A06DE5 /* 1编译配置 */ = {
			isa = PBXGroup;
			children = (
				55A9031A2111841F00A06DE5 /* configurationFiles.h */,
				55A9031B2111841F00A06DE5 /* 0Build Setting.m */,
				55A9031C2111841F00A06DE5 /* 04InfoPlist.m */,
				55A9031D2111841F00A06DE5 /* 02Asset.h */,
				55A9031E2111841F00A06DE5 /* 07Packaging.h */,
				55A9031F2111841F00A06DE5 /* 06Linking.h */,
				55A903202111841F00A06DE5 /* 09Other.h */,
				55A903212111841F00A06DE5 /* 0Debug 与Release.h */,
				55A903222111841F00A06DE5 /* 03Build Locations.h */,
				55A903232111841F00A06DE5 /* 01Architectures.h */,
				55A903242111841F00A06DE5 /* 04Build Options.h */,
				55A903252111841F00A06DE5 /* 08Signing.h */,
				55A903262111841F00A06DE5 /* 05Deployment.h */,
			);
			path = "1编译配置";
			sourceTree = "<group>";
		};
		55A903272111841F00A06DE5 /* 4编译规则 */ = {
			isa = PBXGroup;
			children = (
				55A903282111841F00A06DE5 /* 07BuildRules.m */,
			);
			path = "4编译规则";
			sourceTree = "<group>";
		};
		55A903292111841F00A06DE5 /* 0按需加载资源(项目级别) */ = {
			isa = PBXGroup;
			children = (
				55A9032A2111841F00A06DE5 /* Resource tags.m */,
			);
			path = "0按需加载资源(项目级别)";
			sourceTree = "<group>";
		};
		55A9032C2111841F00A06DE5 /* A资源 */ = {
			isa = PBXGroup;
			children = (
				55A9032D2111841F00A06DE5 /* AppDelegate.h */,
				55A9032E2111841F00A06DE5 /* Resources.h */,
				55A9032F2111841F00A06DE5 /* 各种资源文件类型 */,
			);
			path = "A资源";
			sourceTree = "<group>";
		};
		55A9032F2111841F00A06DE5 /* 各种资源文件类型 */ = {
			isa = PBXGroup;
			children = (
				55A903302111841F00A06DE5 /* nib、xib及storyboard.h */,
				55A903312111841F00A06DE5 /* libaray.m */,
				55A903322111841F00A06DE5 /* Base.lproj.h */,
				55A903332111841F00A06DE5 /* Assets.xcassets.h */,
			);
			path = "各种资源文件类型";
			sourceTree = "<group>";
		};
		55A903342111841F00A06DE5 /* C */ = {
			isa = PBXGroup;
			children = (
				55A903352111841F00A06DE5 /* xcworkspace文件.h */,
				55A903362111841F00A06DE5 /* AppDelegate.h */,
				55A903372111841F00A06DE5 /* pbxproj文件.h */,
				55A903382111841F00A06DE5 /* xcscheme文件.h */,
			);
			path = C;
			sourceTree = "<group>";
		};
		55A903392111841F00A06DE5 /* 04Prouct(运行) */ = {
			isa = PBXGroup;
			children = (
				55A9033A2111841F00A06DE5 /* AppDelegate.h */,
			);
			path = "04Prouct(运行)";
			sourceTree = "<group>";
		};
		55A9033B2111841F00A06DE5 /* 07Prouct(发布) */ = {
			isa = PBXGroup;
			children = (
				55A9033C2111841F00A06DE5 /* AppDelegate.h */,
			);
			path = "07Prouct(发布)";
			sourceTree = "<group>";
		};
		55A9033D2111841F00A06DE5 /* 01IDE辅助功能使用 */ = {
			isa = PBXGroup;
			children = (
				55A9033E2111841F00A06DE5 /* 01信息帮助文档 */,
				55A903402111841F00A06DE5 /* 02具体设置 */,
			);
			path = "01IDE辅助功能使用";
			sourceTree = "<group>";
		};
		55A9033E2111841F00A06DE5 /* 01信息帮助文档 */ = {
			isa = PBXGroup;
			children = (
				55A9033F2111841F00A06DE5 /* AppDelegate.h */,
			);
			path = "01信息帮助文档";
			sourceTree = "<group>";
		};
		55A903402111841F00A06DE5 /* 02具体设置 */ = {
			isa = PBXGroup;
			children = (
				55A903412111841F00A06DE5 /* IDE基本使用 */,
				55A9037A2111841F00A06DE5 /* AppDelegate.h */,
			);
			path = "02具体设置";
			sourceTree = "<group>";
		};
		55A903412111841F00A06DE5 /* IDE基本使用 */ = {
			isa = PBXGroup;
			children = (
				55A903422111841F00A06DE5 /* 05调试控制区 */,
				55A903442111841F00A06DE5 /* 01顶部菜单区 */,
				55A903612111841F00A06DE5 /* 03资源文件展示编辑区 */,
				55A903632111841F00A06DE5 /* 04检查器控制区 */,
				55A903652111841F00A06DE5 /* 06工具控制区 */,
				55A903672111841F00A06DE5 /* 02导航器区 */,
				55A903782111841F00A06DE5 /* 00初始化界面 */,
			);
			path = "IDE基本使用";
			sourceTree = "<group>";
		};
		55A903422111841F00A06DE5 /* 05调试控制区 */ = {
			isa = PBXGroup;
			children = (
				55A903432111841F00A06DE5 /* De.h */,
			);
			path = "05调试控制区";
			sourceTree = "<group>";
		};
		55A903442111841F00A06DE5 /* 01顶部菜单区 */ = {
			isa = PBXGroup;
			children = (
				55A903452111841F00A06DE5 /* 09Debug_调试 */,
				55A903472111841F00A06DE5 /* 04View_界面 */,
				55A903492111841F00A06DE5 /* 03Edit_编辑 */,
				55A9034B2111841F00A06DE5 /* 06Navigate_导航 */,
				55A9034D2111841F00A06DE5 /* 11Window_窗口 */,
				55A9034F2111841F00A06DE5 /* 07Editor_编辑器 */,
				55A903512111841F00A06DE5 /* 10SourceControl_版本管理 */,
				55A903532111841F00A06DE5 /* 08Product_产品 */,
				55A903552111841F00A06DE5 /* 02File_文件 */,
				55A903582111841F00A06DE5 /* 05Find_操作 */,
				55A9035A2111841F00A06DE5 /* 12Help */,
				55A9035C2111841F00A06DE5 /* 01Xcode */,
			);
			path = "01顶部菜单区";
			sourceTree = "<group>";
		};
		55A903452111841F00A06DE5 /* 09Debug_调试 */ = {
			isa = PBXGroup;
			children = (
				55A903462111841F00A06DE5 /* De.h */,
			);
			path = "09Debug_调试";
			sourceTree = "<group>";
		};
		55A903472111841F00A06DE5 /* 04View_界面 */ = {
			isa = PBXGroup;
			children = (
				55A903482111841F00A06DE5 /* De.h */,
			);
			path = "04View_界面";
			sourceTree = "<group>";
		};
		55A903492111841F00A06DE5 /* 03Edit_编辑 */ = {
			isa = PBXGroup;
			children = (
				55A9034A2111841F00A06DE5 /* De.h */,
			);
			path = "03Edit_编辑";
			sourceTree = "<group>";
		};
		55A9034B2111841F00A06DE5 /* 06Navigate_导航 */ = {
			isa = PBXGroup;
			children = (
				55A9034C2111841F00A06DE5 /* De.h */,
			);
			path = "06Navigate_导航";
			sourceTree = "<group>";
		};
		55A9034D2111841F00A06DE5 /* 11Window_窗口 */ = {
			isa = PBXGroup;
			children = (
				55A9034E2111841F00A06DE5 /* De.h */,
			);
			path = "11Window_窗口";
			sourceTree = "<group>";
		};
		55A9034F2111841F00A06DE5 /* 07Editor_编辑器 */ = {
			isa = PBXGroup;
			children = (
				55A903502111841F00A06DE5 /* De.h */,
			);
			path = "07Editor_编辑器";
			sourceTree = "<group>";
		};
		55A903512111841F00A06DE5 /* 10SourceControl_版本管理 */ = {
			isa = PBXGroup;
			children = (
				55A903522111841F00A06DE5 /* De.h */,
			);
			path = "10SourceControl_版本管理";
			sourceTree = "<group>";
		};
		55A903532111841F00A06DE5 /* 08Product_产品 */ = {
			isa = PBXGroup;
			children = (
				55A903542111841F00A06DE5 /* De.h */,
			);
			path = "08Product_产品";
			sourceTree = "<group>";
		};
		55A903552111841F00A06DE5 /* 02File_文件 */ = {
			isa = PBXGroup;
			children = (
				55A903562111841F00A06DE5 /* De.h */,
				55A903572111841F00A06DE5 /* De的副本.h */,
			);
			path = "02File_文件";
			sourceTree = "<group>";
		};
		55A903582111841F00A06DE5 /* 05Find_操作 */ = {
			isa = PBXGroup;
			children = (
				55A903592111841F00A06DE5 /* De.h */,
			);
			path = "05Find_操作";
			sourceTree = "<group>";
		};
		55A9035A2111841F00A06DE5 /* 12Help */ = {
			isa = PBXGroup;
			children = (
				55A9035B2111841F00A06DE5 /* De.h */,
			);
			path = 12Help;
			sourceTree = "<group>";
		};
		55A9035C2111841F00A06DE5 /* 01Xcode */ = {
			isa = PBXGroup;
			children = (
				55A9035D2111841F00A06DE5 /* 02DeveloprtTool(辅助工具) */,
				55A9035F2111841F00A06DE5 /* 01Preferences(偏好设置) */,
			);
			path = 01Xcode;
			sourceTree = "<group>";
		};
		55A9035D2111841F00A06DE5 /* 02DeveloprtTool(辅助工具) */ = {
			isa = PBXGroup;
			children = (
				55A9035E2111841F00A06DE5 /* De.h */,
			);
			path = "02DeveloprtTool(辅助工具)";
			sourceTree = "<group>";
		};
		55A9035F2111841F00A06DE5 /* 01Preferences(偏好设置) */ = {
			isa = PBXGroup;
			children = (
				55A903602111841F00A06DE5 /* De.h */,
			);
			path = "01Preferences(偏好设置)";
			sourceTree = "<group>";
		};
		55A903612111841F00A06DE5 /* 03资源文件展示编辑区 */ = {
			isa = PBXGroup;
			children = (
				55A903622111841F00A06DE5 /* De.h */,
			);
			path = "03资源文件展示编辑区";
			sourceTree = "<group>";
		};
		55A903632111841F00A06DE5 /* 04检查器控制区 */ = {
			isa = PBXGroup;
			children = (
				55A903642111841F00A06DE5 /* De.h */,
			);
			path = "04检查器控制区";
			sourceTree = "<group>";
		};
		55A903652111841F00A06DE5 /* 06工具控制区 */ = {
			isa = PBXGroup;
			children = (
				55A903662111841F00A06DE5 /* De.h */,
			);
			path = "06工具控制区";
			sourceTree = "<group>";
		};
		55A903672111841F00A06DE5 /* 02导航器区 */ = {
			isa = PBXGroup;
			children = (
				55A903682111841F00A06DE5 /* 03搜索导航器 */,
				55A9036A2111841F00A06DE5 /* 01项目导航器 */,
				55A9036C2111841F00A06DE5 /* 04事件导航器 */,
				55A9036E2111841F00A06DE5 /* 02符号导航器 */,
				55A903702111841F00A06DE5 /* 06调试导航器 */,
				55A903722111841F00A06DE5 /* 05测试导航器 */,
				55A903742111841F00A06DE5 /* 07断点导航器 */,
				55A903762111841F00A06DE5 /* 08日志导航器 */,
			);
			path = "02导航器区";
			sourceTree = "<group>";
		};
		55A903682111841F00A06DE5 /* 03搜索导航器 */ = {
			isa = PBXGroup;
			children = (
				55A903692111841F00A06DE5 /* De.h */,
			);
			path = "03搜索导航器";
			sourceTree = "<group>";
		};
		55A9036A2111841F00A06DE5 /* 01项目导航器 */ = {
			isa = PBXGroup;
			children = (
				55A9036B2111841F00A06DE5 /* De.h */,
			);
			path = "01项目导航器";
			sourceTree = "<group>";
		};
		55A9036C2111841F00A06DE5 /* 04事件导航器 */ = {
			isa = PBXGroup;
			children = (
				55A9036D2111841F00A06DE5 /* De.h */,
			);
			path = "04事件导航器";
			sourceTree = "<group>";
		};
		55A9036E2111841F00A06DE5 /* 02符号导航器 */ = {
			isa = PBXGroup;
			children = (
				55A9036F2111841F00A06DE5 /* De.h */,
			);
			path = "02符号导航器";
			sourceTree = "<group>";
		};
		55A903702111841F00A06DE5 /* 06调试导航器 */ = {
			isa = PBXGroup;
			children = (
				55A903712111841F00A06DE5 /* De.h */,
			);
			path = "06调试导航器";
			sourceTree = "<group>";
		};
		55A903722111841F00A06DE5 /* 05测试导航器 */ = {
			isa = PBXGroup;
			children = (
				55A903732111841F00A06DE5 /* De.h */,
			);
			path = "05测试导航器";
			sourceTree = "<group>";
		};
		55A903742111841F00A06DE5 /* 07断点导航器 */ = {
			isa = PBXGroup;
			children = (
				55A903752111841F00A06DE5 /* De.h */,
			);
			path = "07断点导航器";
			sourceTree = "<group>";
		};
		55A903762111841F00A06DE5 /* 08日志导航器 */ = {
			isa = PBXGroup;
			children = (
				55A903772111841F00A06DE5 /* De.h */,
			);
			path = "08日志导航器";
			sourceTree = "<group>";
		};
		55A903782111841F00A06DE5 /* 00初始化界面 */ = {
			isa = PBXGroup;
			children = (
				55A903792111841F00A06DE5 /* De.h */,
			);
			path = "00初始化界面";
			sourceTree = "<group>";
		};
		55A9037B2111841F00A06DE5 /* 3业务 */ = {
			isa = PBXGroup;
			children = (
				55A9037C2111841F00A06DE5 /* AppDelegate.h */,
			);
			path = "3业务";
			sourceTree = "<group>";
		};
		55A9037E2111841F00A06DE5 /* 0语言 */ = {
			isa = PBXGroup;
			children = (
			);
			path = "0语言";
			sourceTree = "<group>";
		};
		55A9037F2111841F00A06DE5 /* 2项目管理 */ = {
			isa = PBXGroup;
			children = (
				55A903802111841F00A06DE5 /* AppDelegate.h */,
				55A903812111841F00A06DE5 /* Git */,
			);
			path = "2项目管理";
			sourceTree = "<group>";
		};
		55A903812111841F00A06DE5 /* Git */ = {
			isa = PBXGroup;
			children = (
				55A903822111841F00A06DE5 /* git.h */,
				55A903832111841F00A06DE5 /* git.m */,
			);
			path = Git;
			sourceTree = "<group>";
		};
/* End PBXGroup section */

/* Begin PBXNativeTarget section */
		550979EA1FCBA93D008048E4 /* NO1 */ = {
			isa = PBXNativeTarget;
			buildConfigurationList = 55097A011FCBA93D008048E4 /* Build configuration list for PBXNativeTarget "NO1" */;
			buildPhases = (
				550979E71FCBA93D008048E4 /* Sources */,
				550979E81FCBA93D008048E4 /* Frameworks */,
				550979E91FCBA93D008048E4 /* Resources */,
			);
			buildRules = (
			);
			dependencies = (
			);
			name = NO1;
			productName = NO1;
			productReference = 550979EB1FCBA93D008048E4 /* NO1.app */;
			productType = "com.apple.product-type.application";
		};
/* End PBXNativeTarget section */

/* Begin PBXProject section */
		550979E31FCBA93D008048E4 /* Project object */ = {
			isa = PBXProject;
			attributes = {
				LastUpgradeCheck = 0910;
				ORGANIZATIONNAME = Touker;
				TargetAttributes = {
					550979EA1FCBA93D008048E4 = {
						CreatedOnToolsVersion = 9.1;
						ProvisioningStyle = Automatic;
					};
				};
			};
			buildConfigurationList = 550979E61FCBA93D008048E4 /* Build configuration list for PBXProject "NO1" */;
			compatibilityVersion = "Xcode 8.0";
			developmentRegion = en;
			hasScannedForEncodings = 0;
			knownRegions = (
				en,
				Base,
			);
			mainGroup = 550979E21FCBA93D008048E4;
			productRefGroup = 550979EC1FCBA93D008048E4 /* Products */;
			projectDirPath = "";
			projectRoot = "";
			targets = (
				550979EA1FCBA93D008048E4 /* NO1 */,
			);
		};
/* End PBXProject section */

/* Begin PBXResourcesBuildPhase section */
		550979E91FCBA93D008048E4 /* Resources */ = {
			isa = PBXResourcesBuildPhase;
			buildActionMask = 2147483647;
			files = (
			);
			runOnlyForDeploymentPostprocessing = 0;
		};
/* End PBXResourcesBuildPhase section */

/* Begin PBXSourcesBuildPhase section */
		550979E71FCBA93D008048E4 /* Sources */ = {
			isa = PBXSourcesBuildPhase;
			buildActionMask = 2147483647;
			files = (
				55A9038C2111841F00A06DE5 /* git.m in Sources */,
				55A903872111841F00A06DE5 /* 04InfoPlist.m in Sources */,
				55A903892111841F00A06DE5 /* Resource tags.m in Sources */,
				55A9038B2111841F00A06DE5 /* ViewController.m in Sources */,
				55A9038A2111841F00A06DE5 /* libaray.m in Sources */,
				55A903852111841F00A06DE5 /* target dependencies.m in Sources */,
				55A903862111841F00A06DE5 /* 0Build Setting.m in Sources */,
				55A903882111841F00A06DE5 /* 07BuildRules.m in Sources */,
				55A903842111841F00A06DE5 /* 06BuildPhases.m in Sources */,
			);
			runOnlyForDeploymentPostprocessing = 0;
		};
/* End PBXSourcesBuildPhase section */

/* Begin XCBuildConfiguration section */
		550979FF1FCBA93D008048E4 /* Debug */ = {
			isa = XCBuildConfiguration;
			buildSettings = {
				ALWAYS_SEARCH_USER_PATHS = NO;
				CLANG_ANALYZER_NONNULL = YES;
				CLANG_ANALYZER_NUMBER_OBJECT_CONVERSION = YES_AGGRESSIVE;
				CLANG_CXX_LANGUAGE_STANDARD = "gnu++14";
				CLANG_CXX_LIBRARY = "libc++";
				CLANG_ENABLE_MODULES = YES;
				CLANG_ENABLE_OBJC_ARC = YES;
				CLANG_WARN_BLOCK_CAPTURE_AUTORELEASING = YES;
				CLANG_WARN_BOOL_CONVERSION = YES;
				CLANG_WARN_COMMA = YES;
				CLANG_WARN_CONSTANT_CONVERSION = YES;
				CLANG_WARN_DIRECT_OBJC_ISA_USAGE = YES_ERROR;
				CLANG_WARN_DOCUMENTATION_COMMENTS = YES;
				CLANG_WARN_EMPTY_BODY = YES;
				CLANG_WARN_ENUM_CONVERSION = YES;
				CLANG_WARN_INFINITE_RECURSION = YES;
				CLANG_WARN_INT_CONVERSION = YES;
				CLANG_WARN_NON_LITERAL_NULL_CONVERSION = YES;
				CLANG_WARN_OBJC_LITERAL_CONVERSION = YES;
				CLANG_WARN_OBJC_ROOT_CLASS = YES_ERROR;
				CLANG_WARN_RANGE_LOOP_ANALYSIS = YES;
				CLANG_WARN_STRICT_PROTOTYPES = YES;
				CLANG_WARN_SUSPICIOUS_MOVE = YES;
				CLANG_WARN_UNGUARDED_AVAILABILITY = YES_AGGRESSIVE;
				CLANG_WARN_UNREACHABLE_CODE = YES;
				CLANG_WARN__DUPLICATE_METHOD_MATCH = YES;
				CODE_SIGN_IDENTITY = "iPhone Developer";
				COPY_PHASE_STRIP = NO;
				DEBUG_INFORMATION_FORMAT = dwarf;
				ENABLE_STRICT_OBJC_MSGSEND = YES;
				ENABLE_TESTABILITY = YES;
				GCC_C_LANGUAGE_STANDARD = gnu11;
				GCC_DYNAMIC_NO_PIC = NO;
				GCC_NO_COMMON_BLOCKS = YES;
				GCC_OPTIMIZATION_LEVEL = 0;
				GCC_PREPROCESSOR_DEFINITIONS = (
					"DEBUG=1",
					"$(inherited)",
				);
				GCC_WARN_64_TO_32_BIT_CONVERSION = YES;
				GCC_WARN_ABOUT_RETURN_TYPE = YES_ERROR;
				GCC_WARN_UNDECLARED_SELECTOR = YES;
				GCC_WARN_UNINITIALIZED_AUTOS = YES_AGGRESSIVE;
				GCC_WARN_UNUSED_FUNCTION = YES;
				GCC_WARN_UNUSED_VARIABLE = YES;
				IPHONEOS_DEPLOYMENT_TARGET = 11.1;
				MTL_ENABLE_DEBUG_INFO = YES;
				ONLY_ACTIVE_ARCH = YES;
				SDKROOT = iphoneos;
			};
			name = Debug;
		};
		55097A001FCBA93D008048E4 /* Release */ = {
			isa = XCBuildConfiguration;
			buildSettings = {
				ALWAYS_SEARCH_USER_PATHS = NO;
				CLANG_ANALYZER_NONNULL = YES;
				CLANG_ANALYZER_NUMBER_OBJECT_CONVERSION = YES_AGGRESSIVE;
				CLANG_CXX_LANGUAGE_STANDARD = "gnu++14";
				CLANG_CXX_LIBRARY = "libc++";
				CLANG_ENABLE_MODULES = YES;
				CLANG_ENABLE_OBJC_ARC = YES;
				CLANG_WARN_BLOCK_CAPTURE_AUTORELEASING = YES;
				CLANG_WARN_BOOL_CONVERSION = YES;
				CLANG_WARN_COMMA = YES;
				CLANG_WARN_CONSTANT_CONVERSION = YES;
				CLANG_WARN_DIRECT_OBJC_ISA_USAGE = YES_ERROR;
				CLANG_WARN_DOCUMENTATION_COMMENTS = YES;
				CLANG_WARN_EMPTY_BODY = YES;
				CLANG_WARN_ENUM_CONVERSION = YES;
				CLANG_WARN_INFINITE_RECURSION = YES;
				CLANG_WARN_INT_CONVERSION = YES;
				CLANG_WARN_NON_LITERAL_NULL_CONVERSION = YES;
				CLANG_WARN_OBJC_LITERAL_CONVERSION = YES;
				CLANG_WARN_OBJC_ROOT_CLASS = YES_ERROR;
				CLANG_WARN_RANGE_LOOP_ANALYSIS = YES;
				CLANG_WARN_STRICT_PROTOTYPES = YES;
				CLANG_WARN_SUSPICIOUS_MOVE = YES;
				CLANG_WARN_UNGUARDED_AVAILABILITY = YES_AGGRESSIVE;
				CLANG_WARN_UNREACHABLE_CODE = YES;
				CLANG_WARN__DUPLICATE_METHOD_MATCH = YES;
				CODE_SIGN_IDENTITY = "iPhone Developer";
				COPY_PHASE_STRIP = NO;
				DEBUG_INFORMATION_FORMAT = "dwarf-with-dsym";
				ENABLE_NS_ASSERTIONS = NO;
				ENABLE_STRICT_OBJC_MSGSEND = YES;
				GCC_C_LANGUAGE_STANDARD = gnu11;
				GCC_NO_COMMON_BLOCKS = YES;
				GCC_WARN_64_TO_32_BIT_CONVERSION = YES;
				GCC_WARN_ABOUT_RETURN_TYPE = YES_ERROR;
				GCC_WARN_UNDECLARED_SELECTOR = YES;
				GCC_WARN_UNINITIALIZED_AUTOS = YES_AGGRESSIVE;
				GCC_WARN_UNUSED_FUNCTION = YES;
				GCC_WARN_UNUSED_VARIABLE = YES;
				IPHONEOS_DEPLOYMENT_TARGET = 11.1;
				MTL_ENABLE_DEBUG_INFO = NO;
				SDKROOT = iphoneos;
				VALIDATE_PRODUCT = YES;
			};
			name = Release;
		};
		55097A021FCBA93D008048E4 /* Debug */ = {
			isa = XCBuildConfiguration;
			buildSettings = {
				ASSETCATALOG_COMPILER_APPICON_NAME = AppIcon;
				CODE_SIGN_STYLE = Automatic;
				DEVELOPMENT_TEAM = LG34P76GS7;
				INFOPLIST_FILE = NO1/Info.plist;
				LD_RUNPATH_SEARCH_PATHS = "$(inherited) @executable_path/Frameworks";
				PRODUCT_BUNDLE_IDENTIFIER = com.touker.NO1;
				PRODUCT_NAME = "$(TARGET_NAME)";
				TARGETED_DEVICE_FAMILY = "1,2";
			};
			name = Debug;
		};
		55097A031FCBA93D008048E4 /* Release */ = {
			isa = XCBuildConfiguration;
			buildSettings = {
				ASSETCATALOG_COMPILER_APPICON_NAME = AppIcon;
				CODE_SIGN_STYLE = Automatic;
				DEVELOPMENT_TEAM = LG34P76GS7;
				INFOPLIST_FILE = NO1/Info.plist;
				LD_RUNPATH_SEARCH_PATHS = "$(inherited) @executable_path/Frameworks";
				PRODUCT_BUNDLE_IDENTIFIER = com.touker.NO1;
				PRODUCT_NAME = "$(TARGET_NAME)";
				TARGETED_DEVICE_FAMILY = "1,2";
			};
			name = Release;
		};
/* End XCBuildConfiguration section */

/* Begin XCConfigurationList section */
		550979E61FCBA93D008048E4 /* Build configuration list for PBXProject "NO1" */ = {
			isa = XCConfigurationList;
			buildConfigurations = (
				550979FF1FCBA93D008048E4 /* Debug */,
				55097A001FCBA93D008048E4 /* Release */,
			);
			defaultConfigurationIsVisible = 0;
			defaultConfigurationName = Release;
		};
		55097A011FCBA93D008048E4 /* Build configuration list for PBXNativeTarget "NO1" */ = {
			isa = XCConfigurationList;
			buildConfigurations = (
				55097A021FCBA93D008048E4 /* Debug */,
				55097A031FCBA93D008048E4 /* Release */,
			);
			defaultConfigurationIsVisible = 0;
			defaultConfigurationName = Release;
		};
/* End XCConfigurationList section */
	};
	rootObject = 550979E31FCBA93D008048E4 /* Project object */;
}
